// !$*UTF8*$!
{
	archiveVersion = 1;
	classes = {
	};
	objectVersion = 46;
	objects = {

/* Begin PBXBuildFile section */
		A47162F91983BE5500A8B769 /* Foundation.framework in Frameworks */ = {isa = PBXBuildFile; fileRef = A47162F81983BE5500A8B769 /* Foundation.framework */; };
		A47162FB1983BE5500A8B769 /* CoreGraphics.framework in Frameworks */ = {isa = PBXBuildFile; fileRef = A47162FA1983BE5500A8B769 /* CoreGraphics.framework */; };
		A47162FD1983BE5500A8B769 /* UIKit.framework in Frameworks */ = {isa = PBXBuildFile; fileRef = A47162FC1983BE5500A8B769 /* UIKit.framework */; };
		A47163031983BE5500A8B769 /* InfoPlist.strings in Resources */ = {isa = PBXBuildFile; fileRef = A47163011983BE5500A8B769 /* InfoPlist.strings */; };
		A47163051983BE5500A8B769 /* main.m in Sources */ = {isa = PBXBuildFile; fileRef = A47163041983BE5500A8B769 /* main.m */; };
		A47163091983BE5500A8B769 /* HFJAppDelegate.m in Sources */ = {isa = PBXBuildFile; fileRef = A47163081983BE5500A8B769 /* HFJAppDelegate.m */; };
		A471630C1983BE5500A8B769 /* Main.storyboard in Resources */ = {isa = PBXBuildFile; fileRef = A471630A1983BE5500A8B769 /* Main.storyboard */; };
		A47163181983BE5500A8B769 /* XCTest.framework in Frameworks */ = {isa = PBXBuildFile; fileRef = A47163171983BE5500A8B769 /* XCTest.framework */; };
		A47163191983BE5500A8B769 /* Foundation.framework in Frameworks */ = {isa = PBXBuildFile; fileRef = A47162F81983BE5500A8B769 /* Foundation.framework */; };
		A471631A1983BE5500A8B769 /* UIKit.framework in Frameworks */ = {isa = PBXBuildFile; fileRef = A47162FC1983BE5500A8B769 /* UIKit.framework */; };
		A47163221983BE5500A8B769 /* InfoPlist.strings in Resources */ = {isa = PBXBuildFile; fileRef = A47163201983BE5500A8B769 /* InfoPlist.strings */; };
		A47163241983BE5500A8B769 /* _726____Tests.m in Sources */ = {isa = PBXBuildFile; fileRef = A47163231983BE5500A8B769 /* _726____Tests.m */; };
		A47163531983BF9000A8B769 /* HFJLikeTableViewController.m in Sources */ = {isa = PBXBuildFile; fileRef = A47163361983BF9000A8B769 /* HFJLikeTableViewController.m */; };
		A47163541983BF9000A8B769 /* HFJMainViewController.m in Sources */ = {isa = PBXBuildFile; fileRef = A471633C1983BF9000A8B769 /* HFJMainViewController.m */; };
		A47163551983BF9000A8B769 /* HFJMenuButtonView.m in Sources */ = {isa = PBXBuildFile; fileRef = A471633F1983BF9000A8B769 /* HFJMenuButtonView.m */; };
		A47163571983BF9000A8B769 /* UIView+NJ.m in Sources */ = {isa = PBXBuildFile; fileRef = A47163481983BF9000A8B769 /* UIView+NJ.m */; };
		A471635D1983C88300A8B769 /* Images.xcassets in Resources */ = {isa = PBXBuildFile; fileRef = A471635C1983C88300A8B769 /* Images.xcassets */; };
		A47163691984E15700A8B769 /* UIImage+OS6or7.m in Sources */ = {isa = PBXBuildFile; fileRef = A47163681984E15700A8B769 /* UIImage+OS6or7.m */; };
		A4716372198528EB00A8B769 /* HFJMainCell.m in Sources */ = {isa = PBXBuildFile; fileRef = A4716371198528EB00A8B769 /* HFJMainCell.m */; };
		A48FB39E198D1CDE004AE50C /* HFJMainTableViewController.m in Sources */ = {isa = PBXBuildFile; fileRef = A48FB39D198D1CDE004AE50C /* HFJMainTableViewController.m */; };
		A498E5A21985E40400E39B19 /* HFJNavController.m in Sources */ = {isa = PBXBuildFile; fileRef = A498E5A11985E40400E39B19 /* HFJNavController.m */; };
		A498E5A51986099200E39B19 /* UIBarButtonItem+addItem.m in Sources */ = {isa = PBXBuildFile; fileRef = A498E5A41986099200E39B19 /* UIBarButtonItem+addItem.m */; };
		A498E5C31986925B00E39B19 /* AFHTTPRequestOperation.m in Sources */ = {isa = PBXBuildFile; fileRef = A498E5AE1986925B00E39B19 /* AFHTTPRequestOperation.m */; };
		A498E5C41986925B00E39B19 /* AFHTTPRequestOperationManager.m in Sources */ = {isa = PBXBuildFile; fileRef = A498E5B01986925B00E39B19 /* AFHTTPRequestOperationManager.m */; };
		A498E5C51986925B00E39B19 /* AFHTTPSessionManager.m in Sources */ = {isa = PBXBuildFile; fileRef = A498E5B21986925B00E39B19 /* AFHTTPSessionManager.m */; };
		A498E5C61986925B00E39B19 /* AFNetworkReachabilityManager.m in Sources */ = {isa = PBXBuildFile; fileRef = A498E5B51986925B00E39B19 /* AFNetworkReachabilityManager.m */; };
		A498E5C71986925B00E39B19 /* AFSecurityPolicy.m in Sources */ = {isa = PBXBuildFile; fileRef = A498E5B71986925B00E39B19 /* AFSecurityPolicy.m */; };
		A498E5C81986925B00E39B19 /* AFURLConnectionOperation.m in Sources */ = {isa = PBXBuildFile; fileRef = A498E5B91986925B00E39B19 /* AFURLConnectionOperation.m */; };
		A498E5C91986925B00E39B19 /* AFURLRequestSerialization.m in Sources */ = {isa = PBXBuildFile; fileRef = A498E5BB1986925B00E39B19 /* AFURLRequestSerialization.m */; };
		A498E5CA1986925B00E39B19 /* AFURLResponseSerialization.m in Sources */ = {isa = PBXBuildFile; fileRef = A498E5BD1986925B00E39B19 /* AFURLResponseSerialization.m */; };
		A498E5CB1986925B00E39B19 /* AFURLSessionManager.m in Sources */ = {isa = PBXBuildFile; fileRef = A498E5BF1986925B00E39B19 /* AFURLSessionManager.m */; };
		A498E5D1198698D500E39B19 /* NSArray+Log.m in Sources */ = {isa = PBXBuildFile; fileRef = A498E5CE198698D500E39B19 /* NSArray+Log.m */; };
		A498E5D2198698D500E39B19 /* NSDictionary+Log.m in Sources */ = {isa = PBXBuildFile; fileRef = A498E5D0198698D500E39B19 /* NSDictionary+Log.m */; };
		A498FD1419888394007CD71B /* MKAnnotationView+WebCache.m in Sources */ = {isa = PBXBuildFile; fileRef = A498FCF419888394007CD71B /* MKAnnotationView+WebCache.m */; };
		A498FD1519888394007CD71B /* NSData+ImageContentType.m in Sources */ = {isa = PBXBuildFile; fileRef = A498FCF619888394007CD71B /* NSData+ImageContentType.m */; };
		A498FD1619888394007CD71B /* SDImageCache.m in Sources */ = {isa = PBXBuildFile; fileRef = A498FCF819888394007CD71B /* SDImageCache.m */; };
		A498FD1719888394007CD71B /* SDWebImageCompat.m in Sources */ = {isa = PBXBuildFile; fileRef = A498FCFA19888394007CD71B /* SDWebImageCompat.m */; };
		A498FD1819888394007CD71B /* SDWebImageDecoder.m in Sources */ = {isa = PBXBuildFile; fileRef = A498FCFC19888394007CD71B /* SDWebImageDecoder.m */; };
		A498FD1919888394007CD71B /* SDWebImageDownloader.m in Sources */ = {isa = PBXBuildFile; fileRef = A498FCFE19888394007CD71B /* SDWebImageDownloader.m */; };
		A498FD1A19888394007CD71B /* SDWebImageDownloaderOperation.m in Sources */ = {isa = PBXBuildFile; fileRef = A498FD0019888394007CD71B /* SDWebImageDownloaderOperation.m */; };
		A498FD1B19888394007CD71B /* SDWebImageManager.m in Sources */ = {isa = PBXBuildFile; fileRef = A498FD0219888394007CD71B /* SDWebImageManager.m */; };
		A498FD1C19888394007CD71B /* SDWebImagePrefetcher.m in Sources */ = {isa = PBXBuildFile; fileRef = A498FD0519888394007CD71B /* SDWebImagePrefetcher.m */; };
		A498FD1D19888394007CD71B /* UIButton+WebCache.m in Sources */ = {isa = PBXBuildFile; fileRef = A498FD0719888394007CD71B /* UIButton+WebCache.m */; };
		A498FD1E19888394007CD71B /* UIImage+GIF.m in Sources */ = {isa = PBXBuildFile; fileRef = A498FD0919888394007CD71B /* UIImage+GIF.m */; };
		A498FD1F19888394007CD71B /* UIImage+MultiFormat.m in Sources */ = {isa = PBXBuildFile; fileRef = A498FD0B19888394007CD71B /* UIImage+MultiFormat.m */; };
		A498FD2019888394007CD71B /* UIImage+WebP.m in Sources */ = {isa = PBXBuildFile; fileRef = A498FD0D19888394007CD71B /* UIImage+WebP.m */; };
		A498FD2119888394007CD71B /* UIImageView+HighlightedWebCache.m in Sources */ = {isa = PBXBuildFile; fileRef = A498FD0F19888394007CD71B /* UIImageView+HighlightedWebCache.m */; };
		A498FD2219888394007CD71B /* UIImageView+WebCache.m in Sources */ = {isa = PBXBuildFile; fileRef = A498FD1119888394007CD71B /* UIImageView+WebCache.m */; };
		A498FD2319888394007CD71B /* UIView+WebCacheOperation.m in Sources */ = {isa = PBXBuildFile; fileRef = A498FD1319888394007CD71B /* UIView+WebCacheOperation.m */; };
		A4A69B01198DD3BD003A30A2 /* libsqlite3.0.dylib in Frameworks */ = {isa = PBXBuildFile; fileRef = A4A69B00198DD3BD003A30A2 /* libsqlite3.0.dylib */; };
		A4A69B0E198DD4D1003A30A2 /* FMDatabase.m in Sources */ = {isa = PBXBuildFile; fileRef = A4A69B04198DD4D1003A30A2 /* FMDatabase.m */; };
		A4A69B0F198DD4D1003A30A2 /* FMDatabaseAdditions.m in Sources */ = {isa = PBXBuildFile; fileRef = A4A69B06198DD4D1003A30A2 /* FMDatabaseAdditions.m */; };
		A4A69B10198DD4D1003A30A2 /* FMDatabasePool.m in Sources */ = {isa = PBXBuildFile; fileRef = A4A69B08198DD4D1003A30A2 /* FMDatabasePool.m */; };
		A4A69B11198DD4D1003A30A2 /* FMDatabaseQueue.m in Sources */ = {isa = PBXBuildFile; fileRef = A4A69B0A198DD4D1003A30A2 /* FMDatabaseQueue.m */; };
		A4A69B12198DD4D1003A30A2 /* FMResultSet.m in Sources */ = {isa = PBXBuildFile; fileRef = A4A69B0D198DD4D1003A30A2 /* FMResultSet.m */; };
		A4A69B53198F60CA003A30A2 /* HFJSearchResultController.m in Sources */ = {isa = PBXBuildFile; fileRef = A4A69B3D198F60CA003A30A2 /* HFJSearchResultController.m */; };
		A4A69B54198F60CA003A30A2 /* HFJSearchTableViewController.m in Sources */ = {isa = PBXBuildFile; fileRef = A4A69B3F198F60CA003A30A2 /* HFJSearchTableViewController.m */; };
		A4A69B55198F60CA003A30A2 /* HFJSearchViewController.m in Sources */ = {isa = PBXBuildFile; fileRef = A4A69B41198F60CA003A30A2 /* HFJSearchViewController.m */; };
		A4A69B56198F60CA003A30A2 /* HFJSearchParam.m in Sources */ = {isa = PBXBuildFile; fileRef = A4A69B44198F60CA003A30A2 /* HFJSearchParam.m */; };
		A4A69B57198F60CA003A30A2 /* HFJSearchResult.m in Sources */ = {isa = PBXBuildFile; fileRef = A4A69B46198F60CA003A30A2 /* HFJSearchResult.m */; };
		A4A69B58198F60CA003A30A2 /* HFJSearchCell.m in Sources */ = {isa = PBXBuildFile; fileRef = A4A69B4A198F60CA003A30A2 /* HFJSearchCell.m */; };
		A4A69B59198F60CA003A30A2 /* HFJSearchCell.xib in Resources */ = {isa = PBXBuildFile; fileRef = A4A69B4B198F60CA003A30A2 /* HFJSearchCell.xib */; };
		A4A69B5A198F60CA003A30A2 /* HFJSearchHeadView.m in Sources */ = {isa = PBXBuildFile; fileRef = A4A69B4D198F60CA003A30A2 /* HFJSearchHeadView.m */; };
		A4A69B5B198F60CA003A30A2 /* HFJSearchHeadView.xib in Resources */ = {isa = PBXBuildFile; fileRef = A4A69B4E198F60CA003A30A2 /* HFJSearchHeadView.xib */; };
		A4A69B5C198F60CA003A30A2 /* HFJSegment.m in Sources */ = {isa = PBXBuildFile; fileRef = A4A69B50198F60CA003A30A2 /* HFJSegment.m */; };
		A4A69B5D198F60CA003A30A2 /* HFJSegmentControl.m in Sources */ = {isa = PBXBuildFile; fileRef = A4A69B52198F60CA003A30A2 /* HFJSegmentControl.m */; };
		A4A69B6A198F61AD003A30A2 /* HFJHistoryCacheTool.m in Sources */ = {isa = PBXBuildFile; fileRef = A4A69B69198F61AD003A30A2 /* HFJHistoryCacheTool.m */; };
		A4A69B6D198F6B0F003A30A2 /* HFJSearchData.m in Sources */ = {isa = PBXBuildFile; fileRef = A4A69B6C198F6B0F003A30A2 /* HFJSearchData.m */; };
		A4A69B70198F7443003A30A2 /* HFJSearchMenuTool.m in Sources */ = {isa = PBXBuildFile; fileRef = A4A69B6F198F7443003A30A2 /* HFJSearchMenuTool.m */; };
		A4AA87AB198FA6FC00D789CE /* HFJCollectMenuTool.m in Sources */ = {isa = PBXBuildFile; fileRef = A4AA87AA198FA6FC00D789CE /* HFJCollectMenuTool.m */; };
		A4AA87AE198FA72E00D789CE /* HFJHttpTool.m in Sources */ = {isa = PBXBuildFile; fileRef = A4AA87AD198FA72E00D789CE /* HFJHttpTool.m */; };
		A4AA87D61991BDE300D789CE /* HFJDishViewController.m in Sources */ = {isa = PBXBuildFile; fileRef = A4AA87C21991BDE300D789CE /* HFJDishViewController.m */; };
		A4AA87D81991BDE300D789CE /* SWTFoodMaterialModel.m in Sources */ = {isa = PBXBuildFile; fileRef = A4AA87C71991BDE300D789CE /* SWTFoodMaterialModel.m */; };
		A4AA87D91991BDE300D789CE /* SWTFrameModel.m in Sources */ = {isa = PBXBuildFile; fileRef = A4AA87C91991BDE300D789CE /* SWTFrameModel.m */; };
		A4AA87DA1991BDE300D789CE /* SWTHeaderView.m in Sources */ = {isa = PBXBuildFile; fileRef = A4AA87CC1991BDE300D789CE /* SWTHeaderView.m */; };
		A4AA87DB1991BDE300D789CE /* SWTInsetsLabel.m in Sources */ = {isa = PBXBuildFile; fileRef = A4AA87CE1991BDE300D789CE /* SWTInsetsLabel.m */; };
		A4AA87DC1991BDE300D789CE /* SWTMaterialContentView.m in Sources */ = {isa = PBXBuildFile; fileRef = A4AA87D01991BDE300D789CE /* SWTMaterialContentView.m */; };
		A4AA87DD1991BDE300D789CE /* SWTMaterialView.m in Sources */ = {isa = PBXBuildFile; fileRef = A4AA87D21991BDE300D789CE /* SWTMaterialView.m */; };
		A4AA87DE1991BDE300D789CE /* SWTMaterialView.xib in Resources */ = {isa = PBXBuildFile; fileRef = A4AA87D31991BDE300D789CE /* SWTMaterialView.xib */; };
		A4AA87E81991C1FF00D789CE /* SWTStepCell.m in Sources */ = {isa = PBXBuildFile; fileRef = A4AA87E71991C1FF00D789CE /* SWTStepCell.m */; };
		A4BF7D8E19888CE50055CA95 /* MJArgument.m in Sources */ = {isa = PBXBuildFile; fileRef = A4BF7D7C19888CE50055CA95 /* MJArgument.m */; };
		A4BF7D8F19888CE50055CA95 /* MJIvar.m in Sources */ = {isa = PBXBuildFile; fileRef = A4BF7D7F19888CE50055CA95 /* MJIvar.m */; };
		A4BF7D9019888CE50055CA95 /* MJMember.m in Sources */ = {isa = PBXBuildFile; fileRef = A4BF7D8119888CE50055CA95 /* MJMember.m */; };
		A4BF7D9119888CE50055CA95 /* MJMethod.m in Sources */ = {isa = PBXBuildFile; fileRef = A4BF7D8319888CE50055CA95 /* MJMethod.m */; };
		A4BF7D9219888CE50055CA95 /* MJType.m in Sources */ = {isa = PBXBuildFile; fileRef = A4BF7D8519888CE50055CA95 /* MJType.m */; };
		A4BF7D9319888CE50055CA95 /* MJTypeEncoding.m in Sources */ = {isa = PBXBuildFile; fileRef = A4BF7D8719888CE50055CA95 /* MJTypeEncoding.m */; };
		A4BF7D9419888CE50055CA95 /* NSObject+MJCoding.m in Sources */ = {isa = PBXBuildFile; fileRef = A4BF7D8919888CE50055CA95 /* NSObject+MJCoding.m */; };
		A4BF7D9519888CE50055CA95 /* NSObject+MJKeyValue.m in Sources */ = {isa = PBXBuildFile; fileRef = A4BF7D8B19888CE50055CA95 /* NSObject+MJKeyValue.m */; };
		A4BF7D9619888CE50055CA95 /* NSObject+MJMember.m in Sources */ = {isa = PBXBuildFile; fileRef = A4BF7D8D19888CE50055CA95 /* NSObject+MJMember.m */; };
		A4BF7DA119890D9B0055CA95 /* MBProgressHUD+NJ.m in Sources */ = {isa = PBXBuildFile; fileRef = A4BF7D9D19890D9B0055CA95 /* MBProgressHUD+NJ.m */; };
		A4BF7DA219890D9B0055CA95 /* MBProgressHUD.bundle in Resources */ = {isa = PBXBuildFile; fileRef = A4BF7D9E19890D9B0055CA95 /* MBProgressHUD.bundle */; };
		A4BF7DA319890D9B0055CA95 /* MBProgressHUD.m in Sources */ = {isa = PBXBuildFile; fileRef = A4BF7DA019890D9B0055CA95 /* MBProgressHUD.m */; };
		A4BF7DA5198925DF0055CA95 /* HFJMainCell.xib in Resources */ = {isa = PBXBuildFile; fileRef = A4BF7DA4198925DF0055CA95 /* HFJMainCell.xib */; };
		A4E7C7011991D8B4007839A8 /* CPData.m in Sources */ = {isa = PBXBuildFile; fileRef = A4E7C6FD1991D8B4007839A8 /* CPData.m */; };
		A4E7C7021991D8B4007839A8 /* CPStep.m in Sources */ = {isa = PBXBuildFile; fileRef = A4E7C6FF1991D8B4007839A8 /* CPStep.m */; };
		A4E7C70D199205EF007839A8 /* SWTFoodCategory.m in Sources */ = {isa = PBXBuildFile; fileRef = A4E7C707199205EF007839A8 /* SWTFoodCategory.m */; };
		A4E7C70E199205EF007839A8 /* SWTSortCell.m in Sources */ = {isa = PBXBuildFile; fileRef = A4E7C709199205EF007839A8 /* SWTSortCell.m */; };
		A4E7C70F199205EF007839A8 /* SWTSortCell.xib in Resources */ = {isa = PBXBuildFile; fileRef = A4E7C70A199205EF007839A8 /* SWTSortCell.xib */; };
		A4E7C710199205EF007839A8 /* SWTSortViewController.m in Sources */ = {isa = PBXBuildFile; fileRef = A4E7C70C199205EF007839A8 /* SWTSortViewController.m */; };
		A4E7C71219920615007839A8 /* plist.bundle in Resources */ = {isa = PBXBuildFile; fileRef = A4E7C71119920615007839A8 /* plist.bundle */; };
		A4E7C715199206E4007839A8 /* SWTFoodListViewController.m in Sources */ = {isa = PBXBuildFile; fileRef = A4E7C714199206E4007839A8 /* SWTFoodListViewController.m */; };
		A4E7C72719920746007839A8 /* MJRefresh.bundle in Resources */ = {isa = PBXBuildFile; fileRef = A4E7C71719920746007839A8 /* MJRefresh.bundle */; };
		A4E7C72819920746007839A8 /* MJRefreshBaseView.m in Sources */ = {isa = PBXBuildFile; fileRef = A4E7C71A19920746007839A8 /* MJRefreshBaseView.m */; };
		A4E7C72919920746007839A8 /* MJRefreshConst.m in Sources */ = {isa = PBXBuildFile; fileRef = A4E7C71C19920746007839A8 /* MJRefreshConst.m */; };
		A4E7C72A19920746007839A8 /* MJRefreshFooterView.m in Sources */ = {isa = PBXBuildFile; fileRef = A4E7C71E19920746007839A8 /* MJRefreshFooterView.m */; };
		A4E7C72B19920746007839A8 /* MJRefreshHeaderView.m in Sources */ = {isa = PBXBuildFile; fileRef = A4E7C72019920746007839A8 /* MJRefreshHeaderView.m */; };
		A4E7C72C19920746007839A8 /* UIScrollView+Extension.m in Sources */ = {isa = PBXBuildFile; fileRef = A4E7C72219920746007839A8 /* UIScrollView+Extension.m */; };
		A4E7C72D19920746007839A8 /* UIScrollView+MJRefresh.m in Sources */ = {isa = PBXBuildFile; fileRef = A4E7C72419920746007839A8 /* UIScrollView+MJRefresh.m */; };
		A4E7C72E19920746007839A8 /* UIView+Extension.m in Sources */ = {isa = PBXBuildFile; fileRef = A4E7C72619920746007839A8 /* UIView+Extension.m */; };
		A4E7C7391992136A007839A8 /* CPBestCell.m in Sources */ = {isa = PBXBuildFile; fileRef = A4E7C7381992136A007839A8 /* CPBestCell.m */; };
		A4E7C73C19921377007839A8 /* CPBestTableViewController.m in Sources */ = {isa = PBXBuildFile; fileRef = A4E7C73B19921377007839A8 /* CPBestTableViewController.m */; };
		A4E7C73E199214EC007839A8 /* allFoodPlist.plist in Resources */ = {isa = PBXBuildFile; fileRef = A4E7C73D199214EC007839A8 /* allFoodPlist.plist */; };
/* End PBXBuildFile section */

/* Begin PBXContainerItemProxy section */
		A471631B1983BE5500A8B769 /* PBXContainerItemProxy */ = {
			isa = PBXContainerItemProxy;
			containerPortal = A47162ED1983BE5500A8B769 /* Project object */;
			proxyType = 1;
			remoteGlobalIDString = A47162F41983BE5500A8B769;
			remoteInfo = "0726-小菜谱";
		};
/* End PBXContainerItemProxy section */

/* Begin PBXFileReference section */
		A47162F51983BE5500A8B769 /* 0726-小菜谱导航栏.app */ = {isa = PBXFileReference; explicitFileType = wrapper.application; includeInIndex = 0; path = "0726-小菜谱导航栏.app"; sourceTree = BUILT_PRODUCTS_DIR; };
		A47162F81983BE5500A8B769 /* Foundation.framework */ = {isa = PBXFileReference; lastKnownFileType = wrapper.framework; name = Foundation.framework; path = System/Library/Frameworks/Foundation.framework; sourceTree = SDKROOT; };
		A47162FA1983BE5500A8B769 /* CoreGraphics.framework */ = {isa = PBXFileReference; lastKnownFileType = wrapper.framework; name = CoreGraphics.framework; path = System/Library/Frameworks/CoreGraphics.framework; sourceTree = SDKROOT; };
		A47162FC1983BE5500A8B769 /* UIKit.framework */ = {isa = PBXFileReference; lastKnownFileType = wrapper.framework; name = UIKit.framework; path = System/Library/Frameworks/UIKit.framework; sourceTree = SDKROOT; };
		A47163001983BE5500A8B769 /* 0726-小菜谱导航栏-Info.plist */ = {isa = PBXFileReference; lastKnownFileType = text.plist.xml; path = "0726-小菜谱导航栏-Info.plist"; sourceTree = "<group>"; };
		A47163021983BE5500A8B769 /* en */ = {isa = PBXFileReference; lastKnownFileType = text.plist.strings; name = en; path = en.lproj/InfoPlist.strings; sourceTree = "<group>"; };
		A47163041983BE5500A8B769 /* main.m */ = {isa = PBXFileReference; lastKnownFileType = sourcecode.c.objc; path = main.m; sourceTree = "<group>"; };
		A47163061983BE5500A8B769 /* 0726-小菜谱导航栏-Prefix.pch */ = {isa = PBXFileReference; lastKnownFileType = sourcecode.c.h; path = "0726-小菜谱导航栏-Prefix.pch"; sourceTree = "<group>"; };
		A47163071983BE5500A8B769 /* HFJAppDelegate.h */ = {isa = PBXFileReference; lastKnownFileType = sourcecode.c.h; name = HFJAppDelegate.h; path = ../../HFJAppDelegate.h; sourceTree = "<group>"; };
		A47163081983BE5500A8B769 /* HFJAppDelegate.m */ = {isa = PBXFileReference; lastKnownFileType = sourcecode.c.objc; name = HFJAppDelegate.m; path = ../../HFJAppDelegate.m; sourceTree = "<group>"; };
		A471630B1983BE5500A8B769 /* Base */ = {isa = PBXFileReference; lastKnownFileType = file.storyboard; name = Base; path = Base.lproj/Main.storyboard; sourceTree = "<group>"; };
		A47163161983BE5500A8B769 /* 0726-小菜谱导航栏Tests.xctest */ = {isa = PBXFileReference; explicitFileType = wrapper.cfbundle; includeInIndex = 0; path = "0726-小菜谱导航栏Tests.xctest"; sourceTree = BUILT_PRODUCTS_DIR; };
		A47163171983BE5500A8B769 /* XCTest.framework */ = {isa = PBXFileReference; lastKnownFileType = wrapper.framework; name = XCTest.framework; path = Library/Frameworks/XCTest.framework; sourceTree = DEVELOPER_DIR; };
		A471631F1983BE5500A8B769 /* 0726-小菜谱Tests-Info.plist */ = {isa = PBXFileReference; lastKnownFileType = text.plist.xml; path = "0726-小菜谱Tests-Info.plist"; sourceTree = "<group>"; };
		A47163211983BE5500A8B769 /* en */ = {isa = PBXFileReference; lastKnownFileType = text.plist.strings; name = en; path = en.lproj/InfoPlist.strings; sourceTree = "<group>"; };
		A47163231983BE5500A8B769 /* _726____Tests.m */ = {isa = PBXFileReference; lastKnownFileType = sourcecode.c.objc; path = "_726____Tests.m"; sourceTree = "<group>"; };
		A47163351983BF9000A8B769 /* HFJLikeTableViewController.h */ = {isa = PBXFileReference; fileEncoding = 4; lastKnownFileType = sourcecode.c.h; path = HFJLikeTableViewController.h; sourceTree = "<group>"; };
		A47163361983BF9000A8B769 /* HFJLikeTableViewController.m */ = {isa = PBXFileReference; fileEncoding = 4; lastKnownFileType = sourcecode.c.objc; path = HFJLikeTableViewController.m; sourceTree = "<group>"; };
		A471633B1983BF9000A8B769 /* HFJMainViewController.h */ = {isa = PBXFileReference; fileEncoding = 4; lastKnownFileType = sourcecode.c.h; path = HFJMainViewController.h; sourceTree = "<group>"; };
		A471633C1983BF9000A8B769 /* HFJMainViewController.m */ = {isa = PBXFileReference; fileEncoding = 4; lastKnownFileType = sourcecode.c.objc; path = HFJMainViewController.m; sourceTree = "<group>"; };
		A471633E1983BF9000A8B769 /* HFJMenuButtonView.h */ = {isa = PBXFileReference; fileEncoding = 4; lastKnownFileType = sourcecode.c.h; path = HFJMenuButtonView.h; sourceTree = "<group>"; };
		A471633F1983BF9000A8B769 /* HFJMenuButtonView.m */ = {isa = PBXFileReference; fileEncoding = 4; lastKnownFileType = sourcecode.c.objc; path = HFJMenuButtonView.m; sourceTree = "<group>"; };
		A47163431983BF9000A8B769 /* Common.h */ = {isa = PBXFileReference; fileEncoding = 4; lastKnownFileType = sourcecode.c.h; path = Common.h; sourceTree = "<group>"; };
		A47163471983BF9000A8B769 /* UIView+NJ.h */ = {isa = PBXFileReference; fileEncoding = 4; lastKnownFileType = sourcecode.c.h; path = "UIView+NJ.h"; sourceTree = "<group>"; };
		A47163481983BF9000A8B769 /* UIView+NJ.m */ = {isa = PBXFileReference; fileEncoding = 4; lastKnownFileType = sourcecode.c.objc; path = "UIView+NJ.m"; sourceTree = "<group>"; };
		A471635C1983C88300A8B769 /* Images.xcassets */ = {isa = PBXFileReference; lastKnownFileType = folder.assetcatalog; path = Images.xcassets; sourceTree = "<group>"; };
		A47163671984E15700A8B769 /* UIImage+OS6or7.h */ = {isa = PBXFileReference; fileEncoding = 4; lastKnownFileType = sourcecode.c.h; path = "UIImage+OS6or7.h"; sourceTree = "<group>"; };
		A47163681984E15700A8B769 /* UIImage+OS6or7.m */ = {isa = PBXFileReference; fileEncoding = 4; lastKnownFileType = sourcecode.c.objc; path = "UIImage+OS6or7.m"; sourceTree = "<group>"; };
		A4716370198528EB00A8B769 /* HFJMainCell.h */ = {isa = PBXFileReference; fileEncoding = 4; lastKnownFileType = sourcecode.c.h; path = HFJMainCell.h; sourceTree = "<group>"; };
		A4716371198528EB00A8B769 /* HFJMainCell.m */ = {isa = PBXFileReference; fileEncoding = 4; lastKnownFileType = sourcecode.c.objc; path = HFJMainCell.m; sourceTree = "<group>"; };
		A48FB39C198D1CDE004AE50C /* HFJMainTableViewController.h */ = {isa = PBXFileReference; fileEncoding = 4; lastKnownFileType = sourcecode.c.h; path = HFJMainTableViewController.h; sourceTree = "<group>"; };
		A48FB39D198D1CDE004AE50C /* HFJMainTableViewController.m */ = {isa = PBXFileReference; fileEncoding = 4; lastKnownFileType = sourcecode.c.objc; path = HFJMainTableViewController.m; sourceTree = "<group>"; };
		A498E5A01985E40400E39B19 /* HFJNavController.h */ = {isa = PBXFileReference; fileEncoding = 4; lastKnownFileType = sourcecode.c.h; path = HFJNavController.h; sourceTree = "<group>"; };
		A498E5A11985E40400E39B19 /* HFJNavController.m */ = {isa = PBXFileReference; fileEncoding = 4; lastKnownFileType = sourcecode.c.objc; path = HFJNavController.m; sourceTree = "<group>"; };
		A498E5A31986099200E39B19 /* UIBarButtonItem+addItem.h */ = {isa = PBXFileReference; fileEncoding = 4; lastKnownFileType = sourcecode.c.h; path = "UIBarButtonItem+addItem.h"; sourceTree = "<group>"; };
		A498E5A41986099200E39B19 /* UIBarButtonItem+addItem.m */ = {isa = PBXFileReference; fileEncoding = 4; lastKnownFileType = sourcecode.c.objc; path = "UIBarButtonItem+addItem.m"; sourceTree = "<group>"; };
		A498E5AD1986925B00E39B19 /* AFHTTPRequestOperation.h */ = {isa = PBXFileReference; fileEncoding = 4; lastKnownFileType = sourcecode.c.h; path = AFHTTPRequestOperation.h; sourceTree = "<group>"; };
		A498E5AE1986925B00E39B19 /* AFHTTPRequestOperation.m */ = {isa = PBXFileReference; fileEncoding = 4; lastKnownFileType = sourcecode.c.objc; path = AFHTTPRequestOperation.m; sourceTree = "<group>"; };
		A498E5AF1986925B00E39B19 /* AFHTTPRequestOperationManager.h */ = {isa = PBXFileReference; fileEncoding = 4; lastKnownFileType = sourcecode.c.h; path = AFHTTPRequestOperationManager.h; sourceTree = "<group>"; };
		A498E5B01986925B00E39B19 /* AFHTTPRequestOperationManager.m */ = {isa = PBXFileReference; fileEncoding = 4; lastKnownFileType = sourcecode.c.objc; path = AFHTTPRequestOperationManager.m; sourceTree = "<group>"; };
		A498E5B11986925B00E39B19 /* AFHTTPSessionManager.h */ = {isa = PBXFileReference; fileEncoding = 4; lastKnownFileType = sourcecode.c.h; path = AFHTTPSessionManager.h; sourceTree = "<group>"; };
		A498E5B21986925B00E39B19 /* AFHTTPSessionManager.m */ = {isa = PBXFileReference; fileEncoding = 4; lastKnownFileType = sourcecode.c.objc; path = AFHTTPSessionManager.m; sourceTree = "<group>"; };
		A498E5B31986925B00E39B19 /* AFNetworking.h */ = {isa = PBXFileReference; fileEncoding = 4; lastKnownFileType = sourcecode.c.h; path = AFNetworking.h; sourceTree = "<group>"; };
		A498E5B41986925B00E39B19 /* AFNetworkReachabilityManager.h */ = {isa = PBXFileReference; fileEncoding = 4; lastKnownFileType = sourcecode.c.h; path = AFNetworkReachabilityManager.h; sourceTree = "<group>"; };
		A498E5B51986925B00E39B19 /* AFNetworkReachabilityManager.m */ = {isa = PBXFileReference; fileEncoding = 4; lastKnownFileType = sourcecode.c.objc; path = AFNetworkReachabilityManager.m; sourceTree = "<group>"; };
		A498E5B61986925B00E39B19 /* AFSecurityPolicy.h */ = {isa = PBXFileReference; fileEncoding = 4; lastKnownFileType = sourcecode.c.h; path = AFSecurityPolicy.h; sourceTree = "<group>"; };
		A498E5B71986925B00E39B19 /* AFSecurityPolicy.m */ = {isa = PBXFileReference; fileEncoding = 4; lastKnownFileType = sourcecode.c.objc; path = AFSecurityPolicy.m; sourceTree = "<group>"; };
		A498E5B81986925B00E39B19 /* AFURLConnectionOperation.h */ = {isa = PBXFileReference; fileEncoding = 4; lastKnownFileType = sourcecode.c.h; path = AFURLConnectionOperation.h; sourceTree = "<group>"; };
		A498E5B91986925B00E39B19 /* AFURLConnectionOperation.m */ = {isa = PBXFileReference; fileEncoding = 4; lastKnownFileType = sourcecode.c.objc; path = AFURLConnectionOperation.m; sourceTree = "<group>"; };
		A498E5BA1986925B00E39B19 /* AFURLRequestSerialization.h */ = {isa = PBXFileReference; fileEncoding = 4; lastKnownFileType = sourcecode.c.h; path = AFURLRequestSerialization.h; sourceTree = "<group>"; };
		A498E5BB1986925B00E39B19 /* AFURLRequestSerialization.m */ = {isa = PBXFileReference; fileEncoding = 4; lastKnownFileType = sourcecode.c.objc; path = AFURLRequestSerialization.m; sourceTree = "<group>"; };
		A498E5BC1986925B00E39B19 /* AFURLResponseSerialization.h */ = {isa = PBXFileReference; fileEncoding = 4; lastKnownFileType = sourcecode.c.h; path = AFURLResponseSerialization.h; sourceTree = "<group>"; };
		A498E5BD1986925B00E39B19 /* AFURLResponseSerialization.m */ = {isa = PBXFileReference; fileEncoding = 4; lastKnownFileType = sourcecode.c.objc; path = AFURLResponseSerialization.m; sourceTree = "<group>"; };
		A498E5BE1986925B00E39B19 /* AFURLSessionManager.h */ = {isa = PBXFileReference; fileEncoding = 4; lastKnownFileType = sourcecode.c.h; path = AFURLSessionManager.h; sourceTree = "<group>"; };
		A498E5BF1986925B00E39B19 /* AFURLSessionManager.m */ = {isa = PBXFileReference; fileEncoding = 4; lastKnownFileType = sourcecode.c.objc; path = AFURLSessionManager.m; sourceTree = "<group>"; };
		A498E5CD198698D500E39B19 /* NSArray+Log.h */ = {isa = PBXFileReference; fileEncoding = 4; lastKnownFileType = sourcecode.c.h; path = "NSArray+Log.h"; sourceTree = "<group>"; };
		A498E5CE198698D500E39B19 /* NSArray+Log.m */ = {isa = PBXFileReference; fileEncoding = 4; lastKnownFileType = sourcecode.c.objc; path = "NSArray+Log.m"; sourceTree = "<group>"; };
		A498E5CF198698D500E39B19 /* NSDictionary+Log.h */ = {isa = PBXFileReference; fileEncoding = 4; lastKnownFileType = sourcecode.c.h; path = "NSDictionary+Log.h"; sourceTree = "<group>"; };
		A498E5D0198698D500E39B19 /* NSDictionary+Log.m */ = {isa = PBXFileReference; fileEncoding = 4; lastKnownFileType = sourcecode.c.objc; path = "NSDictionary+Log.m"; sourceTree = "<group>"; };
		A498FCF319888394007CD71B /* MKAnnotationView+WebCache.h */ = {isa = PBXFileReference; fileEncoding = 4; lastKnownFileType = sourcecode.c.h; path = "MKAnnotationView+WebCache.h"; sourceTree = "<group>"; };
		A498FCF419888394007CD71B /* MKAnnotationView+WebCache.m */ = {isa = PBXFileReference; fileEncoding = 4; lastKnownFileType = sourcecode.c.objc; path = "MKAnnotationView+WebCache.m"; sourceTree = "<group>"; };
		A498FCF519888394007CD71B /* NSData+ImageContentType.h */ = {isa = PBXFileReference; fileEncoding = 4; lastKnownFileType = sourcecode.c.h; path = "NSData+ImageContentType.h"; sourceTree = "<group>"; };
		A498FCF619888394007CD71B /* NSData+ImageContentType.m */ = {isa = PBXFileReference; fileEncoding = 4; lastKnownFileType = sourcecode.c.objc; path = "NSData+ImageContentType.m"; sourceTree = "<group>"; };
		A498FCF719888394007CD71B /* SDImageCache.h */ = {isa = PBXFileReference; fileEncoding = 4; lastKnownFileType = sourcecode.c.h; path = SDImageCache.h; sourceTree = "<group>"; };
		A498FCF819888394007CD71B /* SDImageCache.m */ = {isa = PBXFileReference; fileEncoding = 4; lastKnownFileType = sourcecode.c.objc; path = SDImageCache.m; sourceTree = "<group>"; };
		A498FCF919888394007CD71B /* SDWebImageCompat.h */ = {isa = PBXFileReference; fileEncoding = 4; lastKnownFileType = sourcecode.c.h; path = SDWebImageCompat.h; sourceTree = "<group>"; };
		A498FCFA19888394007CD71B /* SDWebImageCompat.m */ = {isa = PBXFileReference; fileEncoding = 4; lastKnownFileType = sourcecode.c.objc; path = SDWebImageCompat.m; sourceTree = "<group>"; };
		A498FCFB19888394007CD71B /* SDWebImageDecoder.h */ = {isa = PBXFileReference; fileEncoding = 4; lastKnownFileType = sourcecode.c.h; path = SDWebImageDecoder.h; sourceTree = "<group>"; };
		A498FCFC19888394007CD71B /* SDWebImageDecoder.m */ = {isa = PBXFileReference; fileEncoding = 4; lastKnownFileType = sourcecode.c.objc; path = SDWebImageDecoder.m; sourceTree = "<group>"; };
		A498FCFD19888394007CD71B /* SDWebImageDownloader.h */ = {isa = PBXFileReference; fileEncoding = 4; lastKnownFileType = sourcecode.c.h; path = SDWebImageDownloader.h; sourceTree = "<group>"; };
		A498FCFE19888394007CD71B /* SDWebImageDownloader.m */ = {isa = PBXFileReference; fileEncoding = 4; lastKnownFileType = sourcecode.c.objc; path = SDWebImageDownloader.m; sourceTree = "<group>"; };
		A498FCFF19888394007CD71B /* SDWebImageDownloaderOperation.h */ = {isa = PBXFileReference; fileEncoding = 4; lastKnownFileType = sourcecode.c.h; path = SDWebImageDownloaderOperation.h; sourceTree = "<group>"; };
		A498FD0019888394007CD71B /* SDWebImageDownloaderOperation.m */ = {isa = PBXFileReference; fileEncoding = 4; lastKnownFileType = sourcecode.c.objc; path = SDWebImageDownloaderOperation.m; sourceTree = "<group>"; };
		A498FD0119888394007CD71B /* SDWebImageManager.h */ = {isa = PBXFileReference; fileEncoding = 4; lastKnownFileType = sourcecode.c.h; path = SDWebImageManager.h; sourceTree = "<group>"; };
		A498FD0219888394007CD71B /* SDWebImageManager.m */ = {isa = PBXFileReference; fileEncoding = 4; lastKnownFileType = sourcecode.c.objc; path = SDWebImageManager.m; sourceTree = "<group>"; };
		A498FD0319888394007CD71B /* SDWebImageOperation.h */ = {isa = PBXFileReference; fileEncoding = 4; lastKnownFileType = sourcecode.c.h; path = SDWebImageOperation.h; sourceTree = "<group>"; };
		A498FD0419888394007CD71B /* SDWebImagePrefetcher.h */ = {isa = PBXFileReference; fileEncoding = 4; lastKnownFileType = sourcecode.c.h; path = SDWebImagePrefetcher.h; sourceTree = "<group>"; };
		A498FD0519888394007CD71B /* SDWebImagePrefetcher.m */ = {isa = PBXFileReference; fileEncoding = 4; lastKnownFileType = sourcecode.c.objc; path = SDWebImagePrefetcher.m; sourceTree = "<group>"; };
		A498FD0619888394007CD71B /* UIButton+WebCache.h */ = {isa = PBXFileReference; fileEncoding = 4; lastKnownFileType = sourcecode.c.h; path = "UIButton+WebCache.h"; sourceTree = "<group>"; };
		A498FD0719888394007CD71B /* UIButton+WebCache.m */ = {isa = PBXFileReference; fileEncoding = 4; lastKnownFileType = sourcecode.c.objc; path = "UIButton+WebCache.m"; sourceTree = "<group>"; };
		A498FD0819888394007CD71B /* UIImage+GIF.h */ = {isa = PBXFileReference; fileEncoding = 4; lastKnownFileType = sourcecode.c.h; path = "UIImage+GIF.h"; sourceTree = "<group>"; };
		A498FD0919888394007CD71B /* UIImage+GIF.m */ = {isa = PBXFileReference; fileEncoding = 4; lastKnownFileType = sourcecode.c.objc; path = "UIImage+GIF.m"; sourceTree = "<group>"; };
		A498FD0A19888394007CD71B /* UIImage+MultiFormat.h */ = {isa = PBXFileReference; fileEncoding = 4; lastKnownFileType = sourcecode.c.h; path = "UIImage+MultiFormat.h"; sourceTree = "<group>"; };
		A498FD0B19888394007CD71B /* UIImage+MultiFormat.m */ = {isa = PBXFileReference; fileEncoding = 4; lastKnownFileType = sourcecode.c.objc; path = "UIImage+MultiFormat.m"; sourceTree = "<group>"; };
		A498FD0C19888394007CD71B /* UIImage+WebP.h */ = {isa = PBXFileReference; fileEncoding = 4; lastKnownFileType = sourcecode.c.h; path = "UIImage+WebP.h"; sourceTree = "<group>"; };
		A498FD0D19888394007CD71B /* UIImage+WebP.m */ = {isa = PBXFileReference; fileEncoding = 4; lastKnownFileType = sourcecode.c.objc; path = "UIImage+WebP.m"; sourceTree = "<group>"; };
		A498FD0E19888394007CD71B /* UIImageView+HighlightedWebCache.h */ = {isa = PBXFileReference; fileEncoding = 4; lastKnownFileType = sourcecode.c.h; path = "UIImageView+HighlightedWebCache.h"; sourceTree = "<group>"; };
		A498FD0F19888394007CD71B /* UIImageView+HighlightedWebCache.m */ = {isa = PBXFileReference; fileEncoding = 4; lastKnownFileType = sourcecode.c.objc; path = "UIImageView+HighlightedWebCache.m"; sourceTree = "<group>"; };
		A498FD1019888394007CD71B /* UIImageView+WebCache.h */ = {isa = PBXFileReference; fileEncoding = 4; lastKnownFileType = sourcecode.c.h; path = "UIImageView+WebCache.h"; sourceTree = "<group>"; };
		A498FD1119888394007CD71B /* UIImageView+WebCache.m */ = {isa = PBXFileReference; fileEncoding = 4; lastKnownFileType = sourcecode.c.objc; path = "UIImageView+WebCache.m"; sourceTree = "<group>"; };
		A498FD1219888394007CD71B /* UIView+WebCacheOperation.h */ = {isa = PBXFileReference; fileEncoding = 4; lastKnownFileType = sourcecode.c.h; path = "UIView+WebCacheOperation.h"; sourceTree = "<group>"; };
		A498FD1319888394007CD71B /* UIView+WebCacheOperation.m */ = {isa = PBXFileReference; fileEncoding = 4; lastKnownFileType = sourcecode.c.objc; path = "UIView+WebCacheOperation.m"; sourceTree = "<group>"; };
		A4A69B00198DD3BD003A30A2 /* libsqlite3.0.dylib */ = {isa = PBXFileReference; lastKnownFileType = "compiled.mach-o.dylib"; name = libsqlite3.0.dylib; path = usr/lib/libsqlite3.0.dylib; sourceTree = SDKROOT; };
		A4A69B03198DD4D1003A30A2 /* FMDatabase.h */ = {isa = PBXFileReference; fileEncoding = 4; lastKnownFileType = sourcecode.c.h; path = FMDatabase.h; sourceTree = "<group>"; };
		A4A69B04198DD4D1003A30A2 /* FMDatabase.m */ = {isa = PBXFileReference; fileEncoding = 4; lastKnownFileType = sourcecode.c.objc; path = FMDatabase.m; sourceTree = "<group>"; };
		A4A69B05198DD4D1003A30A2 /* FMDatabaseAdditions.h */ = {isa = PBXFileReference; fileEncoding = 4; lastKnownFileType = sourcecode.c.h; path = FMDatabaseAdditions.h; sourceTree = "<group>"; };
		A4A69B06198DD4D1003A30A2 /* FMDatabaseAdditions.m */ = {isa = PBXFileReference; fileEncoding = 4; lastKnownFileType = sourcecode.c.objc; path = FMDatabaseAdditions.m; sourceTree = "<group>"; };
		A4A69B07198DD4D1003A30A2 /* FMDatabasePool.h */ = {isa = PBXFileReference; fileEncoding = 4; lastKnownFileType = sourcecode.c.h; path = FMDatabasePool.h; sourceTree = "<group>"; };
		A4A69B08198DD4D1003A30A2 /* FMDatabasePool.m */ = {isa = PBXFileReference; fileEncoding = 4; lastKnownFileType = sourcecode.c.objc; path = FMDatabasePool.m; sourceTree = "<group>"; };
		A4A69B09198DD4D1003A30A2 /* FMDatabaseQueue.h */ = {isa = PBXFileReference; fileEncoding = 4; lastKnownFileType = sourcecode.c.h; path = FMDatabaseQueue.h; sourceTree = "<group>"; };
		A4A69B0A198DD4D1003A30A2 /* FMDatabaseQueue.m */ = {isa = PBXFileReference; fileEncoding = 4; lastKnownFileType = sourcecode.c.objc; path = FMDatabaseQueue.m; sourceTree = "<group>"; };
		A4A69B0B198DD4D1003A30A2 /* FMDB.h */ = {isa = PBXFileReference; fileEncoding = 4; lastKnownFileType = sourcecode.c.h; path = FMDB.h; sourceTree = "<group>"; };
		A4A69B0C198DD4D1003A30A2 /* FMResultSet.h */ = {isa = PBXFileReference; fileEncoding = 4; lastKnownFileType = sourcecode.c.h; path = FMResultSet.h; sourceTree = "<group>"; };
		A4A69B0D198DD4D1003A30A2 /* FMResultSet.m */ = {isa = PBXFileReference; fileEncoding = 4; lastKnownFileType = sourcecode.c.objc; path = FMResultSet.m; sourceTree = "<group>"; };
		A4A69B3C198F60CA003A30A2 /* HFJSearchResultController.h */ = {isa = PBXFileReference; fileEncoding = 4; lastKnownFileType = sourcecode.c.h; path = HFJSearchResultController.h; sourceTree = "<group>"; };
		A4A69B3D198F60CA003A30A2 /* HFJSearchResultController.m */ = {isa = PBXFileReference; fileEncoding = 4; lastKnownFileType = sourcecode.c.objc; path = HFJSearchResultController.m; sourceTree = "<group>"; };
		A4A69B3E198F60CA003A30A2 /* HFJSearchTableViewController.h */ = {isa = PBXFileReference; fileEncoding = 4; lastKnownFileType = sourcecode.c.h; path = HFJSearchTableViewController.h; sourceTree = "<group>"; };
		A4A69B3F198F60CA003A30A2 /* HFJSearchTableViewController.m */ = {isa = PBXFileReference; fileEncoding = 4; lastKnownFileType = sourcecode.c.objc; path = HFJSearchTableViewController.m; sourceTree = "<group>"; };
		A4A69B40198F60CA003A30A2 /* HFJSearchViewController.h */ = {isa = PBXFileReference; fileEncoding = 4; lastKnownFileType = sourcecode.c.h; path = HFJSearchViewController.h; sourceTree = "<group>"; };
		A4A69B41198F60CA003A30A2 /* HFJSearchViewController.m */ = {isa = PBXFileReference; fileEncoding = 4; lastKnownFileType = sourcecode.c.objc; path = HFJSearchViewController.m; sourceTree = "<group>"; };
		A4A69B43198F60CA003A30A2 /* HFJSearchParam.h */ = {isa = PBXFileReference; fileEncoding = 4; lastKnownFileType = sourcecode.c.h; path = HFJSearchParam.h; sourceTree = "<group>"; };
		A4A69B44198F60CA003A30A2 /* HFJSearchParam.m */ = {isa = PBXFileReference; fileEncoding = 4; lastKnownFileType = sourcecode.c.objc; path = HFJSearchParam.m; sourceTree = "<group>"; };
		A4A69B45198F60CA003A30A2 /* HFJSearchResult.h */ = {isa = PBXFileReference; fileEncoding = 4; lastKnownFileType = sourcecode.c.h; path = HFJSearchResult.h; sourceTree = "<group>"; };
		A4A69B46198F60CA003A30A2 /* HFJSearchResult.m */ = {isa = PBXFileReference; fileEncoding = 4; lastKnownFileType = sourcecode.c.objc; path = HFJSearchResult.m; sourceTree = "<group>"; };
		A4A69B49198F60CA003A30A2 /* HFJSearchCell.h */ = {isa = PBXFileReference; fileEncoding = 4; lastKnownFileType = sourcecode.c.h; path = HFJSearchCell.h; sourceTree = "<group>"; };
		A4A69B4A198F60CA003A30A2 /* HFJSearchCell.m */ = {isa = PBXFileReference; fileEncoding = 4; lastKnownFileType = sourcecode.c.objc; path = HFJSearchCell.m; sourceTree = "<group>"; };
		A4A69B4B198F60CA003A30A2 /* HFJSearchCell.xib */ = {isa = PBXFileReference; fileEncoding = 4; lastKnownFileType = file.xib; path = HFJSearchCell.xib; sourceTree = "<group>"; };
		A4A69B4C198F60CA003A30A2 /* HFJSearchHeadView.h */ = {isa = PBXFileReference; fileEncoding = 4; lastKnownFileType = sourcecode.c.h; path = HFJSearchHeadView.h; sourceTree = "<group>"; };
		A4A69B4D198F60CA003A30A2 /* HFJSearchHeadView.m */ = {isa = PBXFileReference; fileEncoding = 4; lastKnownFileType = sourcecode.c.objc; path = HFJSearchHeadView.m; sourceTree = "<group>"; };
		A4A69B4E198F60CA003A30A2 /* HFJSearchHeadView.xib */ = {isa = PBXFileReference; fileEncoding = 4; lastKnownFileType = file.xib; path = HFJSearchHeadView.xib; sourceTree = "<group>"; };
		A4A69B4F198F60CA003A30A2 /* HFJSegment.h */ = {isa = PBXFileReference; fileEncoding = 4; lastKnownFileType = sourcecode.c.h; path = HFJSegment.h; sourceTree = "<group>"; };
		A4A69B50198F60CA003A30A2 /* HFJSegment.m */ = {isa = PBXFileReference; fileEncoding = 4; lastKnownFileType = sourcecode.c.objc; path = HFJSegment.m; sourceTree = "<group>"; };
		A4A69B51198F60CA003A30A2 /* HFJSegmentControl.h */ = {isa = PBXFileReference; fileEncoding = 4; lastKnownFileType = sourcecode.c.h; path = HFJSegmentControl.h; sourceTree = "<group>"; };
		A4A69B52198F60CA003A30A2 /* HFJSegmentControl.m */ = {isa = PBXFileReference; fileEncoding = 4; lastKnownFileType = sourcecode.c.objc; path = HFJSegmentControl.m; sourceTree = "<group>"; };
		A4A69B68198F61AD003A30A2 /* HFJHistoryCacheTool.h */ = {isa = PBXFileReference; fileEncoding = 4; lastKnownFileType = sourcecode.c.h; path = HFJHistoryCacheTool.h; sourceTree = "<group>"; };
		A4A69B69198F61AD003A30A2 /* HFJHistoryCacheTool.m */ = {isa = PBXFileReference; fileEncoding = 4; lastKnownFileType = sourcecode.c.objc; path = HFJHistoryCacheTool.m; sourceTree = "<group>"; };
		A4A69B6B198F6B0F003A30A2 /* HFJSearchData.h */ = {isa = PBXFileReference; fileEncoding = 4; lastKnownFileType = sourcecode.c.h; path = HFJSearchData.h; sourceTree = "<group>"; };
		A4A69B6C198F6B0F003A30A2 /* HFJSearchData.m */ = {isa = PBXFileReference; fileEncoding = 4; lastKnownFileType = sourcecode.c.objc; path = HFJSearchData.m; sourceTree = "<group>"; };
		A4A69B6E198F7443003A30A2 /* HFJSearchMenuTool.h */ = {isa = PBXFileReference; fileEncoding = 4; lastKnownFileType = sourcecode.c.h; path = HFJSearchMenuTool.h; sourceTree = "<group>"; };
		A4A69B6F198F7443003A30A2 /* HFJSearchMenuTool.m */ = {isa = PBXFileReference; fileEncoding = 4; lastKnownFileType = sourcecode.c.objc; path = HFJSearchMenuTool.m; sourceTree = "<group>"; };
		A4AA87A9198FA6FC00D789CE /* HFJCollectMenuTool.h */ = {isa = PBXFileReference; fileEncoding = 4; lastKnownFileType = sourcecode.c.h; path = HFJCollectMenuTool.h; sourceTree = "<group>"; };
		A4AA87AA198FA6FC00D789CE /* HFJCollectMenuTool.m */ = {isa = PBXFileReference; fileEncoding = 4; lastKnownFileType = sourcecode.c.objc; path = HFJCollectMenuTool.m; sourceTree = "<group>"; };
		A4AA87AC198FA72E00D789CE /* HFJHttpTool.h */ = {isa = PBXFileReference; fileEncoding = 4; lastKnownFileType = sourcecode.c.h; path = HFJHttpTool.h; sourceTree = "<group>"; };
		A4AA87AD198FA72E00D789CE /* HFJHttpTool.m */ = {isa = PBXFileReference; fileEncoding = 4; lastKnownFileType = sourcecode.c.objc; path = HFJHttpTool.m; sourceTree = "<group>"; };
		A4AA87AF1991148300D789CE /* zh-Hans */ = {isa = PBXFileReference; lastKnownFileType = text.plist.strings; name = "zh-Hans"; path = "zh-Hans.lproj/Main.strings"; sourceTree = "<group>"; };
		A4AA87B01991148300D789CE /* zh-Hans */ = {isa = PBXFileReference; lastKnownFileType = text.plist.strings; name = "zh-Hans"; path = "zh-Hans.lproj/InfoPlist.strings"; sourceTree = "<group>"; };
		A4AA87B11991148300D789CE /* zh-Hans */ = {isa = PBXFileReference; lastKnownFileType = text.plist.strings; name = "zh-Hans"; path = "zh-Hans.lproj/InfoPlist.strings"; sourceTree = "<group>"; };
		A4AA87C11991BDE300D789CE /* HFJDishViewController.h */ = {isa = PBXFileReference; fileEncoding = 4; lastKnownFileType = sourcecode.c.h; path = HFJDishViewController.h; sourceTree = "<group>"; };
		A4AA87C21991BDE300D789CE /* HFJDishViewController.m */ = {isa = PBXFileReference; fileEncoding = 4; lastKnownFileType = sourcecode.c.objc; path = HFJDishViewController.m; sourceTree = "<group>"; };
		A4AA87C61991BDE300D789CE /* SWTFoodMaterialModel.h */ = {isa = PBXFileReference; fileEncoding = 4; lastKnownFileType = sourcecode.c.h; path = SWTFoodMaterialModel.h; sourceTree = "<group>"; };
		A4AA87C71991BDE300D789CE /* SWTFoodMaterialModel.m */ = {isa = PBXFileReference; fileEncoding = 4; lastKnownFileType = sourcecode.c.objc; path = SWTFoodMaterialModel.m; sourceTree = "<group>"; };
		A4AA87C81991BDE300D789CE /* SWTFrameModel.h */ = {isa = PBXFileReference; fileEncoding = 4; lastKnownFileType = sourcecode.c.h; path = SWTFrameModel.h; sourceTree = "<group>"; };
		A4AA87C91991BDE300D789CE /* SWTFrameModel.m */ = {isa = PBXFileReference; fileEncoding = 4; lastKnownFileType = sourcecode.c.objc; path = SWTFrameModel.m; sourceTree = "<group>"; };
		A4AA87CB1991BDE300D789CE /* SWTHeaderView.h */ = {isa = PBXFileReference; fileEncoding = 4; lastKnownFileType = sourcecode.c.h; path = SWTHeaderView.h; sourceTree = "<group>"; };
		A4AA87CC1991BDE300D789CE /* SWTHeaderView.m */ = {isa = PBXFileReference; fileEncoding = 4; lastKnownFileType = sourcecode.c.objc; path = SWTHeaderView.m; sourceTree = "<group>"; };
		A4AA87CD1991BDE300D789CE /* SWTInsetsLabel.h */ = {isa = PBXFileReference; fileEncoding = 4; lastKnownFileType = sourcecode.c.h; path = SWTInsetsLabel.h; sourceTree = "<group>"; };
		A4AA87CE1991BDE300D789CE /* SWTInsetsLabel.m */ = {isa = PBXFileReference; fileEncoding = 4; lastKnownFileType = sourcecode.c.objc; path = SWTInsetsLabel.m; sourceTree = "<group>"; };
		A4AA87CF1991BDE300D789CE /* SWTMaterialContentView.h */ = {isa = PBXFileReference; fileEncoding = 4; lastKnownFileType = sourcecode.c.h; path = SWTMaterialContentView.h; sourceTree = "<group>"; };
		A4AA87D01991BDE300D789CE /* SWTMaterialContentView.m */ = {isa = PBXFileReference; fileEncoding = 4; lastKnownFileType = sourcecode.c.objc; path = SWTMaterialContentView.m; sourceTree = "<group>"; };
		A4AA87D11991BDE300D789CE /* SWTMaterialView.h */ = {isa = PBXFileReference; fileEncoding = 4; lastKnownFileType = sourcecode.c.h; path = SWTMaterialView.h; sourceTree = "<group>"; };
		A4AA87D21991BDE300D789CE /* SWTMaterialView.m */ = {isa = PBXFileReference; fileEncoding = 4; lastKnownFileType = sourcecode.c.objc; path = SWTMaterialView.m; sourceTree = "<group>"; };
		A4AA87D31991BDE300D789CE /* SWTMaterialView.xib */ = {isa = PBXFileReference; fileEncoding = 4; lastKnownFileType = file.xib; path = SWTMaterialView.xib; sourceTree = "<group>"; };
		A4AA87E61991C1FF00D789CE /* SWTStepCell.h */ = {isa = PBXFileReference; fileEncoding = 4; lastKnownFileType = sourcecode.c.h; path = SWTStepCell.h; sourceTree = "<group>"; };
		A4AA87E71991C1FF00D789CE /* SWTStepCell.m */ = {isa = PBXFileReference; fileEncoding = 4; lastKnownFileType = sourcecode.c.objc; path = SWTStepCell.m; sourceTree = "<group>"; };
		A4BF7D7B19888CE50055CA95 /* MJArgument.h */ = {isa = PBXFileReference; fileEncoding = 4; lastKnownFileType = sourcecode.c.h; path = MJArgument.h; sourceTree = "<group>"; };
		A4BF7D7C19888CE50055CA95 /* MJArgument.m */ = {isa = PBXFileReference; fileEncoding = 4; lastKnownFileType = sourcecode.c.objc; path = MJArgument.m; sourceTree = "<group>"; };
		A4BF7D7D19888CE50055CA95 /* MJExtension.h */ = {isa = PBXFileReference; fileEncoding = 4; lastKnownFileType = sourcecode.c.h; path = MJExtension.h; sourceTree = "<group>"; };
		A4BF7D7E19888CE50055CA95 /* MJIvar.h */ = {isa = PBXFileReference; fileEncoding = 4; lastKnownFileType = sourcecode.c.h; path = MJIvar.h; sourceTree = "<group>"; };
		A4BF7D7F19888CE50055CA95 /* MJIvar.m */ = {isa = PBXFileReference; fileEncoding = 4; lastKnownFileType = sourcecode.c.objc; path = MJIvar.m; sourceTree = "<group>"; };
		A4BF7D8019888CE50055CA95 /* MJMember.h */ = {isa = PBXFileReference; fileEncoding = 4; lastKnownFileType = sourcecode.c.h; path = MJMember.h; sourceTree = "<group>"; };
		A4BF7D8119888CE50055CA95 /* MJMember.m */ = {isa = PBXFileReference; fileEncoding = 4; lastKnownFileType = sourcecode.c.objc; path = MJMember.m; sourceTree = "<group>"; };
		A4BF7D8219888CE50055CA95 /* MJMethod.h */ = {isa = PBXFileReference; fileEncoding = 4; lastKnownFileType = sourcecode.c.h; path = MJMethod.h; sourceTree = "<group>"; };
		A4BF7D8319888CE50055CA95 /* MJMethod.m */ = {isa = PBXFileReference; fileEncoding = 4; lastKnownFileType = sourcecode.c.objc; path = MJMethod.m; sourceTree = "<group>"; };
		A4BF7D8419888CE50055CA95 /* MJType.h */ = {isa = PBXFileReference; fileEncoding = 4; lastKnownFileType = sourcecode.c.h; path = MJType.h; sourceTree = "<group>"; };
		A4BF7D8519888CE50055CA95 /* MJType.m */ = {isa = PBXFileReference; fileEncoding = 4; lastKnownFileType = sourcecode.c.objc; path = MJType.m; sourceTree = "<group>"; };
		A4BF7D8619888CE50055CA95 /* MJTypeEncoding.h */ = {isa = PBXFileReference; fileEncoding = 4; lastKnownFileType = sourcecode.c.h; path = MJTypeEncoding.h; sourceTree = "<group>"; };
		A4BF7D8719888CE50055CA95 /* MJTypeEncoding.m */ = {isa = PBXFileReference; fileEncoding = 4; lastKnownFileType = sourcecode.c.objc; path = MJTypeEncoding.m; sourceTree = "<group>"; };
		A4BF7D8819888CE50055CA95 /* NSObject+MJCoding.h */ = {isa = PBXFileReference; fileEncoding = 4; lastKnownFileType = sourcecode.c.h; path = "NSObject+MJCoding.h"; sourceTree = "<group>"; };
		A4BF7D8919888CE50055CA95 /* NSObject+MJCoding.m */ = {isa = PBXFileReference; fileEncoding = 4; lastKnownFileType = sourcecode.c.objc; path = "NSObject+MJCoding.m"; sourceTree = "<group>"; };
		A4BF7D8A19888CE50055CA95 /* NSObject+MJKeyValue.h */ = {isa = PBXFileReference; fileEncoding = 4; lastKnownFileType = sourcecode.c.h; path = "NSObject+MJKeyValue.h"; sourceTree = "<group>"; };
		A4BF7D8B19888CE50055CA95 /* NSObject+MJKeyValue.m */ = {isa = PBXFileReference; fileEncoding = 4; lastKnownFileType = sourcecode.c.objc; path = "NSObject+MJKeyValue.m"; sourceTree = "<group>"; };
		A4BF7D8C19888CE50055CA95 /* NSObject+MJMember.h */ = {isa = PBXFileReference; fileEncoding = 4; lastKnownFileType = sourcecode.c.h; path = "NSObject+MJMember.h"; sourceTree = "<group>"; };
		A4BF7D8D19888CE50055CA95 /* NSObject+MJMember.m */ = {isa = PBXFileReference; fileEncoding = 4; lastKnownFileType = sourcecode.c.objc; path = "NSObject+MJMember.m"; sourceTree = "<group>"; };
		A4BF7D9C19890D9B0055CA95 /* MBProgressHUD+NJ.h */ = {isa = PBXFileReference; fileEncoding = 4; lastKnownFileType = sourcecode.c.h; path = "MBProgressHUD+NJ.h"; sourceTree = "<group>"; };
		A4BF7D9D19890D9B0055CA95 /* MBProgressHUD+NJ.m */ = {isa = PBXFileReference; fileEncoding = 4; lastKnownFileType = sourcecode.c.objc; path = "MBProgressHUD+NJ.m"; sourceTree = "<group>"; };
		A4BF7D9E19890D9B0055CA95 /* MBProgressHUD.bundle */ = {isa = PBXFileReference; lastKnownFileType = "wrapper.plug-in"; path = MBProgressHUD.bundle; sourceTree = "<group>"; };
		A4BF7D9F19890D9B0055CA95 /* MBProgressHUD.h */ = {isa = PBXFileReference; fileEncoding = 4; lastKnownFileType = sourcecode.c.h; path = MBProgressHUD.h; sourceTree = "<group>"; };
		A4BF7DA019890D9B0055CA95 /* MBProgressHUD.m */ = {isa = PBXFileReference; fileEncoding = 4; lastKnownFileType = sourcecode.c.objc; path = MBProgressHUD.m; sourceTree = "<group>"; };
		A4BF7DA4198925DF0055CA95 /* HFJMainCell.xib */ = {isa = PBXFileReference; fileEncoding = 4; lastKnownFileType = file.xib; path = HFJMainCell.xib; sourceTree = "<group>"; };
		A4E7C6FC1991D8B4007839A8 /* CPData.h */ = {isa = PBXFileReference; fileEncoding = 4; lastKnownFileType = sourcecode.c.h; path = CPData.h; sourceTree = "<group>"; };
		A4E7C6FD1991D8B4007839A8 /* CPData.m */ = {isa = PBXFileReference; fileEncoding = 4; lastKnownFileType = sourcecode.c.objc; path = CPData.m; sourceTree = "<group>"; };
		A4E7C6FE1991D8B4007839A8 /* CPStep.h */ = {isa = PBXFileReference; fileEncoding = 4; lastKnownFileType = sourcecode.c.h; path = CPStep.h; sourceTree = "<group>"; };
		A4E7C6FF1991D8B4007839A8 /* CPStep.m */ = {isa = PBXFileReference; fileEncoding = 4; lastKnownFileType = sourcecode.c.objc; path = CPStep.m; sourceTree = "<group>"; };
		A4E7C706199205EF007839A8 /* SWTFoodCategory.h */ = {isa = PBXFileReference; fileEncoding = 4; lastKnownFileType = sourcecode.c.h; path = SWTFoodCategory.h; sourceTree = "<group>"; };
		A4E7C707199205EF007839A8 /* SWTFoodCategory.m */ = {isa = PBXFileReference; fileEncoding = 4; lastKnownFileType = sourcecode.c.objc; path = SWTFoodCategory.m; sourceTree = "<group>"; };
		A4E7C708199205EF007839A8 /* SWTSortCell.h */ = {isa = PBXFileReference; fileEncoding = 4; lastKnownFileType = sourcecode.c.h; name = SWTSortCell.h; path = ../Model/SWTSortCell.h; sourceTree = "<group>"; };
		A4E7C709199205EF007839A8 /* SWTSortCell.m */ = {isa = PBXFileReference; fileEncoding = 4; lastKnownFileType = sourcecode.c.objc; name = SWTSortCell.m; path = ../Model/SWTSortCell.m; sourceTree = "<group>"; };
		A4E7C70A199205EF007839A8 /* SWTSortCell.xib */ = {isa = PBXFileReference; fileEncoding = 4; lastKnownFileType = file.xib; name = SWTSortCell.xib; path = ../Model/SWTSortCell.xib; sourceTree = "<group>"; };
		A4E7C70B199205EF007839A8 /* SWTSortViewController.h */ = {isa = PBXFileReference; fileEncoding = 4; lastKnownFileType = sourcecode.c.h; name = SWTSortViewController.h; path = ../Model/SWTSortViewController.h; sourceTree = "<group>"; };
		A4E7C70C199205EF007839A8 /* SWTSortViewController.m */ = {isa = PBXFileReference; fileEncoding = 4; lastKnownFileType = sourcecode.c.objc; name = SWTSortViewController.m; path = ../Model/SWTSortViewController.m; sourceTree = "<group>"; };
		A4E7C71119920615007839A8 /* plist.bundle */ = {isa = PBXFileReference; lastKnownFileType = "wrapper.plug-in"; path = plist.bundle; sourceTree = "<group>"; };
		A4E7C713199206E4007839A8 /* SWTFoodListViewController.h */ = {isa = PBXFileReference; fileEncoding = 4; lastKnownFileType = sourcecode.c.h; name = SWTFoodListViewController.h; path = ../Model/SWTFoodListViewController.h; sourceTree = "<group>"; };
		A4E7C714199206E4007839A8 /* SWTFoodListViewController.m */ = {isa = PBXFileReference; fileEncoding = 4; lastKnownFileType = sourcecode.c.objc; name = SWTFoodListViewController.m; path = ../Model/SWTFoodListViewController.m; sourceTree = "<group>"; };
		A4E7C71719920746007839A8 /* MJRefresh.bundle */ = {isa = PBXFileReference; lastKnownFileType = "wrapper.plug-in"; path = MJRefresh.bundle; sourceTree = "<group>"; };
		A4E7C71819920746007839A8 /* MJRefresh.h */ = {isa = PBXFileReference; fileEncoding = 4; lastKnownFileType = sourcecode.c.h; path = MJRefresh.h; sourceTree = "<group>"; };
		A4E7C71919920746007839A8 /* MJRefreshBaseView.h */ = {isa = PBXFileReference; fileEncoding = 4; lastKnownFileType = sourcecode.c.h; path = MJRefreshBaseView.h; sourceTree = "<group>"; };
		A4E7C71A19920746007839A8 /* MJRefreshBaseView.m */ = {isa = PBXFileReference; fileEncoding = 4; lastKnownFileType = sourcecode.c.objc; path = MJRefreshBaseView.m; sourceTree = "<group>"; };
		A4E7C71B19920746007839A8 /* MJRefreshConst.h */ = {isa = PBXFileReference; fileEncoding = 4; lastKnownFileType = sourcecode.c.h; path = MJRefreshConst.h; sourceTree = "<group>"; };
		A4E7C71C19920746007839A8 /* MJRefreshConst.m */ = {isa = PBXFileReference; fileEncoding = 4; lastKnownFileType = sourcecode.c.objc; path = MJRefreshConst.m; sourceTree = "<group>"; };
		A4E7C71D19920746007839A8 /* MJRefreshFooterView.h */ = {isa = PBXFileReference; fileEncoding = 4; lastKnownFileType = sourcecode.c.h; path = MJRefreshFooterView.h; sourceTree = "<group>"; };
		A4E7C71E19920746007839A8 /* MJRefreshFooterView.m */ = {isa = PBXFileReference; fileEncoding = 4; lastKnownFileType = sourcecode.c.objc; path = MJRefreshFooterView.m; sourceTree = "<group>"; };
		A4E7C71F19920746007839A8 /* MJRefreshHeaderView.h */ = {isa = PBXFileReference; fileEncoding = 4; lastKnownFileType = sourcecode.c.h; path = MJRefreshHeaderView.h; sourceTree = "<group>"; };
		A4E7C72019920746007839A8 /* MJRefreshHeaderView.m */ = {isa = PBXFileReference; fileEncoding = 4; lastKnownFileType = sourcecode.c.objc; path = MJRefreshHeaderView.m; sourceTree = "<group>"; };
		A4E7C72119920746007839A8 /* UIScrollView+Extension.h */ = {isa = PBXFileReference; fileEncoding = 4; lastKnownFileType = sourcecode.c.h; path = "UIScrollView+Extension.h"; sourceTree = "<group>"; };
		A4E7C72219920746007839A8 /* UIScrollView+Extension.m */ = {isa = PBXFileReference; fileEncoding = 4; lastKnownFileType = sourcecode.c.objc; path = "UIScrollView+Extension.m"; sourceTree = "<group>"; };
		A4E7C72319920746007839A8 /* UIScrollView+MJRefresh.h */ = {isa = PBXFileReference; fileEncoding = 4; lastKnownFileType = sourcecode.c.h; path = "UIScrollView+MJRefresh.h"; sourceTree = "<group>"; };
		A4E7C72419920746007839A8 /* UIScrollView+MJRefresh.m */ = {isa = PBXFileReference; fileEncoding = 4; lastKnownFileType = sourcecode.c.objc; path = "UIScrollView+MJRefresh.m"; sourceTree = "<group>"; };
		A4E7C72519920746007839A8 /* UIView+Extension.h */ = {isa = PBXFileReference; fileEncoding = 4; lastKnownFileType = sourcecode.c.h; path = "UIView+Extension.h"; sourceTree = "<group>"; };
		A4E7C72619920746007839A8 /* UIView+Extension.m */ = {isa = PBXFileReference; fileEncoding = 4; lastKnownFileType = sourcecode.c.objc; path = "UIView+Extension.m"; sourceTree = "<group>"; };
		A4E7C7371992136A007839A8 /* CPBestCell.h */ = {isa = PBXFileReference; fileEncoding = 4; lastKnownFileType = sourcecode.c.h; path = CPBestCell.h; sourceTree = "<group>"; };
		A4E7C7381992136A007839A8 /* CPBestCell.m */ = {isa = PBXFileReference; fileEncoding = 4; lastKnownFileType = sourcecode.c.objc; path = CPBestCell.m; sourceTree = "<group>"; };
		A4E7C73A19921377007839A8 /* CPBestTableViewController.h */ = {isa = PBXFileReference; fileEncoding = 4; lastKnownFileType = sourcecode.c.h; path = CPBestTableViewController.h; sourceTree = "<group>"; };
		A4E7C73B19921377007839A8 /* CPBestTableViewController.m */ = {isa = PBXFileReference; fileEncoding = 4; lastKnownFileType = sourcecode.c.objc; path = CPBestTableViewController.m; sourceTree = "<group>"; };
		A4E7C73D199214EC007839A8 /* allFoodPlist.plist */ = {isa = PBXFileReference; fileEncoding = 4; lastKnownFileType = text.plist.xml; path = allFoodPlist.plist; sourceTree = "<group>"; };
/* End PBXFileReference section */

/* Begin PBXFrameworksBuildPhase section */
		A47162F21983BE5500A8B769 /* Frameworks */ = {
			isa = PBXFrameworksBuildPhase;
			buildActionMask = 2147483647;
			files = (
				A4A69B01198DD3BD003A30A2 /* libsqlite3.0.dylib in Frameworks */,
				A47162FB1983BE5500A8B769 /* CoreGraphics.framework in Frameworks */,
				A47162FD1983BE5500A8B769 /* UIKit.framework in Frameworks */,
				A47162F91983BE5500A8B769 /* Foundation.framework in Frameworks */,
			);
			runOnlyForDeploymentPostprocessing = 0;
		};
		A47163131983BE5500A8B769 /* Frameworks */ = {
			isa = PBXFrameworksBuildPhase;
			buildActionMask = 2147483647;
			files = (
				A47163181983BE5500A8B769 /* XCTest.framework in Frameworks */,
				A471631A1983BE5500A8B769 /* UIKit.framework in Frameworks */,
				A47163191983BE5500A8B769 /* Foundation.framework in Frameworks */,
			);
			runOnlyForDeploymentPostprocessing = 0;
		};
/* End PBXFrameworksBuildPhase section */

/* Begin PBXGroup section */
		A47162EC1983BE5500A8B769 = {
			isa = PBXGroup;
			children = (
				A47162FE1983BE5500A8B769 /* 0726-小菜谱 */,
				A471631D1983BE5500A8B769 /* 0726-小菜谱Tests */,
				A47162F71983BE5500A8B769 /* Frameworks */,
				A47162F61983BE5500A8B769 /* Products */,
			);
			sourceTree = "<group>";
		};
		A47162F61983BE5500A8B769 /* Products */ = {
			isa = PBXGroup;
			children = (
				A47162F51983BE5500A8B769 /* 0726-小菜谱导航栏.app */,
				A47163161983BE5500A8B769 /* 0726-小菜谱导航栏Tests.xctest */,
			);
			name = Products;
			sourceTree = "<group>";
		};
		A47162F71983BE5500A8B769 /* Frameworks */ = {
			isa = PBXGroup;
			children = (
				A4A69B00198DD3BD003A30A2 /* libsqlite3.0.dylib */,
				A47162F81983BE5500A8B769 /* Foundation.framework */,
				A47162FA1983BE5500A8B769 /* CoreGraphics.framework */,
				A47162FC1983BE5500A8B769 /* UIKit.framework */,
				A47163171983BE5500A8B769 /* XCTest.framework */,
			);
			name = Frameworks;
			sourceTree = "<group>";
		};
		A47162FE1983BE5500A8B769 /* 0726-小菜谱 */ = {
			isa = PBXGroup;
			children = (
				A471632D1983BF9000A8B769 /* Classes */,
				A47162FF1983BE5500A8B769 /* Supporting Files */,
			);
			path = "0726-小菜谱";
			sourceTree = "<group>";
		};
		A47162FF1983BE5500A8B769 /* Supporting Files */ = {
			isa = PBXGroup;
			children = (
				A471635C1983C88300A8B769 /* Images.xcassets */,
				A4E7C73D199214EC007839A8 /* allFoodPlist.plist */,
				A4E7C71119920615007839A8 /* plist.bundle */,
				A47163001983BE5500A8B769 /* 0726-小菜谱导航栏-Info.plist */,
				A47163011983BE5500A8B769 /* InfoPlist.strings */,
				A47163041983BE5500A8B769 /* main.m */,
				A47163061983BE5500A8B769 /* 0726-小菜谱导航栏-Prefix.pch */,
			);
			name = "Supporting Files";
			sourceTree = "<group>";
		};
		A471631D1983BE5500A8B769 /* 0726-小菜谱Tests */ = {
			isa = PBXGroup;
			children = (
				A47163231983BE5500A8B769 /* _726____Tests.m */,
				A471631E1983BE5500A8B769 /* Supporting Files */,
			);
			path = "0726-小菜谱Tests";
			sourceTree = "<group>";
		};
		A471631E1983BE5500A8B769 /* Supporting Files */ = {
			isa = PBXGroup;
			children = (
				A471631F1983BE5500A8B769 /* 0726-小菜谱Tests-Info.plist */,
				A47163201983BE5500A8B769 /* InfoPlist.strings */,
			);
			name = "Supporting Files";
			sourceTree = "<group>";
		};
		A471632D1983BF9000A8B769 /* Classes */ = {
			isa = PBXGroup;
			children = (
				A47163391983BF9000A8B769 /* Main */,
				A4A69B3B198F60CA003A30A2 /* Search */,
				A471632E1983BF9000A8B769 /* Good(精品) */,
				A47163491983BF9000A8B769 /* Sort(分类) */,
				A47163331983BF9000A8B769 /* Like(喜爱) */,
				A47163421983BF9000A8B769 /* Other */,
			);
			path = Classes;
			sourceTree = "<group>";
		};
		A471632E1983BF9000A8B769 /* Good(精品) */ = {
			isa = PBXGroup;
			children = (
				A4E7C7361992136A007839A8 /* Views */,
				A471635B1983C0AC00A8B769 /* Controller */,
			);
			path = "Good(精品)";
			sourceTree = "<group>";
		};
		A47163331983BF9000A8B769 /* Like(喜爱) */ = {
			isa = PBXGroup;
			children = (
				A47163341983BF9000A8B769 /* Controller */,
				A47163371983BF9000A8B769 /* Model */,
				A47163381983BF9000A8B769 /* Views */,
			);
			path = "Like(喜爱)";
			sourceTree = "<group>";
		};
		A47163341983BF9000A8B769 /* Controller */ = {
			isa = PBXGroup;
			children = (
				A47163351983BF9000A8B769 /* HFJLikeTableViewController.h */,
				A47163361983BF9000A8B769 /* HFJLikeTableViewController.m */,
			);
			path = Controller;
			sourceTree = "<group>";
		};
		A47163371983BF9000A8B769 /* Model */ = {
			isa = PBXGroup;
			children = (
			);
			path = Model;
			sourceTree = "<group>";
		};
		A47163381983BF9000A8B769 /* Views */ = {
			isa = PBXGroup;
			children = (
			);
			path = Views;
			sourceTree = "<group>";
		};
		A47163391983BF9000A8B769 /* Main */ = {
			isa = PBXGroup;
			children = (
				A4AA87BF1991BDE300D789CE /* details(菜谱详情) */,
				A4A69B5E198F6112003A30A2 /* Model */,
				A471633A1983BF9000A8B769 /* Controller */,
				A471633D1983BF9000A8B769 /* Views */,
			);
			path = Main;
			sourceTree = "<group>";
		};
		A471633A1983BF9000A8B769 /* Controller */ = {
			isa = PBXGroup;
			children = (
				A498E5A01985E40400E39B19 /* HFJNavController.h */,
				A498E5A11985E40400E39B19 /* HFJNavController.m */,
				A471633B1983BF9000A8B769 /* HFJMainViewController.h */,
				A471633C1983BF9000A8B769 /* HFJMainViewController.m */,
				A48FB39C198D1CDE004AE50C /* HFJMainTableViewController.h */,
				A48FB39D198D1CDE004AE50C /* HFJMainTableViewController.m */,
			);
			path = Controller;
			sourceTree = "<group>";
		};
		A471633D1983BF9000A8B769 /* Views */ = {
			isa = PBXGroup;
			children = (
				A471633E1983BF9000A8B769 /* HFJMenuButtonView.h */,
				A471633F1983BF9000A8B769 /* HFJMenuButtonView.m */,
				A4716370198528EB00A8B769 /* HFJMainCell.h */,
				A4716371198528EB00A8B769 /* HFJMainCell.m */,
				A4BF7DA4198925DF0055CA95 /* HFJMainCell.xib */,
			);
			path = Views;
			sourceTree = "<group>";
		};
		A47163421983BF9000A8B769 /* Other */ = {
			isa = PBXGroup;
			children = (
				A47163461983BF9000A8B769 /* Category */,
				A47163451983BF9000A8B769 /* Tool */,
				A47163441983BF9000A8B769 /* Lib */,
				A47163431983BF9000A8B769 /* Common.h */,
				A47163071983BE5500A8B769 /* HFJAppDelegate.h */,
				A47163081983BE5500A8B769 /* HFJAppDelegate.m */,
				A471630A1983BE5500A8B769 /* Main.storyboard */,
			);
			path = Other;
			sourceTree = "<group>";
		};
		A47163441983BF9000A8B769 /* Lib */ = {
			isa = PBXGroup;
			children = (
				A4E7C71619920746007839A8 /* MJRefresh刷新 */,
				A4A69B02198DD4D1003A30A2 /* fmdb */,
				A4BF7D9B19890D9B0055CA95 /* MBProgressHUD */,
				A4BF7D7A19888CE50055CA95 /* MJExtension字典转模型 */,
				A498FCF219888394007CD71B /* SDWebImage2 */,
				A498E5AC1986925B00E39B19 /* AFNetworking */,
			);
			path = Lib;
			sourceTree = "<group>";
		};
		A47163451983BF9000A8B769 /* Tool */ = {
			isa = PBXGroup;
			children = (
				A4AA87AC198FA72E00D789CE /* HFJHttpTool.h */,
				A4AA87AD198FA72E00D789CE /* HFJHttpTool.m */,
				A4AA87A9198FA6FC00D789CE /* HFJCollectMenuTool.h */,
				A4AA87AA198FA6FC00D789CE /* HFJCollectMenuTool.m */,
			);
			path = Tool;
			sourceTree = "<group>";
		};
		A47163461983BF9000A8B769 /* Category */ = {
			isa = PBXGroup;
			children = (
				A498E5CD198698D500E39B19 /* NSArray+Log.h */,
				A498E5CE198698D500E39B19 /* NSArray+Log.m */,
				A498E5CF198698D500E39B19 /* NSDictionary+Log.h */,
				A498E5D0198698D500E39B19 /* NSDictionary+Log.m */,
				A498E5A31986099200E39B19 /* UIBarButtonItem+addItem.h */,
				A498E5A41986099200E39B19 /* UIBarButtonItem+addItem.m */,
				A47163671984E15700A8B769 /* UIImage+OS6or7.h */,
				A47163681984E15700A8B769 /* UIImage+OS6or7.m */,
				A47163471983BF9000A8B769 /* UIView+NJ.h */,
				A47163481983BF9000A8B769 /* UIView+NJ.m */,
			);
			name = Category;
			path = "分类";
			sourceTree = "<group>";
		};
		A47163491983BF9000A8B769 /* Sort(分类) */ = {
			isa = PBXGroup;
			children = (
				A471634A1983BF9000A8B769 /* Controller */,
				A471634D1983BF9000A8B769 /* Model */,
				A471634E1983BF9000A8B769 /* Views */,
			);
			path = "Sort(分类)";
			sourceTree = "<group>";
		};
		A471634A1983BF9000A8B769 /* Controller */ = {
			isa = PBXGroup;
			children = (
				A4E7C70B199205EF007839A8 /* SWTSortViewController.h */,
				A4E7C70C199205EF007839A8 /* SWTSortViewController.m */,
				A4E7C713199206E4007839A8 /* SWTFoodListViewController.h */,
				A4E7C714199206E4007839A8 /* SWTFoodListViewController.m */,
			);
			path = Controller;
			sourceTree = "<group>";
		};
		A471634D1983BF9000A8B769 /* Model */ = {
			isa = PBXGroup;
			children = (
				A4E7C706199205EF007839A8 /* SWTFoodCategory.h */,
				A4E7C707199205EF007839A8 /* SWTFoodCategory.m */,
			);
			path = Model;
			sourceTree = "<group>";
		};
		A471634E1983BF9000A8B769 /* Views */ = {
			isa = PBXGroup;
			children = (
				A4E7C708199205EF007839A8 /* SWTSortCell.h */,
				A4E7C709199205EF007839A8 /* SWTSortCell.m */,
				A4E7C70A199205EF007839A8 /* SWTSortCell.xib */,
			);
			path = Views;
			sourceTree = "<group>";
		};
		A471635B1983C0AC00A8B769 /* Controller */ = {
			isa = PBXGroup;
			children = (
				A4E7C73A19921377007839A8 /* CPBestTableViewController.h */,
				A4E7C73B19921377007839A8 /* CPBestTableViewController.m */,
			);
			name = Controller;
			sourceTree = "<group>";
		};
		A498E5AC1986925B00E39B19 /* AFNetworking */ = {
			isa = PBXGroup;
			children = (
				A498E5AD1986925B00E39B19 /* AFHTTPRequestOperation.h */,
				A498E5AE1986925B00E39B19 /* AFHTTPRequestOperation.m */,
				A498E5AF1986925B00E39B19 /* AFHTTPRequestOperationManager.h */,
				A498E5B01986925B00E39B19 /* AFHTTPRequestOperationManager.m */,
				A498E5B11986925B00E39B19 /* AFHTTPSessionManager.h */,
				A498E5B21986925B00E39B19 /* AFHTTPSessionManager.m */,
				A498E5B31986925B00E39B19 /* AFNetworking.h */,
				A498E5B41986925B00E39B19 /* AFNetworkReachabilityManager.h */,
				A498E5B51986925B00E39B19 /* AFNetworkReachabilityManager.m */,
				A498E5B61986925B00E39B19 /* AFSecurityPolicy.h */,
				A498E5B71986925B00E39B19 /* AFSecurityPolicy.m */,
				A498E5B81986925B00E39B19 /* AFURLConnectionOperation.h */,
				A498E5B91986925B00E39B19 /* AFURLConnectionOperation.m */,
				A498E5BA1986925B00E39B19 /* AFURLRequestSerialization.h */,
				A498E5BB1986925B00E39B19 /* AFURLRequestSerialization.m */,
				A498E5BC1986925B00E39B19 /* AFURLResponseSerialization.h */,
				A498E5BD1986925B00E39B19 /* AFURLResponseSerialization.m */,
				A498E5BE1986925B00E39B19 /* AFURLSessionManager.h */,
				A498E5BF1986925B00E39B19 /* AFURLSessionManager.m */,
			);
			path = AFNetworking;
			sourceTree = "<group>";
		};
		A498FCF219888394007CD71B /* SDWebImage2 */ = {
			isa = PBXGroup;
			children = (
				A498FCF319888394007CD71B /* MKAnnotationView+WebCache.h */,
				A498FCF419888394007CD71B /* MKAnnotationView+WebCache.m */,
				A498FCF519888394007CD71B /* NSData+ImageContentType.h */,
				A498FCF619888394007CD71B /* NSData+ImageContentType.m */,
				A498FCF719888394007CD71B /* SDImageCache.h */,
				A498FCF819888394007CD71B /* SDImageCache.m */,
				A498FCF919888394007CD71B /* SDWebImageCompat.h */,
				A498FCFA19888394007CD71B /* SDWebImageCompat.m */,
				A498FCFB19888394007CD71B /* SDWebImageDecoder.h */,
				A498FCFC19888394007CD71B /* SDWebImageDecoder.m */,
				A498FCFD19888394007CD71B /* SDWebImageDownloader.h */,
				A498FCFE19888394007CD71B /* SDWebImageDownloader.m */,
				A498FCFF19888394007CD71B /* SDWebImageDownloaderOperation.h */,
				A498FD0019888394007CD71B /* SDWebImageDownloaderOperation.m */,
				A498FD0119888394007CD71B /* SDWebImageManager.h */,
				A498FD0219888394007CD71B /* SDWebImageManager.m */,
				A498FD0319888394007CD71B /* SDWebImageOperation.h */,
				A498FD0419888394007CD71B /* SDWebImagePrefetcher.h */,
				A498FD0519888394007CD71B /* SDWebImagePrefetcher.m */,
				A498FD0619888394007CD71B /* UIButton+WebCache.h */,
				A498FD0719888394007CD71B /* UIButton+WebCache.m */,
				A498FD0819888394007CD71B /* UIImage+GIF.h */,
				A498FD0919888394007CD71B /* UIImage+GIF.m */,
				A498FD0A19888394007CD71B /* UIImage+MultiFormat.h */,
				A498FD0B19888394007CD71B /* UIImage+MultiFormat.m */,
				A498FD0C19888394007CD71B /* UIImage+WebP.h */,
				A498FD0D19888394007CD71B /* UIImage+WebP.m */,
				A498FD0E19888394007CD71B /* UIImageView+HighlightedWebCache.h */,
				A498FD0F19888394007CD71B /* UIImageView+HighlightedWebCache.m */,
				A498FD1019888394007CD71B /* UIImageView+WebCache.h */,
				A498FD1119888394007CD71B /* UIImageView+WebCache.m */,
				A498FD1219888394007CD71B /* UIView+WebCacheOperation.h */,
				A498FD1319888394007CD71B /* UIView+WebCacheOperation.m */,
			);
			path = SDWebImage2;
			sourceTree = "<group>";
		};
		A4A69B02198DD4D1003A30A2 /* fmdb */ = {
			isa = PBXGroup;
			children = (
				A4A69B03198DD4D1003A30A2 /* FMDatabase.h */,
				A4A69B04198DD4D1003A30A2 /* FMDatabase.m */,
				A4A69B05198DD4D1003A30A2 /* FMDatabaseAdditions.h */,
				A4A69B06198DD4D1003A30A2 /* FMDatabaseAdditions.m */,
				A4A69B07198DD4D1003A30A2 /* FMDatabasePool.h */,
				A4A69B08198DD4D1003A30A2 /* FMDatabasePool.m */,
				A4A69B09198DD4D1003A30A2 /* FMDatabaseQueue.h */,
				A4A69B0A198DD4D1003A30A2 /* FMDatabaseQueue.m */,
				A4A69B0B198DD4D1003A30A2 /* FMDB.h */,
				A4A69B0C198DD4D1003A30A2 /* FMResultSet.h */,
				A4A69B0D198DD4D1003A30A2 /* FMResultSet.m */,
			);
			path = fmdb;
			sourceTree = "<group>";
		};
		A4A69B3B198F60CA003A30A2 /* Search */ = {
			isa = PBXGroup;
			children = (
				A4A69B40198F60CA003A30A2 /* HFJSearchViewController.h */,
				A4A69B41198F60CA003A30A2 /* HFJSearchViewController.m */,
				A4A69B3E198F60CA003A30A2 /* HFJSearchTableViewController.h */,
				A4A69B3F198F60CA003A30A2 /* HFJSearchTableViewController.m */,
				A4A69B3C198F60CA003A30A2 /* HFJSearchResultController.h */,
				A4A69B3D198F60CA003A30A2 /* HFJSearchResultController.m */,
				A4A69B48198F60CA003A30A2 /* Views */,
				A4A69B42198F60CA003A30A2 /* Models */,
				A4A69B47198F60CA003A30A2 /* Tool */,
			);
			path = Search;
			sourceTree = "<group>";
		};
		A4A69B42198F60CA003A30A2 /* Models */ = {
			isa = PBXGroup;
			children = (
				A4A69B43198F60CA003A30A2 /* HFJSearchParam.h */,
				A4A69B44198F60CA003A30A2 /* HFJSearchParam.m */,
				A4A69B45198F60CA003A30A2 /* HFJSearchResult.h */,
				A4A69B46198F60CA003A30A2 /* HFJSearchResult.m */,
				A4A69B6B198F6B0F003A30A2 /* HFJSearchData.h */,
				A4A69B6C198F6B0F003A30A2 /* HFJSearchData.m */,
			);
			path = Models;
			sourceTree = "<group>";
		};
		A4A69B47198F60CA003A30A2 /* Tool */ = {
			isa = PBXGroup;
			children = (
				A4A69B68198F61AD003A30A2 /* HFJHistoryCacheTool.h */,
				A4A69B69198F61AD003A30A2 /* HFJHistoryCacheTool.m */,
				A4A69B6E198F7443003A30A2 /* HFJSearchMenuTool.h */,
				A4A69B6F198F7443003A30A2 /* HFJSearchMenuTool.m */,
			);
			path = Tool;
			sourceTree = "<group>";
		};
		A4A69B48198F60CA003A30A2 /* Views */ = {
			isa = PBXGroup;
			children = (
				A4A69B49198F60CA003A30A2 /* HFJSearchCell.h */,
				A4A69B4A198F60CA003A30A2 /* HFJSearchCell.m */,
				A4A69B4B198F60CA003A30A2 /* HFJSearchCell.xib */,
				A4A69B4C198F60CA003A30A2 /* HFJSearchHeadView.h */,
				A4A69B4D198F60CA003A30A2 /* HFJSearchHeadView.m */,
				A4A69B4E198F60CA003A30A2 /* HFJSearchHeadView.xib */,
				A4A69B4F198F60CA003A30A2 /* HFJSegment.h */,
				A4A69B50198F60CA003A30A2 /* HFJSegment.m */,
				A4A69B51198F60CA003A30A2 /* HFJSegmentControl.h */,
				A4A69B52198F60CA003A30A2 /* HFJSegmentControl.m */,
			);
			path = Views;
			sourceTree = "<group>";
		};
		A4A69B5E198F6112003A30A2 /* Model */ = {
			isa = PBXGroup;
			children = (
				A4E7C6FC1991D8B4007839A8 /* CPData.h */,
				A4E7C6FD1991D8B4007839A8 /* CPData.m */,
				A4E7C6FE1991D8B4007839A8 /* CPStep.h */,
				A4E7C6FF1991D8B4007839A8 /* CPStep.m */,
			);
			path = Model;
			sourceTree = "<group>";
		};
		A4AA87BF1991BDE300D789CE /* details(菜谱详情) */ = {
			isa = PBXGroup;
			children = (
				A4AA87C01991BDE300D789CE /* Controller */,
				A4AA87C51991BDE300D789CE /* Model */,
				A4AA87CA1991BDE300D789CE /* Views */,
			);
			path = "details(菜谱详情)";
			sourceTree = "<group>";
		};
		A4AA87C01991BDE300D789CE /* Controller */ = {
			isa = PBXGroup;
			children = (
				A4AA87C11991BDE300D789CE /* HFJDishViewController.h */,
				A4AA87C21991BDE300D789CE /* HFJDishViewController.m */,
			);
			path = Controller;
			sourceTree = "<group>";
		};
		A4AA87C51991BDE300D789CE /* Model */ = {
			isa = PBXGroup;
			children = (
				A4AA87C61991BDE300D789CE /* SWTFoodMaterialModel.h */,
				A4AA87C71991BDE300D789CE /* SWTFoodMaterialModel.m */,
				A4AA87C81991BDE300D789CE /* SWTFrameModel.h */,
				A4AA87C91991BDE300D789CE /* SWTFrameModel.m */,
			);
			path = Model;
			sourceTree = "<group>";
		};
		A4AA87CA1991BDE300D789CE /* Views */ = {
			isa = PBXGroup;
			children = (
				A4AA87CB1991BDE300D789CE /* SWTHeaderView.h */,
				A4AA87CC1991BDE300D789CE /* SWTHeaderView.m */,
				A4AA87CD1991BDE300D789CE /* SWTInsetsLabel.h */,
				A4AA87CE1991BDE300D789CE /* SWTInsetsLabel.m */,
				A4AA87CF1991BDE300D789CE /* SWTMaterialContentView.h */,
				A4AA87D01991BDE300D789CE /* SWTMaterialContentView.m */,
				A4AA87D11991BDE300D789CE /* SWTMaterialView.h */,
				A4AA87D21991BDE300D789CE /* SWTMaterialView.m */,
				A4AA87D31991BDE300D789CE /* SWTMaterialView.xib */,
				A4AA87E61991C1FF00D789CE /* SWTStepCell.h */,
				A4AA87E71991C1FF00D789CE /* SWTStepCell.m */,
			);
			path = Views;
			sourceTree = "<group>";
		};
		A4BF7D7A19888CE50055CA95 /* MJExtension字典转模型 */ = {
			isa = PBXGroup;
			children = (
				A4BF7D7B19888CE50055CA95 /* MJArgument.h */,
				A4BF7D7C19888CE50055CA95 /* MJArgument.m */,
				A4BF7D7D19888CE50055CA95 /* MJExtension.h */,
				A4BF7D7E19888CE50055CA95 /* MJIvar.h */,
				A4BF7D7F19888CE50055CA95 /* MJIvar.m */,
				A4BF7D8019888CE50055CA95 /* MJMember.h */,
				A4BF7D8119888CE50055CA95 /* MJMember.m */,
				A4BF7D8219888CE50055CA95 /* MJMethod.h */,
				A4BF7D8319888CE50055CA95 /* MJMethod.m */,
				A4BF7D8419888CE50055CA95 /* MJType.h */,
				A4BF7D8519888CE50055CA95 /* MJType.m */,
				A4BF7D8619888CE50055CA95 /* MJTypeEncoding.h */,
				A4BF7D8719888CE50055CA95 /* MJTypeEncoding.m */,
				A4BF7D8819888CE50055CA95 /* NSObject+MJCoding.h */,
				A4BF7D8919888CE50055CA95 /* NSObject+MJCoding.m */,
				A4BF7D8A19888CE50055CA95 /* NSObject+MJKeyValue.h */,
				A4BF7D8B19888CE50055CA95 /* NSObject+MJKeyValue.m */,
				A4BF7D8C19888CE50055CA95 /* NSObject+MJMember.h */,
				A4BF7D8D19888CE50055CA95 /* NSObject+MJMember.m */,
			);
			path = "MJExtension字典转模型";
			sourceTree = "<group>";
		};
		A4BF7D9B19890D9B0055CA95 /* MBProgressHUD */ = {
			isa = PBXGroup;
			children = (
				A4BF7D9C19890D9B0055CA95 /* MBProgressHUD+NJ.h */,
				A4BF7D9D19890D9B0055CA95 /* MBProgressHUD+NJ.m */,
				A4BF7D9E19890D9B0055CA95 /* MBProgressHUD.bundle */,
				A4BF7D9F19890D9B0055CA95 /* MBProgressHUD.h */,
				A4BF7DA019890D9B0055CA95 /* MBProgressHUD.m */,
			);
			path = MBProgressHUD;
			sourceTree = "<group>";
		};
		A4E7C71619920746007839A8 /* MJRefresh刷新 */ = {
			isa = PBXGroup;
			children = (
				A4E7C71719920746007839A8 /* MJRefresh.bundle */,
				A4E7C71819920746007839A8 /* MJRefresh.h */,
				A4E7C71919920746007839A8 /* MJRefreshBaseView.h */,
				A4E7C71A19920746007839A8 /* MJRefreshBaseView.m */,
				A4E7C71B19920746007839A8 /* MJRefreshConst.h */,
				A4E7C71C19920746007839A8 /* MJRefreshConst.m */,
				A4E7C71D19920746007839A8 /* MJRefreshFooterView.h */,
				A4E7C71E19920746007839A8 /* MJRefreshFooterView.m */,
				A4E7C71F19920746007839A8 /* MJRefreshHeaderView.h */,
				A4E7C72019920746007839A8 /* MJRefreshHeaderView.m */,
				A4E7C72119920746007839A8 /* UIScrollView+Extension.h */,
				A4E7C72219920746007839A8 /* UIScrollView+Extension.m */,
				A4E7C72319920746007839A8 /* UIScrollView+MJRefresh.h */,
				A4E7C72419920746007839A8 /* UIScrollView+MJRefresh.m */,
				A4E7C72519920746007839A8 /* UIView+Extension.h */,
				A4E7C72619920746007839A8 /* UIView+Extension.m */,
			);
			path = "MJRefresh刷新";
			sourceTree = "<group>";
		};
		A4E7C7361992136A007839A8 /* Views */ = {
			isa = PBXGroup;
			children = (
				A4E7C7371992136A007839A8 /* CPBestCell.h */,
				A4E7C7381992136A007839A8 /* CPBestCell.m */,
			);
			path = Views;
			sourceTree = "<group>";
		};
/* End PBXGroup section */

/* Begin PBXNativeTarget section */
		A47162F41983BE5500A8B769 /* 0726-小菜谱导航栏 */ = {
			isa = PBXNativeTarget;
			buildConfigurationList = A47163271983BE5500A8B769 /* Build configuration list for PBXNativeTarget "0726-小菜谱导航栏" */;
			buildPhases = (
				A47162F11983BE5500A8B769 /* Sources */,
				A47162F21983BE5500A8B769 /* Frameworks */,
				A47162F31983BE5500A8B769 /* Resources */,
			);
			buildRules = (
			);
			dependencies = (
			);
			name = "0726-小菜谱导航栏";
			productName = "0726-小菜谱";
			productReference = A47162F51983BE5500A8B769 /* 0726-小菜谱导航栏.app */;
			productType = "com.apple.product-type.application";
		};
		A47163151983BE5500A8B769 /* 0726-小菜谱导航栏Tests */ = {
			isa = PBXNativeTarget;
			buildConfigurationList = A471632A1983BE5500A8B769 /* Build configuration list for PBXNativeTarget "0726-小菜谱导航栏Tests" */;
			buildPhases = (
				A47163121983BE5500A8B769 /* Sources */,
				A47163131983BE5500A8B769 /* Frameworks */,
				A47163141983BE5500A8B769 /* Resources */,
			);
			buildRules = (
			);
			dependencies = (
				A471631C1983BE5500A8B769 /* PBXTargetDependency */,
			);
			name = "0726-小菜谱导航栏Tests";
			productName = "0726-小菜谱Tests";
			productReference = A47163161983BE5500A8B769 /* 0726-小菜谱导航栏Tests.xctest */;
			productType = "com.apple.product-type.bundle.unit-test";
		};
/* End PBXNativeTarget section */

/* Begin PBXProject section */
		A47162ED1983BE5500A8B769 /* Project object */ = {
			isa = PBXProject;
			attributes = {
				CLASSPREFIX = HFJ;
				LastUpgradeCheck = 0510;
				ORGANIZATIONNAME = itcast;
				TargetAttributes = {
					A47163151983BE5500A8B769 = {
						TestTargetID = A47162F41983BE5500A8B769;
					};
				};
			};
			buildConfigurationList = A47162F01983BE5500A8B769 /* Build configuration list for PBXProject "0726-小菜谱导航栏" */;
			compatibilityVersion = "Xcode 3.2";
			developmentRegion = English;
			hasScannedForEncodings = 0;
			knownRegions = (
				en,
				Base,
				"zh-Hans",
			);
			mainGroup = A47162EC1983BE5500A8B769;
			productRefGroup = A47162F61983BE5500A8B769 /* Products */;
			projectDirPath = "";
			projectRoot = "";
			targets = (
				A47162F41983BE5500A8B769 /* 0726-小菜谱导航栏 */,
				A47163151983BE5500A8B769 /* 0726-小菜谱导航栏Tests */,
			);
		};
/* End PBXProject section */

/* Begin PBXResourcesBuildPhase section */
		A47162F31983BE5500A8B769 /* Resources */ = {
			isa = PBXResourcesBuildPhase;
			buildActionMask = 2147483647;
			files = (
				A4A69B5B198F60CA003A30A2 /* HFJSearchHeadView.xib in Resources */,
				A4E7C72719920746007839A8 /* MJRefresh.bundle in Resources */,
				A4E7C70F199205EF007839A8 /* SWTSortCell.xib in Resources */,
				A471635D1983C88300A8B769 /* Images.xcassets in Resources */,
				A4E7C71219920615007839A8 /* plist.bundle in Resources */,
				A4AA87DE1991BDE300D789CE /* SWTMaterialView.xib in Resources */,
				A47163031983BE5500A8B769 /* InfoPlist.strings in Resources */,
				A4BF7DA5198925DF0055CA95 /* HFJMainCell.xib in Resources */,
				A4A69B59198F60CA003A30A2 /* HFJSearchCell.xib in Resources */,
				A4E7C73E199214EC007839A8 /* allFoodPlist.plist in Resources */,
				A471630C1983BE5500A8B769 /* Main.storyboard in Resources */,
				A4BF7DA219890D9B0055CA95 /* MBProgressHUD.bundle in Resources */,
			);
			runOnlyForDeploymentPostprocessing = 0;
		};
		A47163141983BE5500A8B769 /* Resources */ = {
			isa = PBXResourcesBuildPhase;
			buildActionMask = 2147483647;
			files = (
				A47163221983BE5500A8B769 /* InfoPlist.strings in Resources */,
			);
			runOnlyForDeploymentPostprocessing = 0;
		};
/* End PBXResourcesBuildPhase section */

/* Begin PBXSourcesBuildPhase section */
		A47162F11983BE5500A8B769 /* Sources */ = {
			isa = PBXSourcesBuildPhase;
			buildActionMask = 2147483647;
			files = (
				A498E5A21985E40400E39B19 /* HFJNavController.m in Sources */,
				A498FD1C19888394007CD71B /* SDWebImagePrefetcher.m in Sources */,
				A4BF7D9019888CE50055CA95 /* MJMember.m in Sources */,
				A4A69B5D198F60CA003A30A2 /* HFJSegmentControl.m in Sources */,
				A498E5C71986925B00E39B19 /* AFSecurityPolicy.m in Sources */,
				A4E7C70D199205EF007839A8 /* SWTFoodCategory.m in Sources */,
				A498FD1A19888394007CD71B /* SDWebImageDownloaderOperation.m in Sources */,
				A498FD2119888394007CD71B /* UIImageView+HighlightedWebCache.m in Sources */,
				A4E7C710199205EF007839A8 /* SWTSortViewController.m in Sources */,
				A498E5C41986925B00E39B19 /* AFHTTPRequestOperationManager.m in Sources */,
				A498E5C31986925B00E39B19 /* AFHTTPRequestOperation.m in Sources */,
				A498FD2019888394007CD71B /* UIImage+WebP.m in Sources */,
				A4AA87DA1991BDE300D789CE /* SWTHeaderView.m in Sources */,
				A4E7C72919920746007839A8 /* MJRefreshConst.m in Sources */,
				A4A69B0E198DD4D1003A30A2 /* FMDatabase.m in Sources */,
				A498FD1819888394007CD71B /* SDWebImageDecoder.m in Sources */,
				A4BF7D8F19888CE50055CA95 /* MJIvar.m in Sources */,
				A4E7C72819920746007839A8 /* MJRefreshBaseView.m in Sources */,
				A498FD1F19888394007CD71B /* UIImage+MultiFormat.m in Sources */,
				A498FD1619888394007CD71B /* SDImageCache.m in Sources */,
				A4AA87DB1991BDE300D789CE /* SWTInsetsLabel.m in Sources */,
				A47163551983BF9000A8B769 /* HFJMenuButtonView.m in Sources */,
				A47163571983BF9000A8B769 /* UIView+NJ.m in Sources */,
				A4BF7D9419888CE50055CA95 /* NSObject+MJCoding.m in Sources */,
				A4E7C72E19920746007839A8 /* UIView+Extension.m in Sources */,
				A4E7C715199206E4007839A8 /* SWTFoodListViewController.m in Sources */,
				A498FD1719888394007CD71B /* SDWebImageCompat.m in Sources */,
				A4E7C7021991D8B4007839A8 /* CPStep.m in Sources */,
				A4A69B54198F60CA003A30A2 /* HFJSearchTableViewController.m in Sources */,
				A498E5A51986099200E39B19 /* UIBarButtonItem+addItem.m in Sources */,
				A498FD1E19888394007CD71B /* UIImage+GIF.m in Sources */,
				A4E7C7391992136A007839A8 /* CPBestCell.m in Sources */,
				A498FD1B19888394007CD71B /* SDWebImageManager.m in Sources */,
				A4A69B5C198F60CA003A30A2 /* HFJSegment.m in Sources */,
				A4BF7DA119890D9B0055CA95 /* MBProgressHUD+NJ.m in Sources */,
				A4E7C72B19920746007839A8 /* MJRefreshHeaderView.m in Sources */,
				A4A69B70198F7443003A30A2 /* HFJSearchMenuTool.m in Sources */,
				A4A69B12198DD4D1003A30A2 /* FMResultSet.m in Sources */,
				A498E5D2198698D500E39B19 /* NSDictionary+Log.m in Sources */,
				A4A69B0F198DD4D1003A30A2 /* FMDatabaseAdditions.m in Sources */,
				A4E7C72D19920746007839A8 /* UIScrollView+MJRefresh.m in Sources */,
				A4BF7D9319888CE50055CA95 /* MJTypeEncoding.m in Sources */,
				A498E5C51986925B00E39B19 /* AFHTTPSessionManager.m in Sources */,
				A4A69B53198F60CA003A30A2 /* HFJSearchResultController.m in Sources */,
				A47163541983BF9000A8B769 /* HFJMainViewController.m in Sources */,
				A4AA87D61991BDE300D789CE /* HFJDishViewController.m in Sources */,
				A4A69B58198F60CA003A30A2 /* HFJSearchCell.m in Sources */,
				A498E5C81986925B00E39B19 /* AFURLConnectionOperation.m in Sources */,
				A4AA87D91991BDE300D789CE /* SWTFrameModel.m in Sources */,
				A4A69B56198F60CA003A30A2 /* HFJSearchParam.m in Sources */,
				A498E5C91986925B00E39B19 /* AFURLRequestSerialization.m in Sources */,
				A498FD2319888394007CD71B /* UIView+WebCacheOperation.m in Sources */,
				A4BF7DA319890D9B0055CA95 /* MBProgressHUD.m in Sources */,
				A4A69B57198F60CA003A30A2 /* HFJSearchResult.m in Sources */,
				A4AA87D81991BDE300D789CE /* SWTFoodMaterialModel.m in Sources */,
				A4A69B5A198F60CA003A30A2 /* HFJSearchHeadView.m in Sources */,
				A4E7C72A19920746007839A8 /* MJRefreshFooterView.m in Sources */,
				A498E5CB1986925B00E39B19 /* AFURLSessionManager.m in Sources */,
				A498FD1419888394007CD71B /* MKAnnotationView+WebCache.m in Sources */,
				A4A69B6A198F61AD003A30A2 /* HFJHistoryCacheTool.m in Sources */,
				A498FD2219888394007CD71B /* UIImageView+WebCache.m in Sources */,
				A4BF7D8E19888CE50055CA95 /* MJArgument.m in Sources */,
				A498E5CA1986925B00E39B19 /* AFURLResponseSerialization.m in Sources */,
				A4BF7D9519888CE50055CA95 /* NSObject+MJKeyValue.m in Sources */,
				A4A69B10198DD4D1003A30A2 /* FMDatabasePool.m in Sources */,
				A4AA87DD1991BDE300D789CE /* SWTMaterialView.m in Sources */,
				A47163051983BE5500A8B769 /* main.m in Sources */,
				A4E7C72C19920746007839A8 /* UIScrollView+Extension.m in Sources */,
				A4A69B6D198F6B0F003A30A2 /* HFJSearchData.m in Sources */,
				A4AA87AB198FA6FC00D789CE /* HFJCollectMenuTool.m in Sources */,
				A498FD1919888394007CD71B /* SDWebImageDownloader.m in Sources */,
				A4A69B55198F60CA003A30A2 /* HFJSearchViewController.m in Sources */,
				A4AA87E81991C1FF00D789CE /* SWTStepCell.m in Sources */,
				A47163091983BE5500A8B769 /* HFJAppDelegate.m in Sources */,
				A498FD1519888394007CD71B /* NSData+ImageContentType.m in Sources */,
				A4BF7D9119888CE50055CA95 /* MJMethod.m in Sources */,
				A4A69B11198DD4D1003A30A2 /* FMDatabaseQueue.m in Sources */,
				A4AA87AE198FA72E00D789CE /* HFJHttpTool.m in Sources */,
				A4E7C73C19921377007839A8 /* CPBestTableViewController.m in Sources */,
				A4E7C7011991D8B4007839A8 /* CPData.m in Sources */,
				A48FB39E198D1CDE004AE50C /* HFJMainTableViewController.m in Sources */,
				A47163531983BF9000A8B769 /* HFJLikeTableViewController.m in Sources */,
				A4AA87DC1991BDE300D789CE /* SWTMaterialContentView.m in Sources */,
				A47163691984E15700A8B769 /* UIImage+OS6or7.m in Sources */,
				A4BF7D9219888CE50055CA95 /* MJType.m in Sources */,
				A498E5C61986925B00E39B19 /* AFNetworkReachabilityManager.m in Sources */,
				A4E7C70E199205EF007839A8 /* SWTSortCell.m in Sources */,
				A498FD1D19888394007CD71B /* UIButton+WebCache.m in Sources */,
				A4BF7D9619888CE50055CA95 /* NSObject+MJMember.m in Sources */,
				A4716372198528EB00A8B769 /* HFJMainCell.m in Sources */,
				A498E5D1198698D500E39B19 /* NSArray+Log.m in Sources */,
			);
			runOnlyForDeploymentPostprocessing = 0;
		};
		A47163121983BE5500A8B769 /* Sources */ = {
			isa = PBXSourcesBuildPhase;
			buildActionMask = 2147483647;
			files = (
				A47163241983BE5500A8B769 /* _726____Tests.m in Sources */,
			);
			runOnlyForDeploymentPostprocessing = 0;
		};
/* End PBXSourcesBuildPhase section */

/* Begin PBXTargetDependency section */
		A471631C1983BE5500A8B769 /* PBXTargetDependency */ = {
			isa = PBXTargetDependency;
			target = A47162F41983BE5500A8B769 /* 0726-小菜谱导航栏 */;
			targetProxy = A471631B1983BE5500A8B769 /* PBXContainerItemProxy */;
		};
/* End PBXTargetDependency section */

/* Begin PBXVariantGroup section */
		A47163011983BE5500A8B769 /* InfoPlist.strings */ = {
			isa = PBXVariantGroup;
			children = (
				A47163021983BE5500A8B769 /* en */,
				A4AA87B01991148300D789CE /* zh-Hans */,
			);
			name = InfoPlist.strings;
			sourceTree = "<group>";
		};
		A471630A1983BE5500A8B769 /* Main.storyboard */ = {
			isa = PBXVariantGroup;
			children = (
				A471630B1983BE5500A8B769 /* Base */,
				A4AA87AF1991148300D789CE /* zh-Hans */,
			);
			name = Main.storyboard;
			path = ../..;
			sourceTree = "<group>";
		};
		A47163201983BE5500A8B769 /* InfoPlist.strings */ = {
			isa = PBXVariantGroup;
			children = (
				A47163211983BE5500A8B769 /* en */,
				A4AA87B11991148300D789CE /* zh-Hans */,
			);
			name = InfoPlist.strings;
			sourceTree = "<group>";
		};
/* End PBXVariantGroup section */

/* Begin XCBuildConfiguration section */
		A47163251983BE5500A8B769 /* Debug */ = {
			isa = XCBuildConfiguration;
			buildSettings = {
				ALWAYS_SEARCH_USER_PATHS = NO;
				CLANG_CXX_LANGUAGE_STANDARD = "gnu++0x";
				CLANG_CXX_LIBRARY = "libc++";
				CLANG_ENABLE_MODULES = YES;
				CLANG_ENABLE_OBJC_ARC = YES;
				CLANG_WARN_BOOL_CONVERSION = YES;
				CLANG_WARN_CONSTANT_CONVERSION = YES;
				CLANG_WARN_DIRECT_OBJC_ISA_USAGE = YES_ERROR;
				CLANG_WARN_EMPTY_BODY = YES;
				CLANG_WARN_ENUM_CONVERSION = YES;
				CLANG_WARN_INT_CONVERSION = YES;
				CLANG_WARN_OBJC_ROOT_CLASS = YES_ERROR;
				CLANG_WARN__DUPLICATE_METHOD_MATCH = YES;
				"CODE_SIGN_IDENTITY[sdk=iphoneos*]" = "iPhone Developer";
				COPY_PHASE_STRIP = NO;
				GCC_C_LANGUAGE_STANDARD = gnu99;
				GCC_DYNAMIC_NO_PIC = NO;
				GCC_OPTIMIZATION_LEVEL = 0;
				GCC_PREPROCESSOR_DEFINITIONS = (
					"DEBUG=1",
					"$(inherited)",
				);
				GCC_SYMBOLS_PRIVATE_EXTERN = NO;
				GCC_WARN_64_TO_32_BIT_CONVERSION = YES;
				GCC_WARN_ABOUT_RETURN_TYPE = YES_ERROR;
				GCC_WARN_UNDECLARED_SELECTOR = YES;
				GCC_WARN_UNINITIALIZED_AUTOS = YES_AGGRESSIVE;
				GCC_WARN_UNUSED_FUNCTION = YES;
				GCC_WARN_UNUSED_VARIABLE = YES;
				IPHONEOS_DEPLOYMENT_TARGET = 7.1;
				ONLY_ACTIVE_ARCH = YES;
				SDKROOT = iphoneos;
			};
			name = Debug;
		};
		A47163261983BE5500A8B769 /* Release */ = {
			isa = XCBuildConfiguration;
			buildSettings = {
				ALWAYS_SEARCH_USER_PATHS = NO;
				CLANG_CXX_LANGUAGE_STANDARD = "gnu++0x";
				CLANG_CXX_LIBRARY = "libc++";
				CLANG_ENABLE_MODULES = YES;
				CLANG_ENABLE_OBJC_ARC = YES;
				CLANG_WARN_BOOL_CONVERSION = YES;
				CLANG_WARN_CONSTANT_CONVERSION = YES;
				CLANG_WARN_DIRECT_OBJC_ISA_USAGE = YES_ERROR;
				CLANG_WARN_EMPTY_BODY = YES;
				CLANG_WARN_ENUM_CONVERSION = YES;
				CLANG_WARN_INT_CONVERSION = YES;
				CLANG_WARN_OBJC_ROOT_CLASS = YES_ERROR;
				CLANG_WARN__DUPLICATE_METHOD_MATCH = YES;
				"CODE_SIGN_IDENTITY[sdk=iphoneos*]" = "iPhone Developer";
				COPY_PHASE_STRIP = YES;
				ENABLE_NS_ASSERTIONS = NO;
				GCC_C_LANGUAGE_STANDARD = gnu99;
				GCC_WARN_64_TO_32_BIT_CONVERSION = YES;
				GCC_WARN_ABOUT_RETURN_TYPE = YES_ERROR;
				GCC_WARN_UNDECLARED_SELECTOR = YES;
				GCC_WARN_UNINITIALIZED_AUTOS = YES_AGGRESSIVE;
				GCC_WARN_UNUSED_FUNCTION = YES;
				GCC_WARN_UNUSED_VARIABLE = YES;
				IPHONEOS_DEPLOYMENT_TARGET = 7.1;
				SDKROOT = iphoneos;
				VALIDATE_PRODUCT = YES;
			};
			name = Release;
		};
		A47163281983BE5500A8B769 /* Debug */ = {
			isa = XCBuildConfiguration;
			buildSettings = {
				ASSETCATALOG_COMPILER_APPICON_NAME = AppIcon;
				ASSETCATALOG_COMPILER_LAUNCHIMAGE_NAME = LaunchImage;
				GCC_PRECOMPILE_PREFIX_HEADER = YES;
				GCC_PREFIX_HEADER = "0726-小菜谱/0726-小菜谱导航栏-Prefix.pch";
				INFOPLIST_FILE = "0726-小菜谱/0726-小菜谱导航栏-Info.plist";
				IPHONEOS_DEPLOYMENT_TARGET = 6.0;
				PRODUCT_NAME = "0726-小菜谱导航栏";
				WRAPPER_EXTENSION = app;
			};
			name = Debug;
		};
		A47163291983BE5500A8B769 /* Release */ = {
			isa = XCBuildConfiguration;
			buildSettings = {
				ASSETCATALOG_COMPILER_APPICON_NAME = AppIcon;
				ASSETCATALOG_COMPILER_LAUNCHIMAGE_NAME = LaunchImage;
				GCC_PRECOMPILE_PREFIX_HEADER = YES;
				GCC_PREFIX_HEADER = "0726-小菜谱/0726-小菜谱导航栏-Prefix.pch";
				INFOPLIST_FILE = "0726-小菜谱/0726-小菜谱导航栏-Info.plist";
				IPHONEOS_DEPLOYMENT_TARGET = 6.0;
				PRODUCT_NAME = "0726-小菜谱导航栏";
				WRAPPER_EXTENSION = app;
			};
			name = Release;
		};
		A471632B1983BE5500A8B769 /* Debug */ = {
			isa = XCBuildConfiguration;
			buildSettings = {
				BUNDLE_LOADER = "$(BUILT_PRODUCTS_DIR)/0726-小菜谱.app/0726-小菜谱";
				FRAMEWORK_SEARCH_PATHS = (
					"$(SDKROOT)/Developer/Library/Frameworks",
					"$(inherited)",
					"$(DEVELOPER_FRAMEWORKS_DIR)",
				);
				GCC_PRECOMPILE_PREFIX_HEADER = YES;
				GCC_PREFIX_HEADER = "0726-小菜谱/0726-小菜谱-Prefix.pch";
				GCC_PREPROCESSOR_DEFINITIONS = (
					"DEBUG=1",
					"$(inherited)",
				);
				INFOPLIST_FILE = "0726-小菜谱Tests/0726-小菜谱Tests-Info.plist";
				PRODUCT_NAME = "0726-小菜谱导航栏Tests";
				TEST_HOST = "$(BUNDLE_LOADER)";
				WRAPPER_EXTENSION = xctest;
			};
			name = Debug;
		};
		A471632C1983BE5500A8B769 /* Release */ = {
			isa = XCBuildConfiguration;
			buildSettings = {
				BUNDLE_LOADER = "$(BUILT_PRODUCTS_DIR)/0726-小菜谱.app/0726-小菜谱";
				FRAMEWORK_SEARCH_PATHS = (
					"$(SDKROOT)/Developer/Library/Frameworks",
					"$(inherited)",
					"$(DEVELOPER_FRAMEWORKS_DIR)",
				);
				GCC_PRECOMPILE_PREFIX_HEADER = YES;
				GCC_PREFIX_HEADER = "0726-小菜谱/0726-小菜谱-Prefix.pch";
				INFOPLIST_FILE = "0726-小菜谱Tests/0726-小菜谱Tests-Info.plist";
				PRODUCT_NAME = "0726-小菜谱导航栏Tests";
				TEST_HOST = "$(BUNDLE_LOADER)";
				WRAPPER_EXTENSION = xctest;
			};
			name = Release;
		};
/* End XCBuildConfiguration section */

/* Begin XCConfigurationList section */
		A47162F01983BE5500A8B769 /* Build configuration list for PBXProject "0726-小菜谱导航栏" */ = {
			isa = XCConfigurationList;
			buildConfigurations = (
				A47163251983BE5500A8B769 /* Debug */,
				A47163261983BE5500A8B769 /* Release */,
			);
			defaultConfigurationIsVisible = 0;
			defaultConfigurationName = Release;
		};
		A47163271983BE5500A8B769 /* Build configuration list for PBXNativeTarget "0726-小菜谱导航栏" */ = {
			isa = XCConfigurationList;
			buildConfigurations = (
				A47163281983BE5500A8B769 /* Debug */,
				A47163291983BE5500A8B769 /* Release */,
			);
			defaultConfigurationIsVisible = 0;
			defaultConfigurationName = Release;
		};
		A471632A1983BE5500A8B769 /* Build configuration list for PBXNativeTarget "0726-小菜谱导航栏Tests" */ = {
			isa = XCConfigurationList;
			buildConfigurations = (
				A471632B1983BE5500A8B769 /* Debug */,
				A471632C1983BE5500A8B769 /* Release */,
			);
			defaultConfigurationIsVisible = 0;
			defaultConfigurationName = Release;
		};
/* End XCConfigurationList section */
	};
	rootObject = A47162ED1983BE5500A8B769 /* Project object */;
}
