// !$*UTF8*$!
{
	archiveVersion = 1;
	classes = {
	};
	objectVersion = 46;
	objects = {

/* Begin PBXBuildFile section */
		A47162F91983BE5500A8B769 /* Foundation.framework in Frameworks */ = {isa = PBXBuildFile; fileRef = A47162F81983BE5500A8B769 /* Foundation.framework */; };
		A47162FB1983BE5500A8B769 /* CoreGraphics.framework in Frameworks */ = {isa = PBXBuildFile; fileRef = A47162FA1983BE5500A8B769 /* CoreGraphics.framework */; };
		A47162FD1983BE5500A8B769 /* UIKit.framework in Frameworks */ = {isa = PBXBuildFile; fileRef = A47162FC1983BE5500A8B769 /* UIKit.framework */; };
		A47163031983BE5500A8B769 /* InfoPlist.strings in Resources */ = {isa = PBXBuildFile; fileRef = A47163011983BE5500A8B769 /* InfoPlist.strings */; };
		A47163051983BE5500A8B769 /* main.m in Sources */ = {isa = PBXBuildFile; fileRef = A47163041983BE5500A8B769 /* main.m */; };
		A47163091983BE5500A8B769 /* HFJAppDelegate.m in Sources */ = {isa = PBXBuildFile; fileRef = A47163081983BE5500A8B769 /* HFJAppDelegate.m */; };
		A471630C1983BE5500A8B769 /* Main.storyboard in Resources */ = {isa = PBXBuildFile; fileRef = A471630A1983BE5500A8B769 /* Main.storyboard */; };
		A47163181983BE5500A8B769 /* XCTest.framework in Frameworks */ = {isa = PBXBuildFile; fileRef = A47163171983BE5500A8B769 /* XCTest.framework */; };
		A47163191983BE5500A8B769 /* Foundation.framework in Frameworks */ = {isa = PBXBuildFile; fileRef = A47162F81983BE5500A8B769 /* Foundation.framework */; };
		A471631A1983BE5500A8B769 /* UIKit.framework in Frameworks */ = {isa = PBXBuildFile; fileRef = A47162FC1983BE5500A8B769 /* UIKit.framework */; };
		A47163221983BE5500A8B769 /* InfoPlist.strings in Resources */ = {isa = PBXBuildFile; fileRef = A47163201983BE5500A8B769 /* InfoPlist.strings */; };
		A47163241983BE5500A8B769 /* _726____Tests.m in Sources */ = {isa = PBXBuildFile; fileRef = A47163231983BE5500A8B769 /* _726____Tests.m */; };
		A47163521983BF9000A8B769 /* HFJGoodTableViewController.m in Sources */ = {isa = PBXBuildFile; fileRef = A47163301983BF9000A8B769 /* HFJGoodTableViewController.m */; };
		A47163531983BF9000A8B769 /* HFJLikeTableViewController.m in Sources */ = {isa = PBXBuildFile; fileRef = A47163361983BF9000A8B769 /* HFJLikeTableViewController.m */; };
		A47163541983BF9000A8B769 /* HFJMainViewController.m in Sources */ = {isa = PBXBuildFile; fileRef = A471633C1983BF9000A8B769 /* HFJMainViewController.m */; };
		A47163551983BF9000A8B769 /* HFJMenuButtonView.m in Sources */ = {isa = PBXBuildFile; fileRef = A471633F1983BF9000A8B769 /* HFJMenuButtonView.m */; };
		A47163571983BF9000A8B769 /* UIView+NJ.m in Sources */ = {isa = PBXBuildFile; fileRef = A47163481983BF9000A8B769 /* UIView+NJ.m */; };
		A47163581983BF9000A8B769 /* HFJSortCollectionViewConrtoller.m in Sources */ = {isa = PBXBuildFile; fileRef = A471634C1983BF9000A8B769 /* HFJSortCollectionViewConrtoller.m */; };
		A47163591983BF9000A8B769 /* cellectionViewCell.xib in Resources */ = {isa = PBXBuildFile; fileRef = A471634F1983BF9000A8B769 /* cellectionViewCell.xib */; };
		A471635A1983BF9000A8B769 /* HFJSortCollectionViewCell.m in Sources */ = {isa = PBXBuildFile; fileRef = A47163511983BF9000A8B769 /* HFJSortCollectionViewCell.m */; };
		A471635D1983C88300A8B769 /* Images.xcassets in Resources */ = {isa = PBXBuildFile; fileRef = A471635C1983C88300A8B769 /* Images.xcassets */; };
		A47163691984E15700A8B769 /* UIImage+OS6or7.m in Sources */ = {isa = PBXBuildFile; fileRef = A47163681984E15700A8B769 /* UIImage+OS6or7.m */; };
		A471636C1984F6EC00A8B769 /* HFJSearchTableViewController.m in Sources */ = {isa = PBXBuildFile; fileRef = A471636B1984F6EC00A8B769 /* HFJSearchTableViewController.m */; };
		A471636F1984FF3300A8B769 /* HFJSearchViewController.m in Sources */ = {isa = PBXBuildFile; fileRef = A471636E1984FF3300A8B769 /* HFJSearchViewController.m */; };
		A4716372198528EB00A8B769 /* HFJMainCell.m in Sources */ = {isa = PBXBuildFile; fileRef = A4716371198528EB00A8B769 /* HFJMainCell.m */; };
		A47163751985316600A8B769 /* HFJCuisineTableViewController.m in Sources */ = {isa = PBXBuildFile; fileRef = A47163741985316600A8B769 /* HFJCuisineTableViewController.m */; };
		A471637B19853BD600A8B769 /* HFJDishViewController.m in Sources */ = {isa = PBXBuildFile; fileRef = A471637A19853BD600A8B769 /* HFJDishViewController.m */; };
		A48FB36C198CB845004AE50C /* HFJSegment.m in Sources */ = {isa = PBXBuildFile; fileRef = A48FB369198CB845004AE50C /* HFJSegment.m */; };
		A48FB36D198CB845004AE50C /* HFJSegmentControl.m in Sources */ = {isa = PBXBuildFile; fileRef = A48FB36B198CB845004AE50C /* HFJSegmentControl.m */; };
		A48FB39B198D1BCE004AE50C /* HFJSearchResultController.m in Sources */ = {isa = PBXBuildFile; fileRef = A48FB39A198D1BCE004AE50C /* HFJSearchResultController.m */; };
		A48FB39E198D1CDE004AE50C /* HFJMainTableViewController.m in Sources */ = {isa = PBXBuildFile; fileRef = A48FB39D198D1CDE004AE50C /* HFJMainTableViewController.m */; };
		A498E5A21985E40400E39B19 /* HFJNavController.m in Sources */ = {isa = PBXBuildFile; fileRef = A498E5A11985E40400E39B19 /* HFJNavController.m */; };
		A498E5A51986099200E39B19 /* UIBarButtonItem+addItem.m in Sources */ = {isa = PBXBuildFile; fileRef = A498E5A41986099200E39B19 /* UIBarButtonItem+addItem.m */; };
		A498E5A81986599500E39B19 /* HFJSearchHeadView.m in Sources */ = {isa = PBXBuildFile; fileRef = A498E5A71986599500E39B19 /* HFJSearchHeadView.m */; };
		A498E5AA19865DEA00E39B19 /* HFJSearchHeadView.xib in Resources */ = {isa = PBXBuildFile; fileRef = A498E5A919865DEA00E39B19 /* HFJSearchHeadView.xib */; };
		A498E5C31986925B00E39B19 /* AFHTTPRequestOperation.m in Sources */ = {isa = PBXBuildFile; fileRef = A498E5AE1986925B00E39B19 /* AFHTTPRequestOperation.m */; };
		A498E5C41986925B00E39B19 /* AFHTTPRequestOperationManager.m in Sources */ = {isa = PBXBuildFile; fileRef = A498E5B01986925B00E39B19 /* AFHTTPRequestOperationManager.m */; };
		A498E5C51986925B00E39B19 /* AFHTTPSessionManager.m in Sources */ = {isa = PBXBuildFile; fileRef = A498E5B21986925B00E39B19 /* AFHTTPSessionManager.m */; };
		A498E5C61986925B00E39B19 /* AFNetworkReachabilityManager.m in Sources */ = {isa = PBXBuildFile; fileRef = A498E5B51986925B00E39B19 /* AFNetworkReachabilityManager.m */; };
		A498E5C71986925B00E39B19 /* AFSecurityPolicy.m in Sources */ = {isa = PBXBuildFile; fileRef = A498E5B71986925B00E39B19 /* AFSecurityPolicy.m */; };
		A498E5C81986925B00E39B19 /* AFURLConnectionOperation.m in Sources */ = {isa = PBXBuildFile; fileRef = A498E5B91986925B00E39B19 /* AFURLConnectionOperation.m */; };
		A498E5C91986925B00E39B19 /* AFURLRequestSerialization.m in Sources */ = {isa = PBXBuildFile; fileRef = A498E5BB1986925B00E39B19 /* AFURLRequestSerialization.m */; };
		A498E5CA1986925B00E39B19 /* AFURLResponseSerialization.m in Sources */ = {isa = PBXBuildFile; fileRef = A498E5BD1986925B00E39B19 /* AFURLResponseSerialization.m */; };
		A498E5CB1986925B00E39B19 /* AFURLSessionManager.m in Sources */ = {isa = PBXBuildFile; fileRef = A498E5BF1986925B00E39B19 /* AFURLSessionManager.m */; };
		A498E5CC1986925B00E39B19 /* HFJHttpTool.m in Sources */ = {isa = PBXBuildFile; fileRef = A498E5C21986925B00E39B19 /* HFJHttpTool.m */; };
		A498E5D1198698D500E39B19 /* NSArray+Log.m in Sources */ = {isa = PBXBuildFile; fileRef = A498E5CE198698D500E39B19 /* NSArray+Log.m */; };
		A498E5D2198698D500E39B19 /* NSDictionary+Log.m in Sources */ = {isa = PBXBuildFile; fileRef = A498E5D0198698D500E39B19 /* NSDictionary+Log.m */; };
		A498FD1419888394007CD71B /* MKAnnotationView+WebCache.m in Sources */ = {isa = PBXBuildFile; fileRef = A498FCF419888394007CD71B /* MKAnnotationView+WebCache.m */; };
		A498FD1519888394007CD71B /* NSData+ImageContentType.m in Sources */ = {isa = PBXBuildFile; fileRef = A498FCF619888394007CD71B /* NSData+ImageContentType.m */; };
		A498FD1619888394007CD71B /* SDImageCache.m in Sources */ = {isa = PBXBuildFile; fileRef = A498FCF819888394007CD71B /* SDImageCache.m */; };
		A498FD1719888394007CD71B /* SDWebImageCompat.m in Sources */ = {isa = PBXBuildFile; fileRef = A498FCFA19888394007CD71B /* SDWebImageCompat.m */; };
		A498FD1819888394007CD71B /* SDWebImageDecoder.m in Sources */ = {isa = PBXBuildFile; fileRef = A498FCFC19888394007CD71B /* SDWebImageDecoder.m */; };
		A498FD1919888394007CD71B /* SDWebImageDownloader.m in Sources */ = {isa = PBXBuildFile; fileRef = A498FCFE19888394007CD71B /* SDWebImageDownloader.m */; };
		A498FD1A19888394007CD71B /* SDWebImageDownloaderOperation.m in Sources */ = {isa = PBXBuildFile; fileRef = A498FD0019888394007CD71B /* SDWebImageDownloaderOperation.m */; };
		A498FD1B19888394007CD71B /* SDWebImageManager.m in Sources */ = {isa = PBXBuildFile; fileRef = A498FD0219888394007CD71B /* SDWebImageManager.m */; };
		A498FD1C19888394007CD71B /* SDWebImagePrefetcher.m in Sources */ = {isa = PBXBuildFile; fileRef = A498FD0519888394007CD71B /* SDWebImagePrefetcher.m */; };
		A498FD1D19888394007CD71B /* UIButton+WebCache.m in Sources */ = {isa = PBXBuildFile; fileRef = A498FD0719888394007CD71B /* UIButton+WebCache.m */; };
		A498FD1E19888394007CD71B /* UIImage+GIF.m in Sources */ = {isa = PBXBuildFile; fileRef = A498FD0919888394007CD71B /* UIImage+GIF.m */; };
		A498FD1F19888394007CD71B /* UIImage+MultiFormat.m in Sources */ = {isa = PBXBuildFile; fileRef = A498FD0B19888394007CD71B /* UIImage+MultiFormat.m */; };
		A498FD2019888394007CD71B /* UIImage+WebP.m in Sources */ = {isa = PBXBuildFile; fileRef = A498FD0D19888394007CD71B /* UIImage+WebP.m */; };
		A498FD2119888394007CD71B /* UIImageView+HighlightedWebCache.m in Sources */ = {isa = PBXBuildFile; fileRef = A498FD0F19888394007CD71B /* UIImageView+HighlightedWebCache.m */; };
		A498FD2219888394007CD71B /* UIImageView+WebCache.m in Sources */ = {isa = PBXBuildFile; fileRef = A498FD1119888394007CD71B /* UIImageView+WebCache.m */; };
		A498FD2319888394007CD71B /* UIView+WebCacheOperation.m in Sources */ = {isa = PBXBuildFile; fileRef = A498FD1319888394007CD71B /* UIView+WebCacheOperation.m */; };
		A4A69AFF198DD2E8003A30A2 /* HFJHistoryCacheTool.m in Sources */ = {isa = PBXBuildFile; fileRef = A4A69AFE198DD2E8003A30A2 /* HFJHistoryCacheTool.m */; };
		A4A69B01198DD3BD003A30A2 /* libsqlite3.0.dylib in Frameworks */ = {isa = PBXBuildFile; fileRef = A4A69B00198DD3BD003A30A2 /* libsqlite3.0.dylib */; };
		A4A69B0E198DD4D1003A30A2 /* FMDatabase.m in Sources */ = {isa = PBXBuildFile; fileRef = A4A69B04198DD4D1003A30A2 /* FMDatabase.m */; };
		A4A69B0F198DD4D1003A30A2 /* FMDatabaseAdditions.m in Sources */ = {isa = PBXBuildFile; fileRef = A4A69B06198DD4D1003A30A2 /* FMDatabaseAdditions.m */; };
		A4A69B10198DD4D1003A30A2 /* FMDatabasePool.m in Sources */ = {isa = PBXBuildFile; fileRef = A4A69B08198DD4D1003A30A2 /* FMDatabasePool.m */; };
		A4A69B11198DD4D1003A30A2 /* FMDatabaseQueue.m in Sources */ = {isa = PBXBuildFile; fileRef = A4A69B0A198DD4D1003A30A2 /* FMDatabaseQueue.m */; };
		A4A69B12198DD4D1003A30A2 /* FMResultSet.m in Sources */ = {isa = PBXBuildFile; fileRef = A4A69B0D198DD4D1003A30A2 /* FMResultSet.m */; };
		A4A69B15198DF316003A30A2 /* HFJSearchCell.m in Sources */ = {isa = PBXBuildFile; fileRef = A4A69B14198DF316003A30A2 /* HFJSearchCell.m */; };
		A4A69B17198DF3CF003A30A2 /* HFJSearchCell.xib in Resources */ = {isa = PBXBuildFile; fileRef = A4A69B16198DF3CF003A30A2 /* HFJSearchCell.xib */; };
		A4A69B25198E279A003A30A2 /* CPAlbum.m in Sources */ = {isa = PBXBuildFile; fileRef = A4A69B20198E279A003A30A2 /* CPAlbum.m */; };
		A4A69B26198E279A003A30A2 /* CPData.m in Sources */ = {isa = PBXBuildFile; fileRef = A4A69B22198E279A003A30A2 /* CPData.m */; };
		A4A69B27198E279A003A30A2 /* CPStep.m in Sources */ = {isa = PBXBuildFile; fileRef = A4A69B24198E279A003A30A2 /* CPStep.m */; };
		A4BF7D8E19888CE50055CA95 /* MJArgument.m in Sources */ = {isa = PBXBuildFile; fileRef = A4BF7D7C19888CE50055CA95 /* MJArgument.m */; };
		A4BF7D8F19888CE50055CA95 /* MJIvar.m in Sources */ = {isa = PBXBuildFile; fileRef = A4BF7D7F19888CE50055CA95 /* MJIvar.m */; };
		A4BF7D9019888CE50055CA95 /* MJMember.m in Sources */ = {isa = PBXBuildFile; fileRef = A4BF7D8119888CE50055CA95 /* MJMember.m */; };
		A4BF7D9119888CE50055CA95 /* MJMethod.m in Sources */ = {isa = PBXBuildFile; fileRef = A4BF7D8319888CE50055CA95 /* MJMethod.m */; };
		A4BF7D9219888CE50055CA95 /* MJType.m in Sources */ = {isa = PBXBuildFile; fileRef = A4BF7D8519888CE50055CA95 /* MJType.m */; };
		A4BF7D9319888CE50055CA95 /* MJTypeEncoding.m in Sources */ = {isa = PBXBuildFile; fileRef = A4BF7D8719888CE50055CA95 /* MJTypeEncoding.m */; };
		A4BF7D9419888CE50055CA95 /* NSObject+MJCoding.m in Sources */ = {isa = PBXBuildFile; fileRef = A4BF7D8919888CE50055CA95 /* NSObject+MJCoding.m */; };
		A4BF7D9519888CE50055CA95 /* NSObject+MJKeyValue.m in Sources */ = {isa = PBXBuildFile; fileRef = A4BF7D8B19888CE50055CA95 /* NSObject+MJKeyValue.m */; };
		A4BF7D9619888CE50055CA95 /* NSObject+MJMember.m in Sources */ = {isa = PBXBuildFile; fileRef = A4BF7D8D19888CE50055CA95 /* NSObject+MJMember.m */; };
		A4BF7DA119890D9B0055CA95 /* MBProgressHUD+NJ.m in Sources */ = {isa = PBXBuildFile; fileRef = A4BF7D9D19890D9B0055CA95 /* MBProgressHUD+NJ.m */; };
		A4BF7DA219890D9B0055CA95 /* MBProgressHUD.bundle in Resources */ = {isa = PBXBuildFile; fileRef = A4BF7D9E19890D9B0055CA95 /* MBProgressHUD.bundle */; };
		A4BF7DA319890D9B0055CA95 /* MBProgressHUD.m in Sources */ = {isa = PBXBuildFile; fileRef = A4BF7DA019890D9B0055CA95 /* MBProgressHUD.m */; };
		A4BF7DA5198925DF0055CA95 /* HFJMainCell.xib in Resources */ = {isa = PBXBuildFile; fileRef = A4BF7DA4198925DF0055CA95 /* HFJMainCell.xib */; };
/* End PBXBuildFile section */

/* Begin PBXContainerItemProxy section */
		A471631B1983BE5500A8B769 /* PBXContainerItemProxy */ = {
			isa = PBXContainerItemProxy;
			containerPortal = A47162ED1983BE5500A8B769 /* Project object */;
			proxyType = 1;
			remoteGlobalIDString = A47162F41983BE5500A8B769;
			remoteInfo = "0726-小菜谱";
		};
/* End PBXContainerItemProxy section */

/* Begin PBXFileReference section */
		A47162F51983BE5500A8B769 /* 0726-小菜谱导航栏.app */ = {isa = PBXFileReference; explicitFileType = wrapper.application; includeInIndex = 0; path = "0726-小菜谱导航栏.app"; sourceTree = BUILT_PRODUCTS_DIR; };
		A47162F81983BE5500A8B769 /* Foundation.framework */ = {isa = PBXFileReference; lastKnownFileType = wrapper.framework; name = Foundation.framework; path = System/Library/Frameworks/Foundation.framework; sourceTree = SDKROOT; };
		A47162FA1983BE5500A8B769 /* CoreGraphics.framework */ = {isa = PBXFileReference; lastKnownFileType = wrapper.framework; name = CoreGraphics.framework; path = System/Library/Frameworks/CoreGraphics.framework; sourceTree = SDKROOT; };
		A47162FC1983BE5500A8B769 /* UIKit.framework */ = {isa = PBXFileReference; lastKnownFileType = wrapper.framework; name = UIKit.framework; path = System/Library/Frameworks/UIKit.framework; sourceTree = SDKROOT; };
		A47163001983BE5500A8B769 /* 0726-小菜谱导航栏-Info.plist */ = {isa = PBXFileReference; lastKnownFileType = text.plist.xml; path = "0726-小菜谱导航栏-Info.plist"; sourceTree = "<group>"; };
		A47163021983BE5500A8B769 /* en */ = {isa = PBXFileReference; lastKnownFileType = text.plist.strings; name = en; path = en.lproj/InfoPlist.strings; sourceTree = "<group>"; };
		A47163041983BE5500A8B769 /* main.m */ = {isa = PBXFileReference; lastKnownFileType = sourcecode.c.objc; path = main.m; sourceTree = "<group>"; };
		A47163061983BE5500A8B769 /* 0726-小菜谱导航栏-Prefix.pch */ = {isa = PBXFileReference; lastKnownFileType = sourcecode.c.h; path = "0726-小菜谱导航栏-Prefix.pch"; sourceTree = "<group>"; };
		A47163071983BE5500A8B769 /* HFJAppDelegate.h */ = {isa = PBXFileReference; lastKnownFileType = sourcecode.c.h; name = HFJAppDelegate.h; path = ../../HFJAppDelegate.h; sourceTree = "<group>"; };
		A47163081983BE5500A8B769 /* HFJAppDelegate.m */ = {isa = PBXFileReference; lastKnownFileType = sourcecode.c.objc; name = HFJAppDelegate.m; path = ../../HFJAppDelegate.m; sourceTree = "<group>"; };
		A471630B1983BE5500A8B769 /* Base */ = {isa = PBXFileReference; lastKnownFileType = file.storyboard; name = Base; path = Base.lproj/Main.storyboard; sourceTree = "<group>"; };
		A47163161983BE5500A8B769 /* 0726-小菜谱导航栏Tests.xctest */ = {isa = PBXFileReference; explicitFileType = wrapper.cfbundle; includeInIndex = 0; path = "0726-小菜谱导航栏Tests.xctest"; sourceTree = BUILT_PRODUCTS_DIR; };
		A47163171983BE5500A8B769 /* XCTest.framework */ = {isa = PBXFileReference; lastKnownFileType = wrapper.framework; name = XCTest.framework; path = Library/Frameworks/XCTest.framework; sourceTree = DEVELOPER_DIR; };
		A471631F1983BE5500A8B769 /* 0726-小菜谱Tests-Info.plist */ = {isa = PBXFileReference; lastKnownFileType = text.plist.xml; path = "0726-小菜谱Tests-Info.plist"; sourceTree = "<group>"; };
		A47163211983BE5500A8B769 /* en */ = {isa = PBXFileReference; lastKnownFileType = text.plist.strings; name = en; path = en.lproj/InfoPlist.strings; sourceTree = "<group>"; };
		A47163231983BE5500A8B769 /* _726____Tests.m */ = {isa = PBXFileReference; lastKnownFileType = sourcecode.c.objc; path = "_726____Tests.m"; sourceTree = "<group>"; };
		A471632F1983BF9000A8B769 /* HFJGoodTableViewController.h */ = {isa = PBXFileReference; fileEncoding = 4; lastKnownFileType = sourcecode.c.h; path = HFJGoodTableViewController.h; sourceTree = "<group>"; };
		A47163301983BF9000A8B769 /* HFJGoodTableViewController.m */ = {isa = PBXFileReference; fileEncoding = 4; lastKnownFileType = sourcecode.c.objc; path = HFJGoodTableViewController.m; sourceTree = "<group>"; };
		A47163351983BF9000A8B769 /* HFJLikeTableViewController.h */ = {isa = PBXFileReference; fileEncoding = 4; lastKnownFileType = sourcecode.c.h; path = HFJLikeTableViewController.h; sourceTree = "<group>"; };
		A47163361983BF9000A8B769 /* HFJLikeTableViewController.m */ = {isa = PBXFileReference; fileEncoding = 4; lastKnownFileType = sourcecode.c.objc; path = HFJLikeTableViewController.m; sourceTree = "<group>"; };
		A471633B1983BF9000A8B769 /* HFJMainViewController.h */ = {isa = PBXFileReference; fileEncoding = 4; lastKnownFileType = sourcecode.c.h; path = HFJMainViewController.h; sourceTree = "<group>"; };
		A471633C1983BF9000A8B769 /* HFJMainViewController.m */ = {isa = PBXFileReference; fileEncoding = 4; lastKnownFileType = sourcecode.c.objc; path = HFJMainViewController.m; sourceTree = "<group>"; };
		A471633E1983BF9000A8B769 /* HFJMenuButtonView.h */ = {isa = PBXFileReference; fileEncoding = 4; lastKnownFileType = sourcecode.c.h; path = HFJMenuButtonView.h; sourceTree = "<group>"; };
		A471633F1983BF9000A8B769 /* HFJMenuButtonView.m */ = {isa = PBXFileReference; fileEncoding = 4; lastKnownFileType = sourcecode.c.objc; path = HFJMenuButtonView.m; sourceTree = "<group>"; };
		A47163431983BF9000A8B769 /* Common.h */ = {isa = PBXFileReference; fileEncoding = 4; lastKnownFileType = sourcecode.c.h; path = Common.h; sourceTree = "<group>"; };
		A47163471983BF9000A8B769 /* UIView+NJ.h */ = {isa = PBXFileReference; fileEncoding = 4; lastKnownFileType = sourcecode.c.h; path = "UIView+NJ.h"; sourceTree = "<group>"; };
		A47163481983BF9000A8B769 /* UIView+NJ.m */ = {isa = PBXFileReference; fileEncoding = 4; lastKnownFileType = sourcecode.c.objc; path = "UIView+NJ.m"; sourceTree = "<group>"; };
		A471634B1983BF9000A8B769 /* HFJSortCollectionViewConrtoller.h */ = {isa = PBXFileReference; fileEncoding = 4; lastKnownFileType = sourcecode.c.h; path = HFJSortCollectionViewConrtoller.h; sourceTree = "<group>"; };
		A471634C1983BF9000A8B769 /* HFJSortCollectionViewConrtoller.m */ = {isa = PBXFileReference; fileEncoding = 4; lastKnownFileType = sourcecode.c.objc; path = HFJSortCollectionViewConrtoller.m; sourceTree = "<group>"; };
		A471634F1983BF9000A8B769 /* cellectionViewCell.xib */ = {isa = PBXFileReference; fileEncoding = 4; lastKnownFileType = file.xib; path = cellectionViewCell.xib; sourceTree = "<group>"; };
		A47163501983BF9000A8B769 /* HFJSortCollectionViewCell.h */ = {isa = PBXFileReference; fileEncoding = 4; lastKnownFileType = sourcecode.c.h; path = HFJSortCollectionViewCell.h; sourceTree = "<group>"; };
		A47163511983BF9000A8B769 /* HFJSortCollectionViewCell.m */ = {isa = PBXFileReference; fileEncoding = 4; lastKnownFileType = sourcecode.c.objc; path = HFJSortCollectionViewCell.m; sourceTree = "<group>"; };
		A471635C1983C88300A8B769 /* Images.xcassets */ = {isa = PBXFileReference; lastKnownFileType = folder.assetcatalog; path = Images.xcassets; sourceTree = "<group>"; };
		A47163671984E15700A8B769 /* UIImage+OS6or7.h */ = {isa = PBXFileReference; fileEncoding = 4; lastKnownFileType = sourcecode.c.h; path = "UIImage+OS6or7.h"; sourceTree = "<group>"; };
		A47163681984E15700A8B769 /* UIImage+OS6or7.m */ = {isa = PBXFileReference; fileEncoding = 4; lastKnownFileType = sourcecode.c.objc; path = "UIImage+OS6or7.m"; sourceTree = "<group>"; };
		A471636A1984F6EC00A8B769 /* HFJSearchTableViewController.h */ = {isa = PBXFileReference; fileEncoding = 4; lastKnownFileType = sourcecode.c.h; name = HFJSearchTableViewController.h; path = ../Views/HFJSearchTableViewController.h; sourceTree = "<group>"; };
		A471636B1984F6EC00A8B769 /* HFJSearchTableViewController.m */ = {isa = PBXFileReference; fileEncoding = 4; lastKnownFileType = sourcecode.c.objc; name = HFJSearchTableViewController.m; path = ../Views/HFJSearchTableViewController.m; sourceTree = "<group>"; };
		A471636D1984FF3300A8B769 /* HFJSearchViewController.h */ = {isa = PBXFileReference; fileEncoding = 4; lastKnownFileType = sourcecode.c.h; path = HFJSearchViewController.h; sourceTree = "<group>"; };
		A471636E1984FF3300A8B769 /* HFJSearchViewController.m */ = {isa = PBXFileReference; fileEncoding = 4; lastKnownFileType = sourcecode.c.objc; path = HFJSearchViewController.m; sourceTree = "<group>"; };
		A4716370198528EB00A8B769 /* HFJMainCell.h */ = {isa = PBXFileReference; fileEncoding = 4; lastKnownFileType = sourcecode.c.h; path = HFJMainCell.h; sourceTree = "<group>"; };
		A4716371198528EB00A8B769 /* HFJMainCell.m */ = {isa = PBXFileReference; fileEncoding = 4; lastKnownFileType = sourcecode.c.objc; path = HFJMainCell.m; sourceTree = "<group>"; };
		A47163731985316600A8B769 /* HFJCuisineTableViewController.h */ = {isa = PBXFileReference; fileEncoding = 4; lastKnownFileType = sourcecode.c.h; name = HFJCuisineTableViewController.h; path = ../Views/HFJCuisineTableViewController.h; sourceTree = "<group>"; };
		A47163741985316600A8B769 /* HFJCuisineTableViewController.m */ = {isa = PBXFileReference; fileEncoding = 4; lastKnownFileType = sourcecode.c.objc; name = HFJCuisineTableViewController.m; path = ../Views/HFJCuisineTableViewController.m; sourceTree = "<group>"; };
		A471637919853BD600A8B769 /* HFJDishViewController.h */ = {isa = PBXFileReference; fileEncoding = 4; lastKnownFileType = sourcecode.c.h; path = HFJDishViewController.h; sourceTree = "<group>"; };
		A471637A19853BD600A8B769 /* HFJDishViewController.m */ = {isa = PBXFileReference; fileEncoding = 4; lastKnownFileType = sourcecode.c.objc; path = HFJDishViewController.m; sourceTree = "<group>"; };
		A48FB368198CB845004AE50C /* HFJSegment.h */ = {isa = PBXFileReference; fileEncoding = 4; lastKnownFileType = sourcecode.c.h; path = HFJSegment.h; sourceTree = "<group>"; };
		A48FB369198CB845004AE50C /* HFJSegment.m */ = {isa = PBXFileReference; fileEncoding = 4; lastKnownFileType = sourcecode.c.objc; path = HFJSegment.m; sourceTree = "<group>"; };
		A48FB36A198CB845004AE50C /* HFJSegmentControl.h */ = {isa = PBXFileReference; fileEncoding = 4; lastKnownFileType = sourcecode.c.h; path = HFJSegmentControl.h; sourceTree = "<group>"; };
		A48FB36B198CB845004AE50C /* HFJSegmentControl.m */ = {isa = PBXFileReference; fileEncoding = 4; lastKnownFileType = sourcecode.c.objc; path = HFJSegmentControl.m; sourceTree = "<group>"; };
		A48FB399198D1BCE004AE50C /* HFJSearchResultController.h */ = {isa = PBXFileReference; fileEncoding = 4; lastKnownFileType = sourcecode.c.h; path = HFJSearchResultController.h; sourceTree = "<group>"; };
		A48FB39A198D1BCE004AE50C /* HFJSearchResultController.m */ = {isa = PBXFileReference; fileEncoding = 4; lastKnownFileType = sourcecode.c.objc; path = HFJSearchResultController.m; sourceTree = "<group>"; };
		A48FB39C198D1CDE004AE50C /* HFJMainTableViewController.h */ = {isa = PBXFileReference; fileEncoding = 4; lastKnownFileType = sourcecode.c.h; path = HFJMainTableViewController.h; sourceTree = "<group>"; };
		A48FB39D198D1CDE004AE50C /* HFJMainTableViewController.m */ = {isa = PBXFileReference; fileEncoding = 4; lastKnownFileType = sourcecode.c.objc; path = HFJMainTableViewController.m; sourceTree = "<group>"; };
		A498E5A01985E40400E39B19 /* HFJNavController.h */ = {isa = PBXFileReference; fileEncoding = 4; lastKnownFileType = sourcecode.c.h; path = HFJNavController.h; sourceTree = "<group>"; };
		A498E5A11985E40400E39B19 /* HFJNavController.m */ = {isa = PBXFileReference; fileEncoding = 4; lastKnownFileType = sourcecode.c.objc; path = HFJNavController.m; sourceTree = "<group>"; };
		A498E5A31986099200E39B19 /* UIBarButtonItem+addItem.h */ = {isa = PBXFileReference; fileEncoding = 4; lastKnownFileType = sourcecode.c.h; path = "UIBarButtonItem+addItem.h"; sourceTree = "<group>"; };
		A498E5A41986099200E39B19 /* UIBarButtonItem+addItem.m */ = {isa = PBXFileReference; fileEncoding = 4; lastKnownFileType = sourcecode.c.objc; path = "UIBarButtonItem+addItem.m"; sourceTree = "<group>"; };
		A498E5A61986599500E39B19 /* HFJSearchHeadView.h */ = {isa = PBXFileReference; fileEncoding = 4; lastKnownFileType = sourcecode.c.h; name = HFJSearchHeadView.h; path = ../Views/HFJSearchHeadView.h; sourceTree = "<group>"; };
		A498E5A71986599500E39B19 /* HFJSearchHeadView.m */ = {isa = PBXFileReference; fileEncoding = 4; lastKnownFileType = sourcecode.c.objc; name = HFJSearchHeadView.m; path = ../Views/HFJSearchHeadView.m; sourceTree = "<group>"; };
		A498E5A919865DEA00E39B19 /* HFJSearchHeadView.xib */ = {isa = PBXFileReference; fileEncoding = 4; lastKnownFileType = file.xib; name = HFJSearchHeadView.xib; path = ../Views/HFJSearchHeadView.xib; sourceTree = "<group>"; };
		A498E5AD1986925B00E39B19 /* AFHTTPRequestOperation.h */ = {isa = PBXFileReference; fileEncoding = 4; lastKnownFileType = sourcecode.c.h; path = AFHTTPRequestOperation.h; sourceTree = "<group>"; };
		A498E5AE1986925B00E39B19 /* AFHTTPRequestOperation.m */ = {isa = PBXFileReference; fileEncoding = 4; lastKnownFileType = sourcecode.c.objc; path = AFHTTPRequestOperation.m; sourceTree = "<group>"; };
		A498E5AF1986925B00E39B19 /* AFHTTPRequestOperationManager.h */ = {isa = PBXFileReference; fileEncoding = 4; lastKnownFileType = sourcecode.c.h; path = AFHTTPRequestOperationManager.h; sourceTree = "<group>"; };
		A498E5B01986925B00E39B19 /* AFHTTPRequestOperationManager.m */ = {isa = PBXFileReference; fileEncoding = 4; lastKnownFileType = sourcecode.c.objc; path = AFHTTPRequestOperationManager.m; sourceTree = "<group>"; };
		A498E5B11986925B00E39B19 /* AFHTTPSessionManager.h */ = {isa = PBXFileReference; fileEncoding = 4; lastKnownFileType = sourcecode.c.h; path = AFHTTPSessionManager.h; sourceTree = "<group>"; };
		A498E5B21986925B00E39B19 /* AFHTTPSessionManager.m */ = {isa = PBXFileReference; fileEncoding = 4; lastKnownFileType = sourcecode.c.objc; path = AFHTTPSessionManager.m; sourceTree = "<group>"; };
		A498E5B31986925B00E39B19 /* AFNetworking.h */ = {isa = PBXFileReference; fileEncoding = 4; lastKnownFileType = sourcecode.c.h; path = AFNetworking.h; sourceTree = "<group>"; };
		A498E5B41986925B00E39B19 /* AFNetworkReachabilityManager.h */ = {isa = PBXFileReference; fileEncoding = 4; lastKnownFileType = sourcecode.c.h; path = AFNetworkReachabilityManager.h; sourceTree = "<group>"; };
		A498E5B51986925B00E39B19 /* AFNetworkReachabilityManager.m */ = {isa = PBXFileReference; fileEncoding = 4; lastKnownFileType = sourcecode.c.objc; path = AFNetworkReachabilityManager.m; sourceTree = "<group>"; };
		A498E5B61986925B00E39B19 /* AFSecurityPolicy.h */ = {isa = PBXFileReference; fileEncoding = 4; lastKnownFileType = sourcecode.c.h; path = AFSecurityPolicy.h; sourceTree = "<group>"; };
		A498E5B71986925B00E39B19 /* AFSecurityPolicy.m */ = {isa = PBXFileReference; fileEncoding = 4; lastKnownFileType = sourcecode.c.objc; path = AFSecurityPolicy.m; sourceTree = "<group>"; };
		A498E5B81986925B00E39B19 /* AFURLConnectionOperation.h */ = {isa = PBXFileReference; fileEncoding = 4; lastKnownFileType = sourcecode.c.h; path = AFURLConnectionOperation.h; sourceTree = "<group>"; };
		A498E5B91986925B00E39B19 /* AFURLConnectionOperation.m */ = {isa = PBXFileReference; fileEncoding = 4; lastKnownFileType = sourcecode.c.objc; path = AFURLConnectionOperation.m; sourceTree = "<group>"; };
		A498E5BA1986925B00E39B19 /* AFURLRequestSerialization.h */ = {isa = PBXFileReference; fileEncoding = 4; lastKnownFileType = sourcecode.c.h; path = AFURLRequestSerialization.h; sourceTree = "<group>"; };
		A498E5BB1986925B00E39B19 /* AFURLRequestSerialization.m */ = {isa = PBXFileReference; fileEncoding = 4; lastKnownFileType = sourcecode.c.objc; path = AFURLRequestSerialization.m; sourceTree = "<group>"; };
		A498E5BC1986925B00E39B19 /* AFURLResponseSerialization.h */ = {isa = PBXFileReference; fileEncoding = 4; lastKnownFileType = sourcecode.c.h; path = AFURLResponseSerialization.h; sourceTree = "<group>"; };
		A498E5BD1986925B00E39B19 /* AFURLResponseSerialization.m */ = {isa = PBXFileReference; fileEncoding = 4; lastKnownFileType = sourcecode.c.objc; path = AFURLResponseSerialization.m; sourceTree = "<group>"; };
		A498E5BE1986925B00E39B19 /* AFURLSessionManager.h */ = {isa = PBXFileReference; fileEncoding = 4; lastKnownFileType = sourcecode.c.h; path = AFURLSessionManager.h; sourceTree = "<group>"; };
		A498E5BF1986925B00E39B19 /* AFURLSessionManager.m */ = {isa = PBXFileReference; fileEncoding = 4; lastKnownFileType = sourcecode.c.objc; path = AFURLSessionManager.m; sourceTree = "<group>"; };
		A498E5C11986925B00E39B19 /* HFJHttpTool.h */ = {isa = PBXFileReference; fileEncoding = 4; lastKnownFileType = sourcecode.c.h; name = HFJHttpTool.h; path = "../Lib/AFNetworking/屏蔽AFN风险/HFJHttpTool.h"; sourceTree = "<group>"; };
		A498E5C21986925B00E39B19 /* HFJHttpTool.m */ = {isa = PBXFileReference; fileEncoding = 4; lastKnownFileType = sourcecode.c.objc; name = HFJHttpTool.m; path = "../Lib/AFNetworking/屏蔽AFN风险/HFJHttpTool.m"; sourceTree = "<group>"; };
		A498E5CD198698D500E39B19 /* NSArray+Log.h */ = {isa = PBXFileReference; fileEncoding = 4; lastKnownFileType = sourcecode.c.h; path = "NSArray+Log.h"; sourceTree = "<group>"; };
		A498E5CE198698D500E39B19 /* NSArray+Log.m */ = {isa = PBXFileReference; fileEncoding = 4; lastKnownFileType = sourcecode.c.objc; path = "NSArray+Log.m"; sourceTree = "<group>"; };
		A498E5CF198698D500E39B19 /* NSDictionary+Log.h */ = {isa = PBXFileReference; fileEncoding = 4; lastKnownFileType = sourcecode.c.h; path = "NSDictionary+Log.h"; sourceTree = "<group>"; };
		A498E5D0198698D500E39B19 /* NSDictionary+Log.m */ = {isa = PBXFileReference; fileEncoding = 4; lastKnownFileType = sourcecode.c.objc; path = "NSDictionary+Log.m"; sourceTree = "<group>"; };
		A498FCF319888394007CD71B /* MKAnnotationView+WebCache.h */ = {isa = PBXFileReference; fileEncoding = 4; lastKnownFileType = sourcecode.c.h; path = "MKAnnotationView+WebCache.h"; sourceTree = "<group>"; };
		A498FCF419888394007CD71B /* MKAnnotationView+WebCache.m */ = {isa = PBXFileReference; fileEncoding = 4; lastKnownFileType = sourcecode.c.objc; path = "MKAnnotationView+WebCache.m"; sourceTree = "<group>"; };
		A498FCF519888394007CD71B /* NSData+ImageContentType.h */ = {isa = PBXFileReference; fileEncoding = 4; lastKnownFileType = sourcecode.c.h; path = "NSData+ImageContentType.h"; sourceTree = "<group>"; };
		A498FCF619888394007CD71B /* NSData+ImageContentType.m */ = {isa = PBXFileReference; fileEncoding = 4; lastKnownFileType = sourcecode.c.objc; path = "NSData+ImageContentType.m"; sourceTree = "<group>"; };
		A498FCF719888394007CD71B /* SDImageCache.h */ = {isa = PBXFileReference; fileEncoding = 4; lastKnownFileType = sourcecode.c.h; path = SDImageCache.h; sourceTree = "<group>"; };
		A498FCF819888394007CD71B /* SDImageCache.m */ = {isa = PBXFileReference; fileEncoding = 4; lastKnownFileType = sourcecode.c.objc; path = SDImageCache.m; sourceTree = "<group>"; };
		A498FCF919888394007CD71B /* SDWebImageCompat.h */ = {isa = PBXFileReference; fileEncoding = 4; lastKnownFileType = sourcecode.c.h; path = SDWebImageCompat.h; sourceTree = "<group>"; };
		A498FCFA19888394007CD71B /* SDWebImageCompat.m */ = {isa = PBXFileReference; fileEncoding = 4; lastKnownFileType = sourcecode.c.objc; path = SDWebImageCompat.m; sourceTree = "<group>"; };
		A498FCFB19888394007CD71B /* SDWebImageDecoder.h */ = {isa = PBXFileReference; fileEncoding = 4; lastKnownFileType = sourcecode.c.h; path = SDWebImageDecoder.h; sourceTree = "<group>"; };
		A498FCFC19888394007CD71B /* SDWebImageDecoder.m */ = {isa = PBXFileReference; fileEncoding = 4; lastKnownFileType = sourcecode.c.objc; path = SDWebImageDecoder.m; sourceTree = "<group>"; };
		A498FCFD19888394007CD71B /* SDWebImageDownloader.h */ = {isa = PBXFileReference; fileEncoding = 4; lastKnownFileType = sourcecode.c.h; path = SDWebImageDownloader.h; sourceTree = "<group>"; };
		A498FCFE19888394007CD71B /* SDWebImageDownloader.m */ = {isa = PBXFileReference; fileEncoding = 4; lastKnownFileType = sourcecode.c.objc; path = SDWebImageDownloader.m; sourceTree = "<group>"; };
		A498FCFF19888394007CD71B /* SDWebImageDownloaderOperation.h */ = {isa = PBXFileReference; fileEncoding = 4; lastKnownFileType = sourcecode.c.h; path = SDWebImageDownloaderOperation.h; sourceTree = "<group>"; };
		A498FD0019888394007CD71B /* SDWebImageDownloaderOperation.m */ = {isa = PBXFileReference; fileEncoding = 4; lastKnownFileType = sourcecode.c.objc; path = SDWebImageDownloaderOperation.m; sourceTree = "<group>"; };
		A498FD0119888394007CD71B /* SDWebImageManager.h */ = {isa = PBXFileReference; fileEncoding = 4; lastKnownFileType = sourcecode.c.h; path = SDWebImageManager.h; sourceTree = "<group>"; };
		A498FD0219888394007CD71B /* SDWebImageManager.m */ = {isa = PBXFileReference; fileEncoding = 4; lastKnownFileType = sourcecode.c.objc; path = SDWebImageManager.m; sourceTree = "<group>"; };
		A498FD0319888394007CD71B /* SDWebImageOperation.h */ = {isa = PBXFileReference; fileEncoding = 4; lastKnownFileType = sourcecode.c.h; path = SDWebImageOperation.h; sourceTree = "<group>"; };
		A498FD0419888394007CD71B /* SDWebImagePrefetcher.h */ = {isa = PBXFileReference; fileEncoding = 4; lastKnownFileType = sourcecode.c.h; path = SDWebImagePrefetcher.h; sourceTree = "<group>"; };
		A498FD0519888394007CD71B /* SDWebImagePrefetcher.m */ = {isa = PBXFileReference; fileEncoding = 4; lastKnownFileType = sourcecode.c.objc; path = SDWebImagePrefetcher.m; sourceTree = "<group>"; };
		A498FD0619888394007CD71B /* UIButton+WebCache.h */ = {isa = PBXFileReference; fileEncoding = 4; lastKnownFileType = sourcecode.c.h; path = "UIButton+WebCache.h"; sourceTree = "<group>"; };
		A498FD0719888394007CD71B /* UIButton+WebCache.m */ = {isa = PBXFileReference; fileEncoding = 4; lastKnownFileType = sourcecode.c.objc; path = "UIButton+WebCache.m"; sourceTree = "<group>"; };
		A498FD0819888394007CD71B /* UIImage+GIF.h */ = {isa = PBXFileReference; fileEncoding = 4; lastKnownFileType = sourcecode.c.h; path = "UIImage+GIF.h"; sourceTree = "<group>"; };
		A498FD0919888394007CD71B /* UIImage+GIF.m */ = {isa = PBXFileReference; fileEncoding = 4; lastKnownFileType = sourcecode.c.objc; path = "UIImage+GIF.m"; sourceTree = "<group>"; };
		A498FD0A19888394007CD71B /* UIImage+MultiFormat.h */ = {isa = PBXFileReference; fileEncoding = 4; lastKnownFileType = sourcecode.c.h; path = "UIImage+MultiFormat.h"; sourceTree = "<group>"; };
		A498FD0B19888394007CD71B /* UIImage+MultiFormat.m */ = {isa = PBXFileReference; fileEncoding = 4; lastKnownFileType = sourcecode.c.objc; path = "UIImage+MultiFormat.m"; sourceTree = "<group>"; };
		A498FD0C19888394007CD71B /* UIImage+WebP.h */ = {isa = PBXFileReference; fileEncoding = 4; lastKnownFileType = sourcecode.c.h; path = "UIImage+WebP.h"; sourceTree = "<group>"; };
		A498FD0D19888394007CD71B /* UIImage+WebP.m */ = {isa = PBXFileReference; fileEncoding = 4; lastKnownFileType = sourcecode.c.objc; path = "UIImage+WebP.m"; sourceTree = "<group>"; };
		A498FD0E19888394007CD71B /* UIImageView+HighlightedWebCache.h */ = {isa = PBXFileReference; fileEncoding = 4; lastKnownFileType = sourcecode.c.h; path = "UIImageView+HighlightedWebCache.h"; sourceTree = "<group>"; };
		A498FD0F19888394007CD71B /* UIImageView+HighlightedWebCache.m */ = {isa = PBXFileReference; fileEncoding = 4; lastKnownFileType = sourcecode.c.objc; path = "UIImageView+HighlightedWebCache.m"; sourceTree = "<group>"; };
		A498FD1019888394007CD71B /* UIImageView+WebCache.h */ = {isa = PBXFileReference; fileEncoding = 4; lastKnownFileType = sourcecode.c.h; path = "UIImageView+WebCache.h"; sourceTree = "<group>"; };
		A498FD1119888394007CD71B /* UIImageView+WebCache.m */ = {isa = PBXFileReference; fileEncoding = 4; lastKnownFileType = sourcecode.c.objc; path = "UIImageView+WebCache.m"; sourceTree = "<group>"; };
		A498FD1219888394007CD71B /* UIView+WebCacheOperation.h */ = {isa = PBXFileReference; fileEncoding = 4; lastKnownFileType = sourcecode.c.h; path = "UIView+WebCacheOperation.h"; sourceTree = "<group>"; };
		A498FD1319888394007CD71B /* UIView+WebCacheOperation.m */ = {isa = PBXFileReference; fileEncoding = 4; lastKnownFileType = sourcecode.c.objc; path = "UIView+WebCacheOperation.m"; sourceTree = "<group>"; };
		A4A69AFD198DD2E8003A30A2 /* HFJHistoryCacheTool.h */ = {isa = PBXFileReference; fileEncoding = 4; lastKnownFileType = sourcecode.c.h; path = HFJHistoryCacheTool.h; sourceTree = "<group>"; };
		A4A69AFE198DD2E8003A30A2 /* HFJHistoryCacheTool.m */ = {isa = PBXFileReference; fileEncoding = 4; lastKnownFileType = sourcecode.c.objc; path = HFJHistoryCacheTool.m; sourceTree = "<group>"; };
		A4A69B00198DD3BD003A30A2 /* libsqlite3.0.dylib */ = {isa = PBXFileReference; lastKnownFileType = "compiled.mach-o.dylib"; name = libsqlite3.0.dylib; path = usr/lib/libsqlite3.0.dylib; sourceTree = SDKROOT; };
		A4A69B03198DD4D1003A30A2 /* FMDatabase.h */ = {isa = PBXFileReference; fileEncoding = 4; lastKnownFileType = sourcecode.c.h; path = FMDatabase.h; sourceTree = "<group>"; };
		A4A69B04198DD4D1003A30A2 /* FMDatabase.m */ = {isa = PBXFileReference; fileEncoding = 4; lastKnownFileType = sourcecode.c.objc; path = FMDatabase.m; sourceTree = "<group>"; };
		A4A69B05198DD4D1003A30A2 /* FMDatabaseAdditions.h */ = {isa = PBXFileReference; fileEncoding = 4; lastKnownFileType = sourcecode.c.h; path = FMDatabaseAdditions.h; sourceTree = "<group>"; };
		A4A69B06198DD4D1003A30A2 /* FMDatabaseAdditions.m */ = {isa = PBXFileReference; fileEncoding = 4; lastKnownFileType = sourcecode.c.objc; path = FMDatabaseAdditions.m; sourceTree = "<group>"; };
		A4A69B07198DD4D1003A30A2 /* FMDatabasePool.h */ = {isa = PBXFileReference; fileEncoding = 4; lastKnownFileType = sourcecode.c.h; path = FMDatabasePool.h; sourceTree = "<group>"; };
		A4A69B08198DD4D1003A30A2 /* FMDatabasePool.m */ = {isa = PBXFileReference; fileEncoding = 4; lastKnownFileType = sourcecode.c.objc; path = FMDatabasePool.m; sourceTree = "<group>"; };
		A4A69B09198DD4D1003A30A2 /* FMDatabaseQueue.h */ = {isa = PBXFileReference; fileEncoding = 4; lastKnownFileType = sourcecode.c.h; path = FMDatabaseQueue.h; sourceTree = "<group>"; };
		A4A69B0A198DD4D1003A30A2 /* FMDatabaseQueue.m */ = {isa = PBXFileReference; fileEncoding = 4; lastKnownFileType = sourcecode.c.objc; path = FMDatabaseQueue.m; sourceTree = "<group>"; };
		A4A69B0B198DD4D1003A30A2 /* FMDB.h */ = {isa = PBXFileReference; fileEncoding = 4; lastKnownFileType = sourcecode.c.h; path = FMDB.h; sourceTree = "<group>"; };
		A4A69B0C198DD4D1003A30A2 /* FMResultSet.h */ = {isa = PBXFileReference; fileEncoding = 4; lastKnownFileType = sourcecode.c.h; path = FMResultSet.h; sourceTree = "<group>"; };
		A4A69B0D198DD4D1003A30A2 /* FMResultSet.m */ = {isa = PBXFileReference; fileEncoding = 4; lastKnownFileType = sourcecode.c.objc; path = FMResultSet.m; sourceTree = "<group>"; };
		A4A69B13198DF316003A30A2 /* HFJSearchCell.h */ = {isa = PBXFileReference; fileEncoding = 4; lastKnownFileType = sourcecode.c.h; path = HFJSearchCell.h; sourceTree = "<group>"; };
		A4A69B14198DF316003A30A2 /* HFJSearchCell.m */ = {isa = PBXFileReference; fileEncoding = 4; lastKnownFileType = sourcecode.c.objc; path = HFJSearchCell.m; sourceTree = "<group>"; };
		A4A69B16198DF3CF003A30A2 /* HFJSearchCell.xib */ = {isa = PBXFileReference; fileEncoding = 4; lastKnownFileType = file.xib; path = HFJSearchCell.xib; sourceTree = "<group>"; };
		A4A69B1F198E279A003A30A2 /* CPAlbum.h */ = {isa = PBXFileReference; fileEncoding = 4; lastKnownFileType = sourcecode.c.h; path = CPAlbum.h; sourceTree = "<group>"; };
		A4A69B20198E279A003A30A2 /* CPAlbum.m */ = {isa = PBXFileReference; fileEncoding = 4; lastKnownFileType = sourcecode.c.objc; path = CPAlbum.m; sourceTree = "<group>"; };
		A4A69B21198E279A003A30A2 /* CPData.h */ = {isa = PBXFileReference; fileEncoding = 4; lastKnownFileType = sourcecode.c.h; path = CPData.h; sourceTree = "<group>"; };
		A4A69B22198E279A003A30A2 /* CPData.m */ = {isa = PBXFileReference; fileEncoding = 4; lastKnownFileType = sourcecode.c.objc; path = CPData.m; sourceTree = "<group>"; };
		A4A69B23198E279A003A30A2 /* CPStep.h */ = {isa = PBXFileReference; fileEncoding = 4; lastKnownFileType = sourcecode.c.h; path = CPStep.h; sourceTree = "<group>"; };
		A4A69B24198E279A003A30A2 /* CPStep.m */ = {isa = PBXFileReference; fileEncoding = 4; lastKnownFileType = sourcecode.c.objc; path = CPStep.m; sourceTree = "<group>"; };
		A4BF7D7B19888CE50055CA95 /* MJArgument.h */ = {isa = PBXFileReference; fileEncoding = 4; lastKnownFileType = sourcecode.c.h; path = MJArgument.h; sourceTree = "<group>"; };
		A4BF7D7C19888CE50055CA95 /* MJArgument.m */ = {isa = PBXFileReference; fileEncoding = 4; lastKnownFileType = sourcecode.c.objc; path = MJArgument.m; sourceTree = "<group>"; };
		A4BF7D7D19888CE50055CA95 /* MJExtension.h */ = {isa = PBXFileReference; fileEncoding = 4; lastKnownFileType = sourcecode.c.h; path = MJExtension.h; sourceTree = "<group>"; };
		A4BF7D7E19888CE50055CA95 /* MJIvar.h */ = {isa = PBXFileReference; fileEncoding = 4; lastKnownFileType = sourcecode.c.h; path = MJIvar.h; sourceTree = "<group>"; };
		A4BF7D7F19888CE50055CA95 /* MJIvar.m */ = {isa = PBXFileReference; fileEncoding = 4; lastKnownFileType = sourcecode.c.objc; path = MJIvar.m; sourceTree = "<group>"; };
		A4BF7D8019888CE50055CA95 /* MJMember.h */ = {isa = PBXFileReference; fileEncoding = 4; lastKnownFileType = sourcecode.c.h; path = MJMember.h; sourceTree = "<group>"; };
		A4BF7D8119888CE50055CA95 /* MJMember.m */ = {isa = PBXFileReference; fileEncoding = 4; lastKnownFileType = sourcecode.c.objc; path = MJMember.m; sourceTree = "<group>"; };
		A4BF7D8219888CE50055CA95 /* MJMethod.h */ = {isa = PBXFileReference; fileEncoding = 4; lastKnownFileType = sourcecode.c.h; path = MJMethod.h; sourceTree = "<group>"; };
		A4BF7D8319888CE50055CA95 /* MJMethod.m */ = {isa = PBXFileReference; fileEncoding = 4; lastKnownFileType = sourcecode.c.objc; path = MJMethod.m; sourceTree = "<group>"; };
		A4BF7D8419888CE50055CA95 /* MJType.h */ = {isa = PBXFileReference; fileEncoding = 4; lastKnownFileType = sourcecode.c.h; path = MJType.h; sourceTree = "<group>"; };
		A4BF7D8519888CE50055CA95 /* MJType.m */ = {isa = PBXFileReference; fileEncoding = 4; lastKnownFileType = sourcecode.c.objc; path = MJType.m; sourceTree = "<group>"; };
		A4BF7D8619888CE50055CA95 /* MJTypeEncoding.h */ = {isa = PBXFileReference; fileEncoding = 4; lastKnownFileType = sourcecode.c.h; path = MJTypeEncoding.h; sourceTree = "<group>"; };
		A4BF7D8719888CE50055CA95 /* MJTypeEncoding.m */ = {isa = PBXFileReference; fileEncoding = 4; lastKnownFileType = sourcecode.c.objc; path = MJTypeEncoding.m; sourceTree = "<group>"; };
		A4BF7D8819888CE50055CA95 /* NSObject+MJCoding.h */ = {isa = PBXFileReference; fileEncoding = 4; lastKnownFileType = sourcecode.c.h; path = "NSObject+MJCoding.h"; sourceTree = "<group>"; };
		A4BF7D8919888CE50055CA95 /* NSObject+MJCoding.m */ = {isa = PBXFileReference; fileEncoding = 4; lastKnownFileType = sourcecode.c.objc; path = "NSObject+MJCoding.m"; sourceTree = "<group>"; };
		A4BF7D8A19888CE50055CA95 /* NSObject+MJKeyValue.h */ = {isa = PBXFileReference; fileEncoding = 4; lastKnownFileType = sourcecode.c.h; path = "NSObject+MJKeyValue.h"; sourceTree = "<group>"; };
		A4BF7D8B19888CE50055CA95 /* NSObject+MJKeyValue.m */ = {isa = PBXFileReference; fileEncoding = 4; lastKnownFileType = sourcecode.c.objc; path = "NSObject+MJKeyValue.m"; sourceTree = "<group>"; };
		A4BF7D8C19888CE50055CA95 /* NSObject+MJMember.h */ = {isa = PBXFileReference; fileEncoding = 4; lastKnownFileType = sourcecode.c.h; path = "NSObject+MJMember.h"; sourceTree = "<group>"; };
		A4BF7D8D19888CE50055CA95 /* NSObject+MJMember.m */ = {isa = PBXFileReference; fileEncoding = 4; lastKnownFileType = sourcecode.c.objc; path = "NSObject+MJMember.m"; sourceTree = "<group>"; };
		A4BF7D9C19890D9B0055CA95 /* MBProgressHUD+NJ.h */ = {isa = PBXFileReference; fileEncoding = 4; lastKnownFileType = sourcecode.c.h; path = "MBProgressHUD+NJ.h"; sourceTree = "<group>"; };
		A4BF7D9D19890D9B0055CA95 /* MBProgressHUD+NJ.m */ = {isa = PBXFileReference; fileEncoding = 4; lastKnownFileType = sourcecode.c.objc; path = "MBProgressHUD+NJ.m"; sourceTree = "<group>"; };
		A4BF7D9E19890D9B0055CA95 /* MBProgressHUD.bundle */ = {isa = PBXFileReference; lastKnownFileType = "wrapper.plug-in"; path = MBProgressHUD.bundle; sourceTree = "<group>"; };
		A4BF7D9F19890D9B0055CA95 /* MBProgressHUD.h */ = {isa = PBXFileReference; fileEncoding = 4; lastKnownFileType = sourcecode.c.h; path = MBProgressHUD.h; sourceTree = "<group>"; };
		A4BF7DA019890D9B0055CA95 /* MBProgressHUD.m */ = {isa = PBXFileReference; fileEncoding = 4; lastKnownFileType = sourcecode.c.objc; path = MBProgressHUD.m; sourceTree = "<group>"; };
		A4BF7DA4198925DF0055CA95 /* HFJMainCell.xib */ = {isa = PBXFileReference; fileEncoding = 4; lastKnownFileType = file.xib; path = HFJMainCell.xib; sourceTree = "<group>"; };
/* End PBXFileReference section */

/* Begin PBXFrameworksBuildPhase section */
		A47162F21983BE5500A8B769 /* Frameworks */ = {
			isa = PBXFrameworksBuildPhase;
			buildActionMask = 2147483647;
			files = (
				A4A69B01198DD3BD003A30A2 /* libsqlite3.0.dylib in Frameworks */,
				A47162FB1983BE5500A8B769 /* CoreGraphics.framework in Frameworks */,
				A47162FD1983BE5500A8B769 /* UIKit.framework in Frameworks */,
				A47162F91983BE5500A8B769 /* Foundation.framework in Frameworks */,
			);
			runOnlyForDeploymentPostprocessing = 0;
		};
		A47163131983BE5500A8B769 /* Frameworks */ = {
			isa = PBXFrameworksBuildPhase;
			buildActionMask = 2147483647;
			files = (
				A47163181983BE5500A8B769 /* XCTest.framework in Frameworks */,
				A471631A1983BE5500A8B769 /* UIKit.framework in Frameworks */,
				A47163191983BE5500A8B769 /* Foundation.framework in Frameworks */,
			);
			runOnlyForDeploymentPostprocessing = 0;
		};
/* End PBXFrameworksBuildPhase section */

/* Begin PBXGroup section */
		A47162EC1983BE5500A8B769 = {
			isa = PBXGroup;
			children = (
				A47162FE1983BE5500A8B769 /* 0726-小菜谱 */,
				A471631D1983BE5500A8B769 /* 0726-小菜谱Tests */,
				A47162F71983BE5500A8B769 /* Frameworks */,
				A47162F61983BE5500A8B769 /* Products */,
			);
			sourceTree = "<group>";
		};
		A47162F61983BE5500A8B769 /* Products */ = {
			isa = PBXGroup;
			children = (
				A47162F51983BE5500A8B769 /* 0726-小菜谱导航栏.app */,
				A47163161983BE5500A8B769 /* 0726-小菜谱导航栏Tests.xctest */,
			);
			name = Products;
			sourceTree = "<group>";
		};
		A47162F71983BE5500A8B769 /* Frameworks */ = {
			isa = PBXGroup;
			children = (
				A4A69B00198DD3BD003A30A2 /* libsqlite3.0.dylib */,
				A47162F81983BE5500A8B769 /* Foundation.framework */,
				A47162FA1983BE5500A8B769 /* CoreGraphics.framework */,
				A47162FC1983BE5500A8B769 /* UIKit.framework */,
				A47163171983BE5500A8B769 /* XCTest.framework */,
			);
			name = Frameworks;
			sourceTree = "<group>";
		};
		A47162FE1983BE5500A8B769 /* 0726-小菜谱 */ = {
			isa = PBXGroup;
			children = (
				A471632D1983BF9000A8B769 /* Classes */,
				A47162FF1983BE5500A8B769 /* Supporting Files */,
			);
			path = "0726-小菜谱";
			sourceTree = "<group>";
		};
		A47162FF1983BE5500A8B769 /* Supporting Files */ = {
			isa = PBXGroup;
			children = (
				A471635C1983C88300A8B769 /* Images.xcassets */,
				A47163001983BE5500A8B769 /* 0726-小菜谱导航栏-Info.plist */,
				A47163011983BE5500A8B769 /* InfoPlist.strings */,
				A47163041983BE5500A8B769 /* main.m */,
				A47163061983BE5500A8B769 /* 0726-小菜谱导航栏-Prefix.pch */,
			);
			name = "Supporting Files";
			sourceTree = "<group>";
		};
		A471631D1983BE5500A8B769 /* 0726-小菜谱Tests */ = {
			isa = PBXGroup;
			children = (
				A47163231983BE5500A8B769 /* _726____Tests.m */,
				A471631E1983BE5500A8B769 /* Supporting Files */,
			);
			path = "0726-小菜谱Tests";
			sourceTree = "<group>";
		};
		A471631E1983BE5500A8B769 /* Supporting Files */ = {
			isa = PBXGroup;
			children = (
				A471631F1983BE5500A8B769 /* 0726-小菜谱Tests-Info.plist */,
				A47163201983BE5500A8B769 /* InfoPlist.strings */,
			);
			name = "Supporting Files";
			sourceTree = "<group>";
		};
		A471632D1983BF9000A8B769 /* Classes */ = {
			isa = PBXGroup;
			children = (
				A47163391983BF9000A8B769 /* Main */,
				A471632E1983BF9000A8B769 /* Good(精品) */,
				A47163491983BF9000A8B769 /* Sort(分类) */,
				A47163331983BF9000A8B769 /* Like(喜爱) */,
				A47163421983BF9000A8B769 /* Other */,
			);
			path = Classes;
			sourceTree = "<group>";
		};
		A471632E1983BF9000A8B769 /* Good(精品) */ = {
			isa = PBXGroup;
			children = (
				A471635B1983C0AC00A8B769 /* Controller */,
				A47163311983BF9000A8B769 /* Model */,
				A47163321983BF9000A8B769 /* Views */,
			);
			path = "Good(精品)";
			sourceTree = "<group>";
		};
		A47163311983BF9000A8B769 /* Model */ = {
			isa = PBXGroup;
			children = (
			);
			path = Model;
			sourceTree = "<group>";
		};
		A47163321983BF9000A8B769 /* Views */ = {
			isa = PBXGroup;
			children = (
			);
			path = Views;
			sourceTree = "<group>";
		};
		A47163331983BF9000A8B769 /* Like(喜爱) */ = {
			isa = PBXGroup;
			children = (
				A47163341983BF9000A8B769 /* Controller */,
				A47163371983BF9000A8B769 /* Model */,
				A47163381983BF9000A8B769 /* Views */,
			);
			path = "Like(喜爱)";
			sourceTree = "<group>";
		};
		A47163341983BF9000A8B769 /* Controller */ = {
			isa = PBXGroup;
			children = (
				A47163351983BF9000A8B769 /* HFJLikeTableViewController.h */,
				A47163361983BF9000A8B769 /* HFJLikeTableViewController.m */,
			);
			path = Controller;
			sourceTree = "<group>";
		};
		A47163371983BF9000A8B769 /* Model */ = {
			isa = PBXGroup;
			children = (
			);
			path = Model;
			sourceTree = "<group>";
		};
		A47163381983BF9000A8B769 /* Views */ = {
			isa = PBXGroup;
			children = (
			);
			path = Views;
			sourceTree = "<group>";
		};
		A47163391983BF9000A8B769 /* Main */ = {
			isa = PBXGroup;
			children = (
				A4BF7D9719888DEF0055CA95 /* Model */,
				A471633A1983BF9000A8B769 /* Controller */,
				A471633D1983BF9000A8B769 /* Views */,
				A498E5AB1986633500E39B19 /* Search(搜索) */,
			);
			path = Main;
			sourceTree = "<group>";
		};
		A471633A1983BF9000A8B769 /* Controller */ = {
			isa = PBXGroup;
			children = (
				A498E5A01985E40400E39B19 /* HFJNavController.h */,
				A498E5A11985E40400E39B19 /* HFJNavController.m */,
				A471633B1983BF9000A8B769 /* HFJMainViewController.h */,
				A471633C1983BF9000A8B769 /* HFJMainViewController.m */,
				A48FB39C198D1CDE004AE50C /* HFJMainTableViewController.h */,
				A48FB39D198D1CDE004AE50C /* HFJMainTableViewController.m */,
				A471637919853BD600A8B769 /* HFJDishViewController.h */,
				A471637A19853BD600A8B769 /* HFJDishViewController.m */,
			);
			path = Controller;
			sourceTree = "<group>";
		};
		A471633D1983BF9000A8B769 /* Views */ = {
			isa = PBXGroup;
			children = (
				A471633E1983BF9000A8B769 /* HFJMenuButtonView.h */,
				A471633F1983BF9000A8B769 /* HFJMenuButtonView.m */,
				A4716370198528EB00A8B769 /* HFJMainCell.h */,
				A4716371198528EB00A8B769 /* HFJMainCell.m */,
				A4BF7DA4198925DF0055CA95 /* HFJMainCell.xib */,
			);
			path = Views;
			sourceTree = "<group>";
		};
		A47163421983BF9000A8B769 /* Other */ = {
			isa = PBXGroup;
			children = (
				A47163461983BF9000A8B769 /* Category */,
				A47163451983BF9000A8B769 /* Tool */,
				A47163441983BF9000A8B769 /* Lib */,
				A47163431983BF9000A8B769 /* Common.h */,
				A47163071983BE5500A8B769 /* HFJAppDelegate.h */,
				A47163081983BE5500A8B769 /* HFJAppDelegate.m */,
				A471630A1983BE5500A8B769 /* Main.storyboard */,
			);
			path = Other;
			sourceTree = "<group>";
		};
		A47163441983BF9000A8B769 /* Lib */ = {
			isa = PBXGroup;
			children = (
				A4A69B02198DD4D1003A30A2 /* fmdb */,
				A4BF7D9B19890D9B0055CA95 /* MBProgressHUD */,
				A4BF7D7A19888CE50055CA95 /* MJExtension字典转模型 */,
				A498FCF219888394007CD71B /* SDWebImage2 */,
				A498E5AC1986925B00E39B19 /* AFNetworking */,
			);
			path = Lib;
			sourceTree = "<group>";
		};
		A47163451983BF9000A8B769 /* Tool */ = {
			isa = PBXGroup;
			children = (
				A498E5C11986925B00E39B19 /* HFJHttpTool.h */,
				A498E5C21986925B00E39B19 /* HFJHttpTool.m */,
				A4A69AFD198DD2E8003A30A2 /* HFJHistoryCacheTool.h */,
				A4A69AFE198DD2E8003A30A2 /* HFJHistoryCacheTool.m */,
			);
			path = Tool;
			sourceTree = "<group>";
		};
		A47163461983BF9000A8B769 /* Category */ = {
			isa = PBXGroup;
			children = (
				A498E5CD198698D500E39B19 /* NSArray+Log.h */,
				A498E5CE198698D500E39B19 /* NSArray+Log.m */,
				A498E5CF198698D500E39B19 /* NSDictionary+Log.h */,
				A498E5D0198698D500E39B19 /* NSDictionary+Log.m */,
				A498E5A31986099200E39B19 /* UIBarButtonItem+addItem.h */,
				A498E5A41986099200E39B19 /* UIBarButtonItem+addItem.m */,
				A47163671984E15700A8B769 /* UIImage+OS6or7.h */,
				A47163681984E15700A8B769 /* UIImage+OS6or7.m */,
				A47163471983BF9000A8B769 /* UIView+NJ.h */,
				A47163481983BF9000A8B769 /* UIView+NJ.m */,
			);
			name = Category;
			path = "分类";
			sourceTree = "<group>";
		};
		A47163491983BF9000A8B769 /* Sort(分类) */ = {
			isa = PBXGroup;
			children = (
				A471634A1983BF9000A8B769 /* Controller */,
				A471634D1983BF9000A8B769 /* Model */,
				A471634E1983BF9000A8B769 /* Views */,
			);
			path = "Sort(分类)";
			sourceTree = "<group>";
		};
		A471634A1983BF9000A8B769 /* Controller */ = {
			isa = PBXGroup;
			children = (
				A471634B1983BF9000A8B769 /* HFJSortCollectionViewConrtoller.h */,
				A471634C1983BF9000A8B769 /* HFJSortCollectionViewConrtoller.m */,
				A47163731985316600A8B769 /* HFJCuisineTableViewController.h */,
				A47163741985316600A8B769 /* HFJCuisineTableViewController.m */,
			);
			path = Controller;
			sourceTree = "<group>";
		};
		A471634D1983BF9000A8B769 /* Model */ = {
			isa = PBXGroup;
			children = (
			);
			path = Model;
			sourceTree = "<group>";
		};
		A471634E1983BF9000A8B769 /* Views */ = {
			isa = PBXGroup;
			children = (
				A471634F1983BF9000A8B769 /* cellectionViewCell.xib */,
				A47163501983BF9000A8B769 /* HFJSortCollectionViewCell.h */,
				A47163511983BF9000A8B769 /* HFJSortCollectionViewCell.m */,
			);
			path = Views;
			sourceTree = "<group>";
		};
		A471635B1983C0AC00A8B769 /* Controller */ = {
			isa = PBXGroup;
			children = (
				A471632F1983BF9000A8B769 /* HFJGoodTableViewController.h */,
				A47163301983BF9000A8B769 /* HFJGoodTableViewController.m */,
			);
			name = Controller;
			sourceTree = "<group>";
		};
		A48FB39F198D1EE7004AE50C /* Controller */ = {
			isa = PBXGroup;
			children = (
				A471636D1984FF3300A8B769 /* HFJSearchViewController.h */,
				A471636E1984FF3300A8B769 /* HFJSearchViewController.m */,
				A471636A1984F6EC00A8B769 /* HFJSearchTableViewController.h */,
				A471636B1984F6EC00A8B769 /* HFJSearchTableViewController.m */,
				A48FB399198D1BCE004AE50C /* HFJSearchResultController.h */,
				A48FB39A198D1BCE004AE50C /* HFJSearchResultController.m */,
			);
			name = Controller;
			sourceTree = "<group>";
		};
		A48FB3A0198D1EFA004AE50C /* Views */ = {
			isa = PBXGroup;
			children = (
				A498E5A61986599500E39B19 /* HFJSearchHeadView.h */,
				A498E5A71986599500E39B19 /* HFJSearchHeadView.m */,
				A498E5A919865DEA00E39B19 /* HFJSearchHeadView.xib */,
				A48FB36A198CB845004AE50C /* HFJSegmentControl.h */,
				A48FB36B198CB845004AE50C /* HFJSegmentControl.m */,
				A48FB368198CB845004AE50C /* HFJSegment.h */,
				A48FB369198CB845004AE50C /* HFJSegment.m */,
				A4A69B13198DF316003A30A2 /* HFJSearchCell.h */,
				A4A69B14198DF316003A30A2 /* HFJSearchCell.m */,
				A4A69B16198DF3CF003A30A2 /* HFJSearchCell.xib */,
			);
			name = Views;
			sourceTree = "<group>";
		};
		A498E5AB1986633500E39B19 /* Search(搜索) */ = {
			isa = PBXGroup;
			children = (
				A48FB39F198D1EE7004AE50C /* Controller */,
				A48FB3A0198D1EFA004AE50C /* Views */,
			);
			name = "Search(搜索)";
			path = Controller;
			sourceTree = "<group>";
		};
		A498E5AC1986925B00E39B19 /* AFNetworking */ = {
			isa = PBXGroup;
			children = (
				A498E5AD1986925B00E39B19 /* AFHTTPRequestOperation.h */,
				A498E5AE1986925B00E39B19 /* AFHTTPRequestOperation.m */,
				A498E5AF1986925B00E39B19 /* AFHTTPRequestOperationManager.h */,
				A498E5B01986925B00E39B19 /* AFHTTPRequestOperationManager.m */,
				A498E5B11986925B00E39B19 /* AFHTTPSessionManager.h */,
				A498E5B21986925B00E39B19 /* AFHTTPSessionManager.m */,
				A498E5B31986925B00E39B19 /* AFNetworking.h */,
				A498E5B41986925B00E39B19 /* AFNetworkReachabilityManager.h */,
				A498E5B51986925B00E39B19 /* AFNetworkReachabilityManager.m */,
				A498E5B61986925B00E39B19 /* AFSecurityPolicy.h */,
				A498E5B71986925B00E39B19 /* AFSecurityPolicy.m */,
				A498E5B81986925B00E39B19 /* AFURLConnectionOperation.h */,
				A498E5B91986925B00E39B19 /* AFURLConnectionOperation.m */,
				A498E5BA1986925B00E39B19 /* AFURLRequestSerialization.h */,
				A498E5BB1986925B00E39B19 /* AFURLRequestSerialization.m */,
				A498E5BC1986925B00E39B19 /* AFURLResponseSerialization.h */,
				A498E5BD1986925B00E39B19 /* AFURLResponseSerialization.m */,
				A498E5BE1986925B00E39B19 /* AFURLSessionManager.h */,
				A498E5BF1986925B00E39B19 /* AFURLSessionManager.m */,
			);
			path = AFNetworking;
			sourceTree = "<group>";
		};
		A498FCF219888394007CD71B /* SDWebImage2 */ = {
			isa = PBXGroup;
			children = (
				A498FCF319888394007CD71B /* MKAnnotationView+WebCache.h */,
				A498FCF419888394007CD71B /* MKAnnotationView+WebCache.m */,
				A498FCF519888394007CD71B /* NSData+ImageContentType.h */,
				A498FCF619888394007CD71B /* NSData+ImageContentType.m */,
				A498FCF719888394007CD71B /* SDImageCache.h */,
				A498FCF819888394007CD71B /* SDImageCache.m */,
				A498FCF919888394007CD71B /* SDWebImageCompat.h */,
				A498FCFA19888394007CD71B /* SDWebImageCompat.m */,
				A498FCFB19888394007CD71B /* SDWebImageDecoder.h */,
				A498FCFC19888394007CD71B /* SDWebImageDecoder.m */,
				A498FCFD19888394007CD71B /* SDWebImageDownloader.h */,
				A498FCFE19888394007CD71B /* SDWebImageDownloader.m */,
				A498FCFF19888394007CD71B /* SDWebImageDownloaderOperation.h */,
				A498FD0019888394007CD71B /* SDWebImageDownloaderOperation.m */,
				A498FD0119888394007CD71B /* SDWebImageManager.h */,
				A498FD0219888394007CD71B /* SDWebImageManager.m */,
				A498FD0319888394007CD71B /* SDWebImageOperation.h */,
				A498FD0419888394007CD71B /* SDWebImagePrefetcher.h */,
				A498FD0519888394007CD71B /* SDWebImagePrefetcher.m */,
				A498FD0619888394007CD71B /* UIButton+WebCache.h */,
				A498FD0719888394007CD71B /* UIButton+WebCache.m */,
				A498FD0819888394007CD71B /* UIImage+GIF.h */,
				A498FD0919888394007CD71B /* UIImage+GIF.m */,
				A498FD0A19888394007CD71B /* UIImage+MultiFormat.h */,
				A498FD0B19888394007CD71B /* UIImage+MultiFormat.m */,
				A498FD0C19888394007CD71B /* UIImage+WebP.h */,
				A498FD0D19888394007CD71B /* UIImage+WebP.m */,
				A498FD0E19888394007CD71B /* UIImageView+HighlightedWebCache.h */,
				A498FD0F19888394007CD71B /* UIImageView+HighlightedWebCache.m */,
				A498FD1019888394007CD71B /* UIImageView+WebCache.h */,
				A498FD1119888394007CD71B /* UIImageView+WebCache.m */,
				A498FD1219888394007CD71B /* UIView+WebCacheOperation.h */,
				A498FD1319888394007CD71B /* UIView+WebCacheOperation.m */,
			);
			path = SDWebImage2;
			sourceTree = "<group>";
		};
		A4A69B02198DD4D1003A30A2 /* fmdb */ = {
			isa = PBXGroup;
			children = (
				A4A69B03198DD4D1003A30A2 /* FMDatabase.h */,
				A4A69B04198DD4D1003A30A2 /* FMDatabase.m */,
				A4A69B05198DD4D1003A30A2 /* FMDatabaseAdditions.h */,
				A4A69B06198DD4D1003A30A2 /* FMDatabaseAdditions.m */,
				A4A69B07198DD4D1003A30A2 /* FMDatabasePool.h */,
				A4A69B08198DD4D1003A30A2 /* FMDatabasePool.m */,
				A4A69B09198DD4D1003A30A2 /* FMDatabaseQueue.h */,
				A4A69B0A198DD4D1003A30A2 /* FMDatabaseQueue.m */,
				A4A69B0B198DD4D1003A30A2 /* FMDB.h */,
				A4A69B0C198DD4D1003A30A2 /* FMResultSet.h */,
				A4A69B0D198DD4D1003A30A2 /* FMResultSet.m */,
			);
			path = fmdb;
			sourceTree = "<group>";
		};
		A4BF7D7A19888CE50055CA95 /* MJExtension字典转模型 */ = {
			isa = PBXGroup;
			children = (
				A4BF7D7B19888CE50055CA95 /* MJArgument.h */,
				A4BF7D7C19888CE50055CA95 /* MJArgument.m */,
				A4BF7D7D19888CE50055CA95 /* MJExtension.h */,
				A4BF7D7E19888CE50055CA95 /* MJIvar.h */,
				A4BF7D7F19888CE50055CA95 /* MJIvar.m */,
				A4BF7D8019888CE50055CA95 /* MJMember.h */,
				A4BF7D8119888CE50055CA95 /* MJMember.m */,
				A4BF7D8219888CE50055CA95 /* MJMethod.h */,
				A4BF7D8319888CE50055CA95 /* MJMethod.m */,
				A4BF7D8419888CE50055CA95 /* MJType.h */,
				A4BF7D8519888CE50055CA95 /* MJType.m */,
				A4BF7D8619888CE50055CA95 /* MJTypeEncoding.h */,
				A4BF7D8719888CE50055CA95 /* MJTypeEncoding.m */,
				A4BF7D8819888CE50055CA95 /* NSObject+MJCoding.h */,
				A4BF7D8919888CE50055CA95 /* NSObject+MJCoding.m */,
				A4BF7D8A19888CE50055CA95 /* NSObject+MJKeyValue.h */,
				A4BF7D8B19888CE50055CA95 /* NSObject+MJKeyValue.m */,
				A4BF7D8C19888CE50055CA95 /* NSObject+MJMember.h */,
				A4BF7D8D19888CE50055CA95 /* NSObject+MJMember.m */,
			);
			path = "MJExtension字典转模型";
			sourceTree = "<group>";
		};
		A4BF7D9719888DEF0055CA95 /* Model */ = {
			isa = PBXGroup;
			children = (
				A4A69B21198E279A003A30A2 /* CPData.h */,
				A4A69B22198E279A003A30A2 /* CPData.m */,
				A4A69B1F198E279A003A30A2 /* CPAlbum.h */,
				A4A69B20198E279A003A30A2 /* CPAlbum.m */,
				A4A69B23198E279A003A30A2 /* CPStep.h */,
				A4A69B24198E279A003A30A2 /* CPStep.m */,
			);
			name = Model;
			sourceTree = "<group>";
		};
		A4BF7D9B19890D9B0055CA95 /* MBProgressHUD */ = {
			isa = PBXGroup;
			children = (
				A4BF7D9C19890D9B0055CA95 /* MBProgressHUD+NJ.h */,
				A4BF7D9D19890D9B0055CA95 /* MBProgressHUD+NJ.m */,
				A4BF7D9E19890D9B0055CA95 /* MBProgressHUD.bundle */,
				A4BF7D9F19890D9B0055CA95 /* MBProgressHUD.h */,
				A4BF7DA019890D9B0055CA95 /* MBProgressHUD.m */,
			);
			path = MBProgressHUD;
			sourceTree = "<group>";
		};
/* End PBXGroup section */

/* Begin PBXNativeTarget section */
		A47162F41983BE5500A8B769 /* 0726-小菜谱导航栏 */ = {
			isa = PBXNativeTarget;
			buildConfigurationList = A47163271983BE5500A8B769 /* Build configuration list for PBXNativeTarget "0726-小菜谱导航栏" */;
			buildPhases = (
				A47162F11983BE5500A8B769 /* Sources */,
				A47162F21983BE5500A8B769 /* Frameworks */,
				A47162F31983BE5500A8B769 /* Resources */,
			);
			buildRules = (
			);
			dependencies = (
			);
			name = "0726-小菜谱导航栏";
			productName = "0726-小菜谱";
			productReference = A47162F51983BE5500A8B769 /* 0726-小菜谱导航栏.app */;
			productType = "com.apple.product-type.application";
		};
		A47163151983BE5500A8B769 /* 0726-小菜谱导航栏Tests */ = {
			isa = PBXNativeTarget;
			buildConfigurationList = A471632A1983BE5500A8B769 /* Build configuration list for PBXNativeTarget "0726-小菜谱导航栏Tests" */;
			buildPhases = (
				A47163121983BE5500A8B769 /* Sources */,
				A47163131983BE5500A8B769 /* Frameworks */,
				A47163141983BE5500A8B769 /* Resources */,
			);
			buildRules = (
			);
			dependencies = (
				A471631C1983BE5500A8B769 /* PBXTargetDependency */,
			);
			name = "0726-小菜谱导航栏Tests";
			productName = "0726-小菜谱Tests";
			productReference = A47163161983BE5500A8B769 /* 0726-小菜谱导航栏Tests.xctest */;
			productType = "com.apple.product-type.bundle.unit-test";
		};
/* End PBXNativeTarget section */

/* Begin PBXProject section */
		A47162ED1983BE5500A8B769 /* Project object */ = {
			isa = PBXProject;
			attributes = {
				CLASSPREFIX = HFJ;
				LastUpgradeCheck = 0510;
				ORGANIZATIONNAME = itcast;
				TargetAttributes = {
					A47163151983BE5500A8B769 = {
						TestTargetID = A47162F41983BE5500A8B769;
					};
				};
			};
			buildConfigurationList = A47162F01983BE5500A8B769 /* Build configuration list for PBXProject "0726-小菜谱导航栏" */;
			compatibilityVersion = "Xcode 3.2";
			developmentRegion = English;
			hasScannedForEncodings = 0;
			knownRegions = (
				en,
				Base,
			);
			mainGroup = A47162EC1983BE5500A8B769;
			productRefGroup = A47162F61983BE5500A8B769 /* Products */;
			projectDirPath = "";
			projectRoot = "";
			targets = (
				A47162F41983BE5500A8B769 /* 0726-小菜谱导航栏 */,
				A47163151983BE5500A8B769 /* 0726-小菜谱导航栏Tests */,
			);
		};
/* End PBXProject section */

/* Begin PBXResourcesBuildPhase section */
		A47162F31983BE5500A8B769 /* Resources */ = {
			isa = PBXResourcesBuildPhase;
			buildActionMask = 2147483647;
			files = (
				A4A69B17198DF3CF003A30A2 /* HFJSearchCell.xib in Resources */,
				A47163591983BF9000A8B769 /* cellectionViewCell.xib in Resources */,
				A471635D1983C88300A8B769 /* Images.xcassets in Resources */,
				A47163031983BE5500A8B769 /* InfoPlist.strings in Resources */,
				A4BF7DA5198925DF0055CA95 /* HFJMainCell.xib in Resources */,
				A498E5AA19865DEA00E39B19 /* HFJSearchHeadView.xib in Resources */,
				A471630C1983BE5500A8B769 /* Main.storyboard in Resources */,
				A4BF7DA219890D9B0055CA95 /* MBProgressHUD.bundle in Resources */,
			);
			runOnlyForDeploymentPostprocessing = 0;
		};
		A47163141983BE5500A8B769 /* Resources */ = {
			isa = PBXResourcesBuildPhase;
			buildActionMask = 2147483647;
			files = (
				A47163221983BE5500A8B769 /* InfoPlist.strings in Resources */,
			);
			runOnlyForDeploymentPostprocessing = 0;
		};
/* End PBXResourcesBuildPhase section */

/* Begin PBXSourcesBuildPhase section */
		A47162F11983BE5500A8B769 /* Sources */ = {
			isa = PBXSourcesBuildPhase;
			buildActionMask = 2147483647;
			files = (
				A47163751985316600A8B769 /* HFJCuisineTableViewController.m in Sources */,
				A498E5CC1986925B00E39B19 /* HFJHttpTool.m in Sources */,
				A498E5A21985E40400E39B19 /* HFJNavController.m in Sources */,
				A498FD1C19888394007CD71B /* SDWebImagePrefetcher.m in Sources */,
				A4BF7D9019888CE50055CA95 /* MJMember.m in Sources */,
				A498E5C71986925B00E39B19 /* AFSecurityPolicy.m in Sources */,
				A498FD1A19888394007CD71B /* SDWebImageDownloaderOperation.m in Sources */,
				A498FD2119888394007CD71B /* UIImageView+HighlightedWebCache.m in Sources */,
				A48FB39B198D1BCE004AE50C /* HFJSearchResultController.m in Sources */,
				A498E5C41986925B00E39B19 /* AFHTTPRequestOperationManager.m in Sources */,
				A498E5C31986925B00E39B19 /* AFHTTPRequestOperation.m in Sources */,
				A48FB36D198CB845004AE50C /* HFJSegmentControl.m in Sources */,
				A48FB36C198CB845004AE50C /* HFJSegment.m in Sources */,
				A471637B19853BD600A8B769 /* HFJDishViewController.m in Sources */,
				A498FD2019888394007CD71B /* UIImage+WebP.m in Sources */,
				A4A69B0E198DD4D1003A30A2 /* FMDatabase.m in Sources */,
				A498FD1819888394007CD71B /* SDWebImageDecoder.m in Sources */,
				A4BF7D8F19888CE50055CA95 /* MJIvar.m in Sources */,
				A4A69B27198E279A003A30A2 /* CPStep.m in Sources */,
				A498FD1F19888394007CD71B /* UIImage+MultiFormat.m in Sources */,
				A498FD1619888394007CD71B /* SDImageCache.m in Sources */,
				A471636F1984FF3300A8B769 /* HFJSearchViewController.m in Sources */,
				A47163551983BF9000A8B769 /* HFJMenuButtonView.m in Sources */,
				A47163571983BF9000A8B769 /* UIView+NJ.m in Sources */,
				A4BF7D9419888CE50055CA95 /* NSObject+MJCoding.m in Sources */,
				A498FD1719888394007CD71B /* SDWebImageCompat.m in Sources */,
				A498E5A51986099200E39B19 /* UIBarButtonItem+addItem.m in Sources */,
				A498FD1E19888394007CD71B /* UIImage+GIF.m in Sources */,
				A498FD1B19888394007CD71B /* SDWebImageManager.m in Sources */,
				A498E5A81986599500E39B19 /* HFJSearchHeadView.m in Sources */,
				A4BF7DA119890D9B0055CA95 /* MBProgressHUD+NJ.m in Sources */,
				A4A69B12198DD4D1003A30A2 /* FMResultSet.m in Sources */,
				A47163521983BF9000A8B769 /* HFJGoodTableViewController.m in Sources */,
				A4A69B26198E279A003A30A2 /* CPData.m in Sources */,
				A498E5D2198698D500E39B19 /* NSDictionary+Log.m in Sources */,
				A471636C1984F6EC00A8B769 /* HFJSearchTableViewController.m in Sources */,
				A4A69B0F198DD4D1003A30A2 /* FMDatabaseAdditions.m in Sources */,
				A4BF7D9319888CE50055CA95 /* MJTypeEncoding.m in Sources */,
				A498E5C51986925B00E39B19 /* AFHTTPSessionManager.m in Sources */,
				A47163541983BF9000A8B769 /* HFJMainViewController.m in Sources */,
				A471635A1983BF9000A8B769 /* HFJSortCollectionViewCell.m in Sources */,
				A498E5C81986925B00E39B19 /* AFURLConnectionOperation.m in Sources */,
				A498E5C91986925B00E39B19 /* AFURLRequestSerialization.m in Sources */,
				A498FD2319888394007CD71B /* UIView+WebCacheOperation.m in Sources */,
				A4BF7DA319890D9B0055CA95 /* MBProgressHUD.m in Sources */,
				A4A69B25198E279A003A30A2 /* CPAlbum.m in Sources */,
				A498E5CB1986925B00E39B19 /* AFURLSessionManager.m in Sources */,
				A498FD1419888394007CD71B /* MKAnnotationView+WebCache.m in Sources */,
				A498FD2219888394007CD71B /* UIImageView+WebCache.m in Sources */,
				A4BF7D8E19888CE50055CA95 /* MJArgument.m in Sources */,
				A498E5CA1986925B00E39B19 /* AFURLResponseSerialization.m in Sources */,
				A4BF7D9519888CE50055CA95 /* NSObject+MJKeyValue.m in Sources */,
				A4A69B10198DD4D1003A30A2 /* FMDatabasePool.m in Sources */,
				A47163581983BF9000A8B769 /* HFJSortCollectionViewConrtoller.m in Sources */,
				A47163051983BE5500A8B769 /* main.m in Sources */,
				A498FD1919888394007CD71B /* SDWebImageDownloader.m in Sources */,
				A47163091983BE5500A8B769 /* HFJAppDelegate.m in Sources */,
				A498FD1519888394007CD71B /* NSData+ImageContentType.m in Sources */,
				A4BF7D9119888CE50055CA95 /* MJMethod.m in Sources */,
				A4A69B11198DD4D1003A30A2 /* FMDatabaseQueue.m in Sources */,
				A48FB39E198D1CDE004AE50C /* HFJMainTableViewController.m in Sources */,
				A47163531983BF9000A8B769 /* HFJLikeTableViewController.m in Sources */,
				A47163691984E15700A8B769 /* UIImage+OS6or7.m in Sources */,
				A4BF7D9219888CE50055CA95 /* MJType.m in Sources */,
				A498E5C61986925B00E39B19 /* AFNetworkReachabilityManager.m in Sources */,
				A498FD1D19888394007CD71B /* UIButton+WebCache.m in Sources */,
				A4A69AFF198DD2E8003A30A2 /* HFJHistoryCacheTool.m in Sources */,
				A4A69B15198DF316003A30A2 /* HFJSearchCell.m in Sources */,
				A4BF7D9619888CE50055CA95 /* NSObject+MJMember.m in Sources */,
				A4716372198528EB00A8B769 /* HFJMainCell.m in Sources */,
				A498E5D1198698D500E39B19 /* NSArray+Log.m in Sources */,
			);
			runOnlyForDeploymentPostprocessing = 0;
		};
		A47163121983BE5500A8B769 /* Sources */ = {
			isa = PBXSourcesBuildPhase;
			buildActionMask = 2147483647;
			files = (
				A47163241983BE5500A8B769 /* _726____Tests.m in Sources */,
			);
			runOnlyForDeploymentPostprocessing = 0;
		};
/* End PBXSourcesBuildPhase section */

/* Begin PBXTargetDependency section */
		A471631C1983BE5500A8B769 /* PBXTargetDependency */ = {
			isa = PBXTargetDependency;
			target = A47162F41983BE5500A8B769 /* 0726-小菜谱导航栏 */;
			targetProxy = A471631B1983BE5500A8B769 /* PBXContainerItemProxy */;
		};
/* End PBXTargetDependency section */

/* Begin PBXVariantGroup section */
		A47163011983BE5500A8B769 /* InfoPlist.strings */ = {
			isa = PBXVariantGroup;
			children = (
				A47163021983BE5500A8B769 /* en */,
			);
			name = InfoPlist.strings;
			sourceTree = "<group>";
		};
		A471630A1983BE5500A8B769 /* Main.storyboard */ = {
			isa = PBXVariantGroup;
			children = (
				A471630B1983BE5500A8B769 /* Base */,
			);
			name = Main.storyboard;
			path = ../..;
			sourceTree = "<group>";
		};
		A47163201983BE5500A8B769 /* InfoPlist.strings */ = {
			isa = PBXVariantGroup;
			children = (
				A47163211983BE5500A8B769 /* en */,
			);
			name = InfoPlist.strings;
			sourceTree = "<group>";
		};
/* End PBXVariantGroup section */

/* Begin XCBuildConfiguration section */
		A47163251983BE5500A8B769 /* Debug */ = {
			isa = XCBuildConfiguration;
			buildSettings = {
				ALWAYS_SEARCH_USER_PATHS = NO;
				CLANG_CXX_LANGUAGE_STANDARD = "gnu++0x";
				CLANG_CXX_LIBRARY = "libc++";
				CLANG_ENABLE_MODULES = YES;
				CLANG_ENABLE_OBJC_ARC = YES;
				CLANG_WARN_BOOL_CONVERSION = YES;
				CLANG_WARN_CONSTANT_CONVERSION = YES;
				CLANG_WARN_DIRECT_OBJC_ISA_USAGE = YES_ERROR;
				CLANG_WARN_EMPTY_BODY = YES;
				CLANG_WARN_ENUM_CONVERSION = YES;
				CLANG_WARN_INT_CONVERSION = YES;
				CLANG_WARN_OBJC_ROOT_CLASS = YES_ERROR;
				CLANG_WARN__DUPLICATE_METHOD_MATCH = YES;
				"CODE_SIGN_IDENTITY[sdk=iphoneos*]" = "iPhone Developer";
				COPY_PHASE_STRIP = NO;
				GCC_C_LANGUAGE_STANDARD = gnu99;
				GCC_DYNAMIC_NO_PIC = NO;
				GCC_OPTIMIZATION_LEVEL = 0;
				GCC_PREPROCESSOR_DEFINITIONS = (
					"DEBUG=1",
					"$(inherited)",
				);
				GCC_SYMBOLS_PRIVATE_EXTERN = NO;
				GCC_WARN_64_TO_32_BIT_CONVERSION = YES;
				GCC_WARN_ABOUT_RETURN_TYPE = YES_ERROR;
				GCC_WARN_UNDECLARED_SELECTOR = YES;
				GCC_WARN_UNINITIALIZED_AUTOS = YES_AGGRESSIVE;
				GCC_WARN_UNUSED_FUNCTION = YES;
				GCC_WARN_UNUSED_VARIABLE = YES;
				IPHONEOS_DEPLOYMENT_TARGET = 7.1;
				ONLY_ACTIVE_ARCH = YES;
				SDKROOT = iphoneos;
			};
			name = Debug;
		};
		A47163261983BE5500A8B769 /* Release */ = {
			isa = XCBuildConfiguration;
			buildSettings = {
				ALWAYS_SEARCH_USER_PATHS = NO;
				CLANG_CXX_LANGUAGE_STANDARD = "gnu++0x";
				CLANG_CXX_LIBRARY = "libc++";
				CLANG_ENABLE_MODULES = YES;
				CLANG_ENABLE_OBJC_ARC = YES;
				CLANG_WARN_BOOL_CONVERSION = YES;
				CLANG_WARN_CONSTANT_CONVERSION = YES;
				CLANG_WARN_DIRECT_OBJC_ISA_USAGE = YES_ERROR;
				CLANG_WARN_EMPTY_BODY = YES;
				CLANG_WARN_ENUM_CONVERSION = YES;
				CLANG_WARN_INT_CONVERSION = YES;
				CLANG_WARN_OBJC_ROOT_CLASS = YES_ERROR;
				CLANG_WARN__DUPLICATE_METHOD_MATCH = YES;
				"CODE_SIGN_IDENTITY[sdk=iphoneos*]" = "iPhone Developer";
				COPY_PHASE_STRIP = YES;
				ENABLE_NS_ASSERTIONS = NO;
				GCC_C_LANGUAGE_STANDARD = gnu99;
				GCC_WARN_64_TO_32_BIT_CONVERSION = YES;
				GCC_WARN_ABOUT_RETURN_TYPE = YES_ERROR;
				GCC_WARN_UNDECLARED_SELECTOR = YES;
				GCC_WARN_UNINITIALIZED_AUTOS = YES_AGGRESSIVE;
				GCC_WARN_UNUSED_FUNCTION = YES;
				GCC_WARN_UNUSED_VARIABLE = YES;
				IPHONEOS_DEPLOYMENT_TARGET = 7.1;
				SDKROOT = iphoneos;
				VALIDATE_PRODUCT = YES;
			};
			name = Release;
		};
		A47163281983BE5500A8B769 /* Debug */ = {
			isa = XCBuildConfiguration;
			buildSettings = {
				ASSETCATALOG_COMPILER_APPICON_NAME = AppIcon;
				ASSETCATALOG_COMPILER_LAUNCHIMAGE_NAME = LaunchImage;
				GCC_PRECOMPILE_PREFIX_HEADER = YES;
				GCC_PREFIX_HEADER = "0726-小菜谱/0726-小菜谱导航栏-Prefix.pch";
				INFOPLIST_FILE = "0726-小菜谱/0726-小菜谱导航栏-Info.plist";
				IPHONEOS_DEPLOYMENT_TARGET = 6.0;
				PRODUCT_NAME = "0726-小菜谱导航栏";
				WRAPPER_EXTENSION = app;
			};
			name = Debug;
		};
		A47163291983BE5500A8B769 /* Release */ = {
			isa = XCBuildConfiguration;
			buildSettings = {
				ASSETCATALOG_COMPILER_APPICON_NAME = AppIcon;
				ASSETCATALOG_COMPILER_LAUNCHIMAGE_NAME = LaunchImage;
				GCC_PRECOMPILE_PREFIX_HEADER = YES;
				GCC_PREFIX_HEADER = "0726-小菜谱/0726-小菜谱导航栏-Prefix.pch";
				INFOPLIST_FILE = "0726-小菜谱/0726-小菜谱导航栏-Info.plist";
				IPHONEOS_DEPLOYMENT_TARGET = 6.0;
				PRODUCT_NAME = "0726-小菜谱导航栏";
				WRAPPER_EXTENSION = app;
			};
			name = Release;
		};
		A471632B1983BE5500A8B769 /* Debug */ = {
			isa = XCBuildConfiguration;
			buildSettings = {
				BUNDLE_LOADER = "$(BUILT_PRODUCTS_DIR)/0726-小菜谱.app/0726-小菜谱";
				FRAMEWORK_SEARCH_PATHS = (
					"$(SDKROOT)/Developer/Library/Frameworks",
					"$(inherited)",
					"$(DEVELOPER_FRAMEWORKS_DIR)",
				);
				GCC_PRECOMPILE_PREFIX_HEADER = YES;
				GCC_PREFIX_HEADER = "0726-小菜谱/0726-小菜谱-Prefix.pch";
				GCC_PREPROCESSOR_DEFINITIONS = (
					"DEBUG=1",
					"$(inherited)",
				);
				INFOPLIST_FILE = "0726-小菜谱Tests/0726-小菜谱Tests-Info.plist";
				PRODUCT_NAME = "0726-小菜谱导航栏Tests";
				TEST_HOST = "$(BUNDLE_LOADER)";
				WRAPPER_EXTENSION = xctest;
			};
			name = Debug;
		};
		A471632C1983BE5500A8B769 /* Release */ = {
			isa = XCBuildConfiguration;
			buildSettings = {
				BUNDLE_LOADER = "$(BUILT_PRODUCTS_DIR)/0726-小菜谱.app/0726-小菜谱";
				FRAMEWORK_SEARCH_PATHS = (
					"$(SDKROOT)/Developer/Library/Frameworks",
					"$(inherited)",
					"$(DEVELOPER_FRAMEWORKS_DIR)",
				);
				GCC_PRECOMPILE_PREFIX_HEADER = YES;
				GCC_PREFIX_HEADER = "0726-小菜谱/0726-小菜谱-Prefix.pch";
				INFOPLIST_FILE = "0726-小菜谱Tests/0726-小菜谱Tests-Info.plist";
				PRODUCT_NAME = "0726-小菜谱导航栏Tests";
				TEST_HOST = "$(BUNDLE_LOADER)";
				WRAPPER_EXTENSION = xctest;
			};
			name = Release;
		};
/* End XCBuildConfiguration section */

/* Begin XCConfigurationList section */
		A47162F01983BE5500A8B769 /* Build configuration list for PBXProject "0726-小菜谱导航栏" */ = {
			isa = XCConfigurationList;
			buildConfigurations = (
				A47163251983BE5500A8B769 /* Debug */,
				A47163261983BE5500A8B769 /* Release */,
			);
			defaultConfigurationIsVisible = 0;
			defaultConfigurationName = Release;
		};
		A47163271983BE5500A8B769 /* Build configuration list for PBXNativeTarget "0726-小菜谱导航栏" */ = {
			isa = XCConfigurationList;
			buildConfigurations = (
				A47163281983BE5500A8B769 /* Debug */,
				A47163291983BE5500A8B769 /* Release */,
			);
			defaultConfigurationIsVisible = 0;
			defaultConfigurationName = Release;
		};
		A471632A1983BE5500A8B769 /* Build configuration list for PBXNativeTarget "0726-小菜谱导航栏Tests" */ = {
			isa = XCConfigurationList;
			buildConfigurations = (
				A471632B1983BE5500A8B769 /* Debug */,
				A471632C1983BE5500A8B769 /* Release */,
			);
			defaultConfigurationIsVisible = 0;
			defaultConfigurationName = Release;
		};
/* End XCConfigurationList section */
	};
	rootObject = A47162ED1983BE5500A8B769 /* Project object */;
}
